// !$*UTF8*$!
{
	archiveVersion = 1;
	classes = {
	};
	objectVersion = 44;
	objects = {

/* Begin PBXBuildFile section */
		8DD76F6A0486A84900D96B5E /* TGen Renderer.1 in CopyFiles */ = {isa = PBXBuildFile; fileRef = C6859E8B029090EE04C91782 /* TGen Renderer.1 */; };
		D00907900C75FBED00A5CBE7 /* SDLMain.h in CopyFiles */ = {isa = PBXBuildFile; fileRef = D009078E0C75FBED00A5CBE7 /* SDLMain.h */; };
		D00907910C75FBED00A5CBE7 /* SDLMain.m in Sources */ = {isa = PBXBuildFile; fileRef = D009078F0C75FBED00A5CBE7 /* SDLMain.m */; };
		D009E5030C71D92D00A5CBE7 /* lodgeometry.cpp in Sources */ = {isa = PBXBuildFile; fileRef = D009E5020C71D92D00A5CBE7 /* lodgeometry.cpp */; };
		D009E5050C71D93900A5CBE7 /* lodgeometry.h in Headers */ = {isa = PBXBuildFile; fileRef = D009E5040C71D93900A5CBE7 /* lodgeometry.h */; settings = {ATTRIBUTES = (Public, ); }; };
		D009E58B0C71DBC300A5CBE7 /* staticgeometry.h in Headers */ = {isa = PBXBuildFile; fileRef = D009E58A0C71DBC300A5CBE7 /* staticgeometry.h */; settings = {ATTRIBUTES = (Public, ); }; };
		D009E5910C71DBCF00A5CBE7 /* staticgeometry.cpp in Sources */ = {isa = PBXBuildFile; fileRef = D009E5900C71DBCF00A5CBE7 /* staticgeometry.cpp */; };
		D009E5BB0C71DC4C00A5CBE7 /* meshgeometry.cpp in Sources */ = {isa = PBXBuildFile; fileRef = D009E5BA0C71DC4C00A5CBE7 /* meshgeometry.cpp */; };
		D009E5BD0C71DC5600A5CBE7 /* meshgeometry.h in Headers */ = {isa = PBXBuildFile; fileRef = D009E5BC0C71DC5600A5CBE7 /* meshgeometry.h */; settings = {ATTRIBUTES = (Public, ); }; };
		D009E5E60C71DD7D00A5CBE7 /* meshsource.h in Headers */ = {isa = PBXBuildFile; fileRef = D009E5E50C71DD7D00A5CBE7 /* meshsource.h */; settings = {ATTRIBUTES = (Public, ); }; };
		D009E6420C71E38700A5CBE7 /* animatingmeshgeometry.h in Headers */ = {isa = PBXBuildFile; fileRef = D009E6410C71E38700A5CBE7 /* animatingmeshgeometry.h */; settings = {ATTRIBUTES = (Public, ); }; };
		D009E6440C71E39200A5CBE7 /* animatingmeshgeometry.cpp in Sources */ = {isa = PBXBuildFile; fileRef = D009E6430C71E39200A5CBE7 /* animatingmeshgeometry.cpp */; };
		D009FE680C75E0AC00A5CBE7 /* ogltest.cpp in Sources */ = {isa = PBXBuildFile; fileRef = D009FE670C75E0AC00A5CBE7 /* ogltest.cpp */; };
		D009FEC10C75E17D00A5CBE7 /* SDL.framework in Frameworks */ = {isa = PBXBuildFile; fileRef = D009FEC00C75E17D00A5CBE7 /* SDL.framework */; };
		D009FF3E0C75E22800A5CBE7 /* Cocoa.framework in Frameworks */ = {isa = PBXBuildFile; fileRef = D009FF3D0C75E22800A5CBE7 /* Cocoa.framework */; };
		D01C40000D5670890028A06F /* md3animmodelinst.h in Headers */ = {isa = PBXBuildFile; fileRef = D01C3FFF0D5670890028A06F /* md3animmodelinst.h */; };
		D01C40020D56709C0028A06F /* md3animmodelinst.cpp in Sources */ = {isa = PBXBuildFile; fileRef = D01C40010D56709C0028A06F /* md3animmodelinst.cpp */; };
		D01C40850D5674CA0028A06F /* md3animmeshsingle.h in Headers */ = {isa = PBXBuildFile; fileRef = D01C40840D5674CA0028A06F /* md3animmeshsingle.h */; };
		D01C40870D5674DB0028A06F /* md3animmeshsingle.cpp in Sources */ = {isa = PBXBuildFile; fileRef = D01C40860D5674DB0028A06F /* md3animmeshsingle.cpp */; };
		D0219FE60D5613D40039323A /* modelinstantiatepool.h in Headers */ = {isa = PBXBuildFile; fileRef = D0219FE50D5613D40039323A /* modelinstantiatepool.h */; };
		D0219FE80D5613E70039323A /* modelinstantiatepool.cpp in Sources */ = {isa = PBXBuildFile; fileRef = D0219FE70D5613E70039323A /* modelinstantiatepool.cpp */; };
		D036C1DF0D5681DB00916AC6 /* doom.tga in CopyFiles */ = {isa = PBXBuildFile; fileRef = D036C1DE0D5681D400916AC6 /* doom.tga */; };
		D04C81500CCA466000794CEA /* railgun.md3 in CopyFiles */ = {isa = PBXBuildFile; fileRef = D04C814F0CCA466000794CEA /* railgun.md3 */; };
		D04C83470CCA4A6B00794CEA /* libtgen_graphics.a in Frameworks */ = {isa = PBXBuildFile; fileRef = D04C818A0CCA46A700794CEA /* libtgen_graphics.a */; };
		D04C83480CCA4A7500794CEA /* libtgen_core.a in Frameworks */ = {isa = PBXBuildFile; fileRef = D04C817B0CCA469B00794CEA /* libtgen_core.a */; };
		D04C83490CCA4A7F00794CEA /* libtgen_math.a in Frameworks */ = {isa = PBXBuildFile; fileRef = D04C816E0CCA468E00794CEA /* libtgen_math.a */; };
		D04C834A0CCA4A8A00794CEA /* libtgen_opengl.a in Frameworks */ = {isa = PBXBuildFile; fileRef = D04C81600CCA468400794CEA /* libtgen_opengl.a */; };
		D05008170DA66C1F0018EC08 /* scenenoderenderable.h in Headers */ = {isa = PBXBuildFile; fileRef = D05008160DA66C1F0018EC08 /* scenenoderenderable.h */; };
		D050081B0DA66C540018EC08 /* scenenoderenderable.cpp in Sources */ = {isa = PBXBuildFile; fileRef = D050081A0DA66C540018EC08 /* scenenoderenderable.cpp */; };
		D073D4780D427E8400D3C858 /* md5modelparser.h in Headers */ = {isa = PBXBuildFile; fileRef = D073D4770D427E8400D3C858 /* md5modelparser.h */; };
		D073D47A0D427E9300D3C858 /* md5modelparser.cpp in Sources */ = {isa = PBXBuildFile; fileRef = D073D4790D427E9300D3C858 /* md5modelparser.cpp */; };
		D073D47C0D427EB600D3C858 /* md5mesh.h in Headers */ = {isa = PBXBuildFile; fileRef = D073D47B0D427EB600D3C858 /* md5mesh.h */; };
		D073D47E0D427EC200D3C858 /* md5mesh.cpp in Sources */ = {isa = PBXBuildFile; fileRef = D073D47D0D427EC200D3C858 /* md5mesh.cpp */; };
		D073D4C60D42805C00D3C858 /* md5modelfile.h in Headers */ = {isa = PBXBuildFile; fileRef = D073D4C50D42805C00D3C858 /* md5modelfile.h */; };
		D073D4C80D42806900D3C858 /* md5modelfile.cpp in Sources */ = {isa = PBXBuildFile; fileRef = D073D4C70D42806900D3C858 /* md5modelfile.cpp */; };
		D073D54D0D4283E900D3C858 /* zsecpistol.md5mesh in CopyFiles */ = {isa = PBXBuildFile; fileRef = D073D4710D427E2000D3C858 /* zsecpistol.md5mesh */; };
		D073D5800D42846200D3C858 /* md5tokenizer.h in Headers */ = {isa = PBXBuildFile; fileRef = D073D57F0D42846200D3C858 /* md5tokenizer.h */; };
		D073D58A0D42846F00D3C858 /* md5tokenizer.cpp in Sources */ = {isa = PBXBuildFile; fileRef = D073D5890D42846F00D3C858 /* md5tokenizer.cpp */; };
		D074B2950D55FF39000B91E1 /* model_new.h in Headers */ = {isa = PBXBuildFile; fileRef = D074B2940D55FF39000B91E1 /* model_new.h */; };
		D074B2970D55FFBA000B91E1 /* model_new.cpp in Sources */ = {isa = PBXBuildFile; fileRef = D074B2960D55FFBA000B91E1 /* model_new.cpp */; };
		D074B2B10D56007F000B91E1 /* modelinstance_new.h in Headers */ = {isa = PBXBuildFile; fileRef = D074B2B00D56007F000B91E1 /* modelinstance_new.h */; };
		D074B2B30D5600BF000B91E1 /* modelinstance_new.cpp in Sources */ = {isa = PBXBuildFile; fileRef = D074B2B20D5600BF000B91E1 /* modelinstance_new.cpp */; };
		D074B2E70D56019C000B91E1 /* mesh_new.h in Headers */ = {isa = PBXBuildFile; fileRef = D074B2E60D56019C000B91E1 /* mesh_new.h */; };
		D074B2E90D5601AC000B91E1 /* mesh_new.cpp in Sources */ = {isa = PBXBuildFile; fileRef = D074B2E80D5601AC000B91E1 /* mesh_new.cpp */; };
		D074B2EB0D560256000B91E1 /* meshinstance_new.h in Headers */ = {isa = PBXBuildFile; fileRef = D074B2EA0D560256000B91E1 /* meshinstance_new.h */; };
		D074B2ED0D56026E000B91E1 /* meshinstance_new.cpp in Sources */ = {isa = PBXBuildFile; fileRef = D074B2EC0D56026E000B91E1 /* meshinstance_new.cpp */; };
		D074B3480D560411000B91E1 /* face_new.h in Headers */ = {isa = PBXBuildFile; fileRef = D074B3470D560411000B91E1 /* face_new.h */; };
		D074B34A0D56041E000B91E1 /* face_new.cpp in Sources */ = {isa = PBXBuildFile; fileRef = D074B3490D56041E000B91E1 /* face_new.cpp */; };
		D074B4730D560F61000B91E1 /* modelinstanceproxy.h in Headers */ = {isa = PBXBuildFile; fileRef = D074B4720D560F61000B91E1 /* modelinstanceproxy.h */; };
		D074B48A0D561188000B91E1 /* modelinstanceproxy.cpp in Sources */ = {isa = PBXBuildFile; fileRef = D074B4890D561188000B91E1 /* modelinstanceproxy.cpp */; };
		D074B4BC0D5612B6000B91E1 /* modelinstantiator.h in Headers */ = {isa = PBXBuildFile; fileRef = D074B4BB0D5612B6000B91E1 /* modelinstantiator.h */; };
		D076D1B30D67016600AF2F32 /* metawriter.h in Headers */ = {isa = PBXBuildFile; fileRef = D076D1B20D67016600AF2F32 /* metawriter.h */; };
		D07B896B0DD0E962001A38EC /* vertexoffsetter.h in Headers */ = {isa = PBXBuildFile; fileRef = D07B896A0DD0E962001A38EC /* vertexoffsetter.h */; };
		D07B896D0DD0E992001A38EC /* vertexoffsetter.cpp in Sources */ = {isa = PBXBuildFile; fileRef = D07B896C0DD0E992001A38EC /* vertexoffsetter.cpp */; };
		D087F4750D564DD100442D40 /* upper.md3 in CopyFiles */ = {isa = PBXBuildFile; fileRef = D087F46F0D564DBA00442D40 /* upper.md3 */; };
		D087F4C90D56512A00442D40 /* modeljoint.h in Headers */ = {isa = PBXBuildFile; fileRef = D087F4C80D56512A00442D40 /* modeljoint.h */; };
		D087F6B80D56624C00442D40 /* md3animmodel.h in Headers */ = {isa = PBXBuildFile; fileRef = D087F6B70D56624C00442D40 /* md3animmodel.h */; };
		D087F6BA0D56625C00442D40 /* md3animmodel.cpp in Sources */ = {isa = PBXBuildFile; fileRef = D087F6B90D56625C00442D40 /* md3animmodel.cpp */; };
		D087F6DB0D56646900442D40 /* md3animmesh.h in Headers */ = {isa = PBXBuildFile; fileRef = D087F6DA0D56646900442D40 /* md3animmesh.h */; };
		D087F6DD0D56647A00442D40 /* md3animmesh.cpp in Sources */ = {isa = PBXBuildFile; fileRef = D087F6DC0D56647A00442D40 /* md3animmesh.cpp */; };
		D09030B30D47D98D00074021 /* md5model.h in Headers */ = {isa = PBXBuildFile; fileRef = D09030B20D47D98D00074021 /* md5model.h */; };
		D09030B50D47D9A200074021 /* md5model.cpp in Sources */ = {isa = PBXBuildFile; fileRef = D09030B40D47D9A200074021 /* md5model.cpp */; };
		D09034500D48041500074021 /* zfat.md5mesh in CopyFiles */ = {isa = PBXBuildFile; fileRef = D09034450D4803F400074021 /* zfat.md5mesh */; };
		D09687470E06B20600231EC0 /* vertexmattransformer.h in Headers */ = {isa = PBXBuildFile; fileRef = D09687460E06B20600231EC0 /* vertexmattransformer.h */; };
		D09687490E06B21900231EC0 /* vertexmattransformer.cpp in Sources */ = {isa = PBXBuildFile; fileRef = D09687480E06B21900231EC0 /* vertexmattransformer.cpp */; };
		D098D4C30D9A80C8003B0486 /* vertextransformer.h in Headers */ = {isa = PBXBuildFile; fileRef = D098D4C20D9A80C8003B0486 /* vertextransformer.h */; };
		D098D5280D9A81A9003B0486 /* vertextransformlist.h in Headers */ = {isa = PBXBuildFile; fileRef = D098D5270D9A81A9003B0486 /* vertextransformlist.h */; };
		D098D52C0D9A822E003B0486 /* vertextransformlist.cpp in Sources */ = {isa = PBXBuildFile; fileRef = D098D52B0D9A822E003B0486 /* vertextransformlist.cpp */; };
		D098D5560D9A82CB003B0486 /* vertexscaler.h in Headers */ = {isa = PBXBuildFile; fileRef = D098D5550D9A82CB003B0486 /* vertexscaler.h */; };
		D098D55C0D9A833A003B0486 /* vertexscaler.cpp in Sources */ = {isa = PBXBuildFile; fileRef = D098D55B0D9A833A003B0486 /* vertexscaler.cpp */; };
		D098D65E0D9A8F4B003B0486 /* vertexswapper.h in Headers */ = {isa = PBXBuildFile; fileRef = D098D65D0D9A8F4B003B0486 /* vertexswapper.h */; };
		D098D6620D9A8FD4003B0486 /* vertexswapper.cpp in Sources */ = {isa = PBXBuildFile; fileRef = D098D6610D9A8FD4003B0486 /* vertexswapper.cpp */; };
		D09BF42F0E1FD78800AE0941 /* modelrenderproperties.h in Headers */ = {isa = PBXBuildFile; fileRef = D09BF42E0E1FD78800AE0941 /* modelrenderproperties.h */; };
		D0BF7FCE0D5F820E0094D533 /* md5modelinst.cpp in Sources */ = {isa = PBXBuildFile; fileRef = D0BF7FCD0D5F820E0094D533 /* md5modelinst.cpp */; };
		D0BF7FD00D5F82270094D533 /* md5modelinst.h in Headers */ = {isa = PBXBuildFile; fileRef = D0BF7FCF0D5F82270094D533 /* md5modelinst.h */; };
		D0BF800D0D5F84FB0094D533 /* md5meshinst.h in Headers */ = {isa = PBXBuildFile; fileRef = D0BF800C0D5F84FB0094D533 /* md5meshinst.h */; };
		D0BF800F0D5F850B0094D533 /* md5meshinst.cpp in Sources */ = {isa = PBXBuildFile; fileRef = D0BF800E0D5F850B0094D533 /* md5meshinst.cpp */; };
		D0ED98000D5BC3F500CEF206 /* md3animmeshdouble.h in Headers */ = {isa = PBXBuildFile; fileRef = D0ED97FF0D5BC3F500CEF206 /* md3animmeshdouble.h */; };
		D0ED98020D5BC40600CEF206 /* md3animmeshdouble.cpp in Sources */ = {isa = PBXBuildFile; fileRef = D0ED98010D5BC40600CEF206 /* md3animmeshdouble.cpp */; };
		D0ED98580D5BC78200CEF206 /* md3animmeshinst.h in Headers */ = {isa = PBXBuildFile; fileRef = D0ED98570D5BC78200CEF206 /* md3animmeshinst.h */; };
		D0ED98750D5BCA9B00CEF206 /* md3animmeshinst.cpp in Sources */ = {isa = PBXBuildFile; fileRef = D0ED98740D5BCA9B00CEF206 /* md3animmeshinst.cpp */; };
		D0EF57EE0C81C0620085C17B /* md3staticmesh.cpp in Sources */ = {isa = PBXBuildFile; fileRef = D0EF57ED0C81C0620085C17B /* md3staticmesh.cpp */; };
		D0EF57F00C81C06E0085C17B /* md3staticmesh.h in Headers */ = {isa = PBXBuildFile; fileRef = D0EF57EF0C81C06E0085C17B /* md3staticmesh.h */; settings = {ATTRIBUTES = (Public, ); }; };
		D0EFD1DC0C7DC55A001E861E /* mesh.h in Headers */ = {isa = PBXBuildFile; fileRef = D0EFD1DB0C7DC55A001E861E /* mesh.h */; settings = {ATTRIBUTES = (Public, ); }; };
		D0EFD1E00C7DC56A001E861E /* mesh.cpp in Sources */ = {isa = PBXBuildFile; fileRef = D0EFD1DF0C7DC56A001E861E /* mesh.cpp */; };
		D0EFD3000C7DCA6F001E861E /* meshgeomlinklist.h in Headers */ = {isa = PBXBuildFile; fileRef = D0EFD2FF0C7DCA6F001E861E /* meshgeomlinklist.h */; settings = {ATTRIBUTES = (Public, ); }; };
		D0EFD3270C7DCBD6001E861E /* meshgeomlinklist.cpp in Sources */ = {isa = PBXBuildFile; fileRef = D0EFD3260C7DCBD6001E861E /* meshgeomlinklist.cpp */; };
		D0EFD5610C7DD381001E861E /* md3staticmodel.h in Headers */ = {isa = PBXBuildFile; fileRef = D0EFD5600C7DD381001E861E /* md3staticmodel.h */; settings = {ATTRIBUTES = (Public, ); }; };
		D0EFD5630C7DD38B001E861E /* md3staticmodel.cpp in Sources */ = {isa = PBXBuildFile; fileRef = D0EFD5620C7DD38B001E861E /* md3staticmodel.cpp */; };
		D0EFD61F0C7DDBD3001E861E /* geometry.cpp in Sources */ = {isa = PBXBuildFile; fileRef = D0EFD61E0C7DDBD3001E861E /* geometry.cpp */; };
		D0F16B430C79D444004B4E19 /* md3struct.h in Headers */ = {isa = PBXBuildFile; fileRef = D0F16B420C79D444004B4E19 /* md3struct.h */; settings = {ATTRIBUTES = (Public, ); }; };
		D0F16B780C79D6AC004B4E19 /* md3struct.cpp in Sources */ = {isa = PBXBuildFile; fileRef = D0F16B770C79D6AC004B4E19 /* md3struct.cpp */; };
		D0F16BA00C79D73B004B4E19 /* md3parser.cpp in Sources */ = {isa = PBXBuildFile; fileRef = D0F16B9F0C79D73B004B4E19 /* md3parser.cpp */; };
		D0F16BA20C79D745004B4E19 /* md3parser.h in Headers */ = {isa = PBXBuildFile; fileRef = D0F16BA10C79D745004B4E19 /* md3parser.h */; settings = {ATTRIBUTES = (Public, ); }; };
		D0F16C830C7A1CF8004B4E19 /* rocketl.md3 in CopyFiles */ = {isa = PBXBuildFile; fileRef = D0F16C820C7A1CF8004B4E19 /* rocketl.md3 */; };
		D0F3713E0C6D02EB00C11F87 /* tgen_renderer.cpp in Sources */ = {isa = PBXBuildFile; fileRef = D0F3713D0C6D02EB00C11F87 /* tgen_renderer.cpp */; };
		D0F371430C6D02F800C11F87 /* tgen_renderer.h in Headers */ = {isa = PBXBuildFile; fileRef = D0F371420C6D02F800C11F87 /* tgen_renderer.h */; settings = {ATTRIBUTES = (Public, ); }; };
		D0F371870C6D044400C11F87 /* libtgen_renderer.a in Frameworks */ = {isa = PBXBuildFile; fileRef = D0F3713A0C6D02CE00C11F87 /* libtgen_renderer.a */; };
		D0F50B3E0C6FB302005DB68D /* geometry.h in Headers */ = {isa = PBXBuildFile; fileRef = D0F50B3D0C6FB302005DB68D /* geometry.h */; settings = {ATTRIBUTES = (Public, ); }; };
		D0F50CCC0C707E64005DB68D /* camera.h in Headers */ = {isa = PBXBuildFile; fileRef = D0F50CCB0C707E64005DB68D /* camera.h */; settings = {ATTRIBUTES = (Public, ); }; };
		D0F50CCE0C707E6F005DB68D /* camera.cpp in Sources */ = {isa = PBXBuildFile; fileRef = D0F50CCD0C707E6F005DB68D /* camera.cpp */; };
		D0F50CD60C707ED2005DB68D /* scenenode.h in Headers */ = {isa = PBXBuildFile; fileRef = D0F50CD50C707ED2005DB68D /* scenenode.h */; settings = {ATTRIBUTES = (Public, ); }; };
		D0F50CD80C707EDA005DB68D /* scenenode.cpp in Sources */ = {isa = PBXBuildFile; fileRef = D0F50CD70C707EDA005DB68D /* scenenode.cpp */; };
		D0F50DD60C7097B7005DB68D /* face.h in Headers */ = {isa = PBXBuildFile; fileRef = D0F50DD50C7097B7005DB68D /* face.h */; settings = {ATTRIBUTES = (Public, ); }; };
		D0F50DD80C7097C1005DB68D /* face.cpp in Sources */ = {isa = PBXBuildFile; fileRef = D0F50DD70C7097C1005DB68D /* face.cpp */; };
		D0F50F960C70A925005DB68D /* fpscamera.cpp in Sources */ = {isa = PBXBuildFile; fileRef = D0F50F950C70A925005DB68D /* fpscamera.cpp */; };
		D0F50F980C70A92E005DB68D /* fpscamera.h in Headers */ = {isa = PBXBuildFile; fileRef = D0F50F970C70A92E005DB68D /* fpscamera.h */; settings = {ATTRIBUTES = (Public, ); }; };
		D0F511210C70EE76005DB68D /* materialsource.h in Headers */ = {isa = PBXBuildFile; fileRef = D0F511200C70EE76005DB68D /* materialsource.h */; settings = {ATTRIBUTES = (Public, ); }; };
		D0F511B00C70F3FD005DB68D /* printscene.h in Headers */ = {isa = PBXBuildFile; fileRef = D0F511AF0C70F3FD005DB68D /* printscene.h */; settings = {ATTRIBUTES = (Public, ); }; };
		D0F511B20C70F405005DB68D /* printscene.cpp in Sources */ = {isa = PBXBuildFile; fileRef = D0F511B10C70F405005DB68D /* printscene.cpp */; };
		D0F5146C0C7108B9005DB68D /* facelinker.h in Headers */ = {isa = PBXBuildFile; fileRef = D0F5146B0C7108B9005DB68D /* facelinker.h */; settings = {ATTRIBUTES = (Public, ); }; };
		D0F5146E0C7108C1005DB68D /* facelinker.cpp in Sources */ = {isa = PBXBuildFile; fileRef = D0F5146D0C7108C1005DB68D /* facelinker.cpp */; };
		D0F515230C71150B005DB68D /* renderlist.cpp in Sources */ = {isa = PBXBuildFile; fileRef = D0F515220C71150B005DB68D /* renderlist.cpp */; };
		D0F515250C711518005DB68D /* renderlist.h in Headers */ = {isa = PBXBuildFile; fileRef = D0F515240C711518005DB68D /* renderlist.h */; settings = {ATTRIBUTES = (Public, ); }; };
		D0F516B40C711CB3005DB68D /* renderfill.cpp in Sources */ = {isa = PBXBuildFile; fileRef = D0F516B30C711CB3005DB68D /* renderfill.cpp */; };
		D0F516B60C711CBD005DB68D /* renderfill.h in Headers */ = {isa = PBXBuildFile; fileRef = D0F516B50C711CBD005DB68D /* renderfill.h */; settings = {ATTRIBUTES = (Public, ); }; };
		D0F518610C71B781005DB68D /* basicrenderlist.h in Headers */ = {isa = PBXBuildFile; fileRef = D0F518600C71B781005DB68D /* basicrenderlist.h */; settings = {ATTRIBUTES = (Public, ); }; };
		D0F518630C71B789005DB68D /* basicrenderlist.cpp in Sources */ = {isa = PBXBuildFile; fileRef = D0F518620C71B789005DB68D /* basicrenderlist.cpp */; };
		D0F51B8E0C71C799005DB68D /* OpenGL.framework in Frameworks */ = {isa = PBXBuildFile; fileRef = D0F51B8D0C71C799005DB68D /* OpenGL.framework */; };
		D0F51BAB0C71C7C0005DB68D /* GLUT.framework in Frameworks */ = {isa = PBXBuildFile; fileRef = D0F51BAA0C71C7C0005DB68D /* GLUT.framework */; };
		D0F9E9060C8DD8F10055D5CB /* rocketl.jpg in CopyFiles */ = {isa = PBXBuildFile; fileRef = D0F9E9050C8DD8F10055D5CB /* rocketl.jpg */; };
		D0F9E9080C8DD8FC0055D5CB /* shotgun.md3 in CopyFiles */ = {isa = PBXBuildFile; fileRef = D0F9E9070C8DD8FC0055D5CB /* shotgun.md3 */; };
/* End PBXBuildFile section */

/* Begin PBXContainerItemProxy section */
		D0450BF60CCA4CB400832ABC /* PBXContainerItemProxy */ = {
			isa = PBXContainerItemProxy;
			containerPortal = D0F51B7C0C71C77B005DB68D /* TGen OpenGL.xcodeproj */;
			proxyType = 1;
			remoteGlobalIDString = D00FF8E50C3940E900668773;
			remoteInfo = tgen_opengl;
		};
		D0450BFA0CCA4CBE00832ABC /* PBXContainerItemProxy */ = {
			isa = PBXContainerItemProxy;
			containerPortal = D0F371BD0C6D057D00C11F87 /* TGen Graphics.xcodeproj */;
			proxyType = 1;
			remoteGlobalIDString = D00FF6CB0C39391D00668773;
			remoteInfo = tgen_graphics;
		};
		D04C815D0CCA468400794CEA /* PBXContainerItemProxy */ = {
			isa = PBXContainerItemProxy;
			containerPortal = D0F51B7C0C71C77B005DB68D /* TGen OpenGL.xcodeproj */;
			proxyType = 2;
			remoteGlobalIDString = 8DD76F6C0486A84900D96B5E;
			remoteInfo = "TGen OpenGL";
		};
		D04C815F0CCA468400794CEA /* PBXContainerItemProxy */ = {
			isa = PBXContainerItemProxy;
			containerPortal = D0F51B7C0C71C77B005DB68D /* TGen OpenGL.xcodeproj */;
			proxyType = 2;
			remoteGlobalIDString = D00FF8E60C3940E900668773;
			remoteInfo = tgen_opengl;
		};
		D04C816B0CCA468E00794CEA /* PBXContainerItemProxy */ = {
			isa = PBXContainerItemProxy;
			containerPortal = D0F371AB0C6D057000C11F87 /* TGen Math.xcodeproj */;
			proxyType = 2;
			remoteGlobalIDString = 8DD76F6C0486A84900D96B5E;
			remoteInfo = "TGen Math";
		};
		D04C816D0CCA468E00794CEA /* PBXContainerItemProxy */ = {
			isa = PBXContainerItemProxy;
			containerPortal = D0F371AB0C6D057000C11F87 /* TGen Math.xcodeproj */;
			proxyType = 2;
			remoteGlobalIDString = D0EE96EF0C35E4FC00CB2978;
			remoteInfo = tgen_math;
		};
		D04C817A0CCA469B00794CEA /* PBXContainerItemProxy */ = {
			isa = PBXContainerItemProxy;
			containerPortal = D0F371B40C6D057400C11F87 /* TGen Core.xcodeproj */;
			proxyType = 2;
			remoteGlobalIDString = D0EE95AA0C35DFFC00CB2978;
			remoteInfo = tgen_core;
		};
		D04C81870CCA46A700794CEA /* PBXContainerItemProxy */ = {
			isa = PBXContainerItemProxy;
			containerPortal = D0F371BD0C6D057D00C11F87 /* TGen Graphics.xcodeproj */;
			proxyType = 2;
			remoteGlobalIDString = 8DD76F6C0486A84900D96B5E;
			remoteInfo = "TGen Graphics";
		};
		D04C81890CCA46A700794CEA /* PBXContainerItemProxy */ = {
			isa = PBXContainerItemProxy;
			containerPortal = D0F371BD0C6D057D00C11F87 /* TGen Graphics.xcodeproj */;
			proxyType = 2;
			remoteGlobalIDString = D00FF6CC0C39391D00668773;
			remoteInfo = tgen_graphics;
		};
		D0B6499D0CE6959700B93A85 /* PBXContainerItemProxy */ = {
			isa = PBXContainerItemProxy;
			containerPortal = D0F371B40C6D057400C11F87 /* TGen Core.xcodeproj */;
			proxyType = 2;
			remoteGlobalIDString = D0E8B7BA0CE26BBA009EC7F4;
			remoteInfo = "TGen Core Test";
		};
		D0F3714F0C6D033200C11F87 /* PBXContainerItemProxy */ = {
			isa = PBXContainerItemProxy;
			containerPortal = 08FB7793FE84155DC02AAC07 /* Project object */;
			proxyType = 1;
			remoteGlobalIDString = D0F371390C6D02CE00C11F87;
			remoteInfo = tgen_renderer;
		};
/* End PBXContainerItemProxy section */

/* Begin PBXCopyFilesBuildPhase section */
		8DD76F690486A84900D96B5E /* CopyFiles */ = {
			isa = PBXCopyFilesBuildPhase;
			buildActionMask = 8;
			dstPath = /usr/share/man/man1/;
			dstSubfolderSpec = 0;
			files = (
				8DD76F6A0486A84900D96B5E /* TGen Renderer.1 in CopyFiles */,
				D00907900C75FBED00A5CBE7 /* SDLMain.h in CopyFiles */,
			);
			runOnlyForDeploymentPostprocessing = 1;
		};
		D0C0F3960C7A1DF6006ED8B4 /* CopyFiles */ = {
			isa = PBXCopyFilesBuildPhase;
			buildActionMask = 2147483647;
			dstPath = "";
			dstSubfolderSpec = 16;
			files = (
				D036C1DF0D5681DB00916AC6 /* doom.tga in CopyFiles */,
				D09034500D48041500074021 /* zfat.md5mesh in CopyFiles */,
				D073D54D0D4283E900D3C858 /* zsecpistol.md5mesh in CopyFiles */,
				D0F16C830C7A1CF8004B4E19 /* rocketl.md3 in CopyFiles */,
				D087F4750D564DD100442D40 /* upper.md3 in CopyFiles */,
				D0F9E9060C8DD8F10055D5CB /* rocketl.jpg in CopyFiles */,
				D0F9E9080C8DD8FC0055D5CB /* shotgun.md3 in CopyFiles */,
				D04C81500CCA466000794CEA /* railgun.md3 in CopyFiles */,
			);
			runOnlyForDeploymentPostprocessing = 0;
		};
/* End PBXCopyFilesBuildPhase section */

/* Begin PBXFileReference section */
		08FB7796FE84155DC02AAC07 /* main.cpp */ = {isa = PBXFileReference; fileEncoding = 4; lastKnownFileType = sourcecode.cpp.cpp; path = main.cpp; sourceTree = "<group>"; };
		8DD76F6C0486A84900D96B5E /* TGen Renderer */ = {isa = PBXFileReference; explicitFileType = "compiled.mach-o.executable"; includeInIndex = 0; path = "TGen Renderer"; sourceTree = BUILT_PRODUCTS_DIR; };
		C6859E8B029090EE04C91782 /* TGen Renderer.1 */ = {isa = PBXFileReference; lastKnownFileType = text.man; path = "TGen Renderer.1"; sourceTree = "<group>"; };
		D009078E0C75FBED00A5CBE7 /* SDLMain.h */ = {isa = PBXFileReference; fileEncoding = 5; lastKnownFileType = sourcecode.c.h; path = SDLMain.h; sourceTree = "<group>"; };
		D009078F0C75FBED00A5CBE7 /* SDLMain.m */ = {isa = PBXFileReference; fileEncoding = 5; lastKnownFileType = sourcecode.c.objc; path = SDLMain.m; sourceTree = "<group>"; };
		D009E5020C71D92D00A5CBE7 /* lodgeometry.cpp */ = {isa = PBXFileReference; fileEncoding = 4; lastKnownFileType = sourcecode.cpp.cpp; name = lodgeometry.cpp; path = Source/lodgeometry.cpp; sourceTree = "<group>"; };
		D009E5040C71D93900A5CBE7 /* lodgeometry.h */ = {isa = PBXFileReference; fileEncoding = 4; lastKnownFileType = sourcecode.c.h; name = lodgeometry.h; path = Include/lodgeometry.h; sourceTree = "<group>"; };
		D009E58A0C71DBC300A5CBE7 /* staticgeometry.h */ = {isa = PBXFileReference; fileEncoding = 4; lastKnownFileType = sourcecode.c.h; name = staticgeometry.h; path = Include/staticgeometry.h; sourceTree = "<group>"; };
		D009E5900C71DBCF00A5CBE7 /* staticgeometry.cpp */ = {isa = PBXFileReference; fileEncoding = 4; lastKnownFileType = sourcecode.cpp.cpp; name = staticgeometry.cpp; path = Source/staticgeometry.cpp; sourceTree = "<group>"; };
		D009E5BA0C71DC4C00A5CBE7 /* meshgeometry.cpp */ = {isa = PBXFileReference; fileEncoding = 4; lastKnownFileType = sourcecode.cpp.cpp; name = meshgeometry.cpp; path = Source/meshgeometry.cpp; sourceTree = "<group>"; };
		D009E5BC0C71DC5600A5CBE7 /* meshgeometry.h */ = {isa = PBXFileReference; fileEncoding = 4; lastKnownFileType = sourcecode.c.h; name = meshgeometry.h; path = Include/meshgeometry.h; sourceTree = "<group>"; };
		D009E5E50C71DD7D00A5CBE7 /* meshsource.h */ = {isa = PBXFileReference; fileEncoding = 4; lastKnownFileType = sourcecode.c.h; name = meshsource.h; path = Include/meshsource.h; sourceTree = "<group>"; };
		D009E6410C71E38700A5CBE7 /* animatingmeshgeometry.h */ = {isa = PBXFileReference; fileEncoding = 4; lastKnownFileType = sourcecode.c.h; name = animatingmeshgeometry.h; path = Include/animatingmeshgeometry.h; sourceTree = "<group>"; };
		D009E6430C71E39200A5CBE7 /* animatingmeshgeometry.cpp */ = {isa = PBXFileReference; fileEncoding = 4; lastKnownFileType = sourcecode.cpp.cpp; name = animatingmeshgeometry.cpp; path = Source/animatingmeshgeometry.cpp; sourceTree = "<group>"; };
		D009FE670C75E0AC00A5CBE7 /* ogltest.cpp */ = {isa = PBXFileReference; fileEncoding = 4; lastKnownFileType = sourcecode.cpp.cpp; path = ogltest.cpp; sourceTree = "<group>"; };
		D009FEC00C75E17D00A5CBE7 /* SDL.framework */ = {isa = PBXFileReference; lastKnownFileType = wrapper.framework; name = SDL.framework; path = /System/Library/Frameworks/SDL.framework; sourceTree = "<absolute>"; };
		D009FF3D0C75E22800A5CBE7 /* Cocoa.framework */ = {isa = PBXFileReference; lastKnownFileType = wrapper.framework; name = Cocoa.framework; path = /System/Library/Frameworks/Cocoa.framework; sourceTree = "<absolute>"; };
		D01C3FFF0D5670890028A06F /* md3animmodelinst.h */ = {isa = PBXFileReference; fileEncoding = 4; lastKnownFileType = sourcecode.c.h; name = md3animmodelinst.h; path = Include/md3animmodelinst.h; sourceTree = "<group>"; };
		D01C40010D56709C0028A06F /* md3animmodelinst.cpp */ = {isa = PBXFileReference; fileEncoding = 4; lastKnownFileType = sourcecode.cpp.cpp; name = md3animmodelinst.cpp; path = Source/md3animmodelinst.cpp; sourceTree = "<group>"; };
		D01C40840D5674CA0028A06F /* md3animmeshsingle.h */ = {isa = PBXFileReference; fileEncoding = 4; lastKnownFileType = sourcecode.c.h; name = md3animmeshsingle.h; path = Include/md3animmeshsingle.h; sourceTree = "<group>"; };
		D01C40860D5674DB0028A06F /* md3animmeshsingle.cpp */ = {isa = PBXFileReference; fileEncoding = 4; lastKnownFileType = sourcecode.cpp.cpp; name = md3animmeshsingle.cpp; path = Source/md3animmeshsingle.cpp; sourceTree = "<group>"; };
		D0219FE50D5613D40039323A /* modelinstantiatepool.h */ = {isa = PBXFileReference; fileEncoding = 4; lastKnownFileType = sourcecode.c.h; name = modelinstantiatepool.h; path = Include/modelinstantiatepool.h; sourceTree = "<group>"; };
		D0219FE70D5613E70039323A /* modelinstantiatepool.cpp */ = {isa = PBXFileReference; fileEncoding = 4; lastKnownFileType = sourcecode.cpp.cpp; name = modelinstantiatepool.cpp; path = Source/modelinstantiatepool.cpp; sourceTree = "<group>"; };
		D036C1DE0D5681D400916AC6 /* doom.tga */ = {isa = PBXFileReference; lastKnownFileType = file; path = doom.tga; sourceTree = "<group>"; };
		D04C814F0CCA466000794CEA /* railgun.md3 */ = {isa = PBXFileReference; lastKnownFileType = file; path = railgun.md3; sourceTree = "<group>"; };
		D05008160DA66C1F0018EC08 /* scenenoderenderable.h */ = {isa = PBXFileReference; fileEncoding = 4; lastKnownFileType = sourcecode.c.h; name = scenenoderenderable.h; path = Include/scenenoderenderable.h; sourceTree = "<group>"; };
		D050081A0DA66C540018EC08 /* scenenoderenderable.cpp */ = {isa = PBXFileReference; fileEncoding = 4; lastKnownFileType = sourcecode.cpp.cpp; name = scenenoderenderable.cpp; path = Source/scenenoderenderable.cpp; sourceTree = "<group>"; };
		D073D4710D427E2000D3C858 /* zsecpistol.md5mesh */ = {isa = PBXFileReference; fileEncoding = 5; lastKnownFileType = text; path = zsecpistol.md5mesh; sourceTree = "<group>"; };
		D073D4770D427E8400D3C858 /* md5modelparser.h */ = {isa = PBXFileReference; fileEncoding = 4; lastKnownFileType = sourcecode.c.h; name = md5modelparser.h; path = Include/md5modelparser.h; sourceTree = "<group>"; };
		D073D4790D427E9300D3C858 /* md5modelparser.cpp */ = {isa = PBXFileReference; fileEncoding = 4; lastKnownFileType = sourcecode.cpp.cpp; name = md5modelparser.cpp; path = Source/md5modelparser.cpp; sourceTree = "<group>"; };
		D073D47B0D427EB600D3C858 /* md5mesh.h */ = {isa = PBXFileReference; fileEncoding = 4; lastKnownFileType = sourcecode.c.h; name = md5mesh.h; path = Include/md5mesh.h; sourceTree = "<group>"; };
		D073D47D0D427EC200D3C858 /* md5mesh.cpp */ = {isa = PBXFileReference; fileEncoding = 4; lastKnownFileType = sourcecode.cpp.cpp; name = md5mesh.cpp; path = Source/md5mesh.cpp; sourceTree = "<group>"; };
		D073D4C50D42805C00D3C858 /* md5modelfile.h */ = {isa = PBXFileReference; fileEncoding = 4; lastKnownFileType = sourcecode.c.h; name = md5modelfile.h; path = Include/md5modelfile.h; sourceTree = "<group>"; };
		D073D4C70D42806900D3C858 /* md5modelfile.cpp */ = {isa = PBXFileReference; fileEncoding = 4; lastKnownFileType = sourcecode.cpp.cpp; name = md5modelfile.cpp; path = Source/md5modelfile.cpp; sourceTree = "<group>"; };
		D073D57F0D42846200D3C858 /* md5tokenizer.h */ = {isa = PBXFileReference; fileEncoding = 4; lastKnownFileType = sourcecode.c.h; name = md5tokenizer.h; path = Include/md5tokenizer.h; sourceTree = "<group>"; };
		D073D5890D42846F00D3C858 /* md5tokenizer.cpp */ = {isa = PBXFileReference; fileEncoding = 4; lastKnownFileType = sourcecode.cpp.cpp; name = md5tokenizer.cpp; path = Source/md5tokenizer.cpp; sourceTree = "<group>"; };
		D074B2940D55FF39000B91E1 /* model_new.h */ = {isa = PBXFileReference; fileEncoding = 4; lastKnownFileType = sourcecode.c.h; name = model_new.h; path = Include/model_new.h; sourceTree = "<group>"; };
		D074B2960D55FFBA000B91E1 /* model_new.cpp */ = {isa = PBXFileReference; fileEncoding = 4; lastKnownFileType = sourcecode.cpp.cpp; name = model_new.cpp; path = Source/model_new.cpp; sourceTree = "<group>"; };
		D074B2B00D56007F000B91E1 /* modelinstance_new.h */ = {isa = PBXFileReference; fileEncoding = 4; lastKnownFileType = sourcecode.c.h; name = modelinstance_new.h; path = Include/modelinstance_new.h; sourceTree = "<group>"; };
		D074B2B20D5600BF000B91E1 /* modelinstance_new.cpp */ = {isa = PBXFileReference; fileEncoding = 4; lastKnownFileType = sourcecode.cpp.cpp; name = modelinstance_new.cpp; path = Source/modelinstance_new.cpp; sourceTree = "<group>"; };
		D074B2E60D56019C000B91E1 /* mesh_new.h */ = {isa = PBXFileReference; fileEncoding = 4; lastKnownFileType = sourcecode.c.h; name = mesh_new.h; path = Include/mesh_new.h; sourceTree = "<group>"; };
		D074B2E80D5601AC000B91E1 /* mesh_new.cpp */ = {isa = PBXFileReference; fileEncoding = 4; lastKnownFileType = sourcecode.cpp.cpp; name = mesh_new.cpp; path = Source/mesh_new.cpp; sourceTree = "<group>"; };
		D074B2EA0D560256000B91E1 /* meshinstance_new.h */ = {isa = PBXFileReference; fileEncoding = 4; lastKnownFileType = sourcecode.c.h; name = meshinstance_new.h; path = Include/meshinstance_new.h; sourceTree = "<group>"; };
		D074B2EC0D56026E000B91E1 /* meshinstance_new.cpp */ = {isa = PBXFileReference; fileEncoding = 4; lastKnownFileType = sourcecode.cpp.cpp; name = meshinstance_new.cpp; path = Source/meshinstance_new.cpp; sourceTree = "<group>"; };
		D074B3470D560411000B91E1 /* face_new.h */ = {isa = PBXFileReference; fileEncoding = 4; lastKnownFileType = sourcecode.c.h; name = face_new.h; path = Include/face_new.h; sourceTree = "<group>"; };
		D074B3490D56041E000B91E1 /* face_new.cpp */ = {isa = PBXFileReference; fileEncoding = 4; lastKnownFileType = sourcecode.cpp.cpp; name = face_new.cpp; path = Source/face_new.cpp; sourceTree = "<group>"; };
		D074B4720D560F61000B91E1 /* modelinstanceproxy.h */ = {isa = PBXFileReference; fileEncoding = 4; lastKnownFileType = sourcecode.c.h; name = modelinstanceproxy.h; path = Include/modelinstanceproxy.h; sourceTree = "<group>"; };
		D074B4890D561188000B91E1 /* modelinstanceproxy.cpp */ = {isa = PBXFileReference; fileEncoding = 4; lastKnownFileType = sourcecode.cpp.cpp; name = modelinstanceproxy.cpp; path = Source/modelinstanceproxy.cpp; sourceTree = "<group>"; };
		D074B4BB0D5612B6000B91E1 /* modelinstantiator.h */ = {isa = PBXFileReference; fileEncoding = 4; lastKnownFileType = sourcecode.c.h; name = modelinstantiator.h; path = Include/modelinstantiator.h; sourceTree = "<group>"; };
		D076D1B20D67016600AF2F32 /* metawriter.h */ = {isa = PBXFileReference; fileEncoding = 4; lastKnownFileType = sourcecode.c.h; name = metawriter.h; path = Include/metawriter.h; sourceTree = "<group>"; };
		D07B896A0DD0E962001A38EC /* vertexoffsetter.h */ = {isa = PBXFileReference; fileEncoding = 4; lastKnownFileType = sourcecode.c.h; name = vertexoffsetter.h; path = Include/vertexoffsetter.h; sourceTree = "<group>"; };
		D07B896C0DD0E992001A38EC /* vertexoffsetter.cpp */ = {isa = PBXFileReference; fileEncoding = 4; lastKnownFileType = sourcecode.cpp.cpp; name = vertexoffsetter.cpp; path = Source/vertexoffsetter.cpp; sourceTree = "<group>"; };
		D087F46F0D564DBA00442D40 /* upper.md3 */ = {isa = PBXFileReference; lastKnownFileType = file; path = upper.md3; sourceTree = "<group>"; };
		D087F4C80D56512A00442D40 /* modeljoint.h */ = {isa = PBXFileReference; fileEncoding = 4; lastKnownFileType = sourcecode.c.h; name = modeljoint.h; path = Include/modeljoint.h; sourceTree = "<group>"; };
		D087F6B70D56624C00442D40 /* md3animmodel.h */ = {isa = PBXFileReference; fileEncoding = 4; lastKnownFileType = sourcecode.c.h; name = md3animmodel.h; path = Include/md3animmodel.h; sourceTree = "<group>"; };
		D087F6B90D56625C00442D40 /* md3animmodel.cpp */ = {isa = PBXFileReference; fileEncoding = 4; lastKnownFileType = sourcecode.cpp.cpp; name = md3animmodel.cpp; path = Source/md3animmodel.cpp; sourceTree = "<group>"; };
		D087F6DA0D56646900442D40 /* md3animmesh.h */ = {isa = PBXFileReference; fileEncoding = 4; lastKnownFileType = sourcecode.c.h; name = md3animmesh.h; path = Include/md3animmesh.h; sourceTree = "<group>"; };
		D087F6DC0D56647A00442D40 /* md3animmesh.cpp */ = {isa = PBXFileReference; fileEncoding = 4; lastKnownFileType = sourcecode.cpp.cpp; name = md3animmesh.cpp; path = Source/md3animmesh.cpp; sourceTree = "<group>"; };
		D09030B20D47D98D00074021 /* md5model.h */ = {isa = PBXFileReference; fileEncoding = 4; lastKnownFileType = sourcecode.c.h; name = md5model.h; path = Include/md5model.h; sourceTree = "<group>"; };
		D09030B40D47D9A200074021 /* md5model.cpp */ = {isa = PBXFileReference; fileEncoding = 4; lastKnownFileType = sourcecode.cpp.cpp; name = md5model.cpp; path = Source/md5model.cpp; sourceTree = "<group>"; };
		D09034450D4803F400074021 /* zfat.md5mesh */ = {isa = PBXFileReference; fileEncoding = 5; lastKnownFileType = text; path = zfat.md5mesh; sourceTree = "<group>"; };
		D09687460E06B20600231EC0 /* vertexmattransformer.h */ = {isa = PBXFileReference; fileEncoding = 4; lastKnownFileType = sourcecode.c.h; name = vertexmattransformer.h; path = Include/vertexmattransformer.h; sourceTree = "<group>"; };
		D09687480E06B21900231EC0 /* vertexmattransformer.cpp */ = {isa = PBXFileReference; fileEncoding = 4; lastKnownFileType = sourcecode.cpp.cpp; name = vertexmattransformer.cpp; path = source/vertexmattransformer.cpp; sourceTree = "<group>"; };
		D098D4C20D9A80C8003B0486 /* vertextransformer.h */ = {isa = PBXFileReference; fileEncoding = 4; lastKnownFileType = sourcecode.c.h; name = vertextransformer.h; path = Include/vertextransformer.h; sourceTree = "<group>"; };
		D098D5270D9A81A9003B0486 /* vertextransformlist.h */ = {isa = PBXFileReference; fileEncoding = 4; lastKnownFileType = sourcecode.c.h; name = vertextransformlist.h; path = Include/vertextransformlist.h; sourceTree = "<group>"; };
		D098D52B0D9A822E003B0486 /* vertextransformlist.cpp */ = {isa = PBXFileReference; fileEncoding = 4; lastKnownFileType = sourcecode.cpp.cpp; name = vertextransformlist.cpp; path = Source/vertextransformlist.cpp; sourceTree = "<group>"; };
		D098D5550D9A82CB003B0486 /* vertexscaler.h */ = {isa = PBXFileReference; fileEncoding = 4; lastKnownFileType = sourcecode.c.h; name = vertexscaler.h; path = Include/vertexscaler.h; sourceTree = "<group>"; };
		D098D55B0D9A833A003B0486 /* vertexscaler.cpp */ = {isa = PBXFileReference; fileEncoding = 4; lastKnownFileType = sourcecode.cpp.cpp; name = vertexscaler.cpp; path = Source/vertexscaler.cpp; sourceTree = "<group>"; };
		D098D65D0D9A8F4B003B0486 /* vertexswapper.h */ = {isa = PBXFileReference; fileEncoding = 4; lastKnownFileType = sourcecode.c.h; name = vertexswapper.h; path = Include/vertexswapper.h; sourceTree = "<group>"; };
		D098D6610D9A8FD4003B0486 /* vertexswapper.cpp */ = {isa = PBXFileReference; fileEncoding = 4; lastKnownFileType = sourcecode.cpp.cpp; name = vertexswapper.cpp; path = Source/vertexswapper.cpp; sourceTree = "<group>"; };
		D09BF42E0E1FD78800AE0941 /* modelrenderproperties.h */ = {isa = PBXFileReference; fileEncoding = 4; lastKnownFileType = sourcecode.c.h; name = modelrenderproperties.h; path = include/modelrenderproperties.h; sourceTree = "<group>"; };
		D0BF7FCD0D5F820E0094D533 /* md5modelinst.cpp */ = {isa = PBXFileReference; fileEncoding = 4; lastKnownFileType = sourcecode.cpp.cpp; name = md5modelinst.cpp; path = Source/md5modelinst.cpp; sourceTree = "<group>"; };
		D0BF7FCF0D5F82270094D533 /* md5modelinst.h */ = {isa = PBXFileReference; fileEncoding = 4; lastKnownFileType = sourcecode.c.h; name = md5modelinst.h; path = Include/md5modelinst.h; sourceTree = "<group>"; };
		D0BF800C0D5F84FB0094D533 /* md5meshinst.h */ = {isa = PBXFileReference; fileEncoding = 4; lastKnownFileType = sourcecode.c.h; name = md5meshinst.h; path = Include/md5meshinst.h; sourceTree = "<group>"; };
		D0BF800E0D5F850B0094D533 /* md5meshinst.cpp */ = {isa = PBXFileReference; fileEncoding = 4; lastKnownFileType = sourcecode.cpp.cpp; name = md5meshinst.cpp; path = Source/md5meshinst.cpp; sourceTree = "<group>"; };
		D0ED97FF0D5BC3F500CEF206 /* md3animmeshdouble.h */ = {isa = PBXFileReference; fileEncoding = 4; lastKnownFileType = sourcecode.c.h; name = md3animmeshdouble.h; path = Include/md3animmeshdouble.h; sourceTree = "<group>"; };
		D0ED98010D5BC40600CEF206 /* md3animmeshdouble.cpp */ = {isa = PBXFileReference; fileEncoding = 4; lastKnownFileType = sourcecode.cpp.cpp; name = md3animmeshdouble.cpp; path = Source/md3animmeshdouble.cpp; sourceTree = "<group>"; };
		D0ED98570D5BC78200CEF206 /* md3animmeshinst.h */ = {isa = PBXFileReference; fileEncoding = 4; lastKnownFileType = sourcecode.c.h; name = md3animmeshinst.h; path = Include/md3animmeshinst.h; sourceTree = "<group>"; };
		D0ED98740D5BCA9B00CEF206 /* md3animmeshinst.cpp */ = {isa = PBXFileReference; fileEncoding = 4; lastKnownFileType = sourcecode.cpp.cpp; name = md3animmeshinst.cpp; path = Source/md3animmeshinst.cpp; sourceTree = "<group>"; };
		D0EF57ED0C81C0620085C17B /* md3staticmesh.cpp */ = {isa = PBXFileReference; fileEncoding = 4; lastKnownFileType = sourcecode.cpp.cpp; name = md3staticmesh.cpp; path = Source/md3staticmesh.cpp; sourceTree = "<group>"; };
		D0EF57EF0C81C06E0085C17B /* md3staticmesh.h */ = {isa = PBXFileReference; fileEncoding = 4; lastKnownFileType = sourcecode.c.h; name = md3staticmesh.h; path = Include/md3staticmesh.h; sourceTree = "<group>"; };
		D0EFD1DB0C7DC55A001E861E /* mesh.h */ = {isa = PBXFileReference; fileEncoding = 4; lastKnownFileType = sourcecode.c.h; name = mesh.h; path = Include/mesh.h; sourceTree = "<group>"; };
		D0EFD1DF0C7DC56A001E861E /* mesh.cpp */ = {isa = PBXFileReference; fileEncoding = 4; lastKnownFileType = sourcecode.cpp.cpp; name = mesh.cpp; path = Source/mesh.cpp; sourceTree = "<group>"; };
		D0EFD2FF0C7DCA6F001E861E /* meshgeomlinklist.h */ = {isa = PBXFileReference; fileEncoding = 4; lastKnownFileType = sourcecode.c.h; name = meshgeomlinklist.h; path = Include/meshgeomlinklist.h; sourceTree = "<group>"; };
		D0EFD3260C7DCBD6001E861E /* meshgeomlinklist.cpp */ = {isa = PBXFileReference; fileEncoding = 4; lastKnownFileType = sourcecode.cpp.cpp; name = meshgeomlinklist.cpp; path = Source/meshgeomlinklist.cpp; sourceTree = "<group>"; };
		D0EFD5600C7DD381001E861E /* md3staticmodel.h */ = {isa = PBXFileReference; fileEncoding = 4; lastKnownFileType = sourcecode.c.h; name = md3staticmodel.h; path = Include/md3staticmodel.h; sourceTree = "<group>"; };
		D0EFD5620C7DD38B001E861E /* md3staticmodel.cpp */ = {isa = PBXFileReference; fileEncoding = 4; lastKnownFileType = sourcecode.cpp.cpp; name = md3staticmodel.cpp; path = Source/md3staticmodel.cpp; sourceTree = "<group>"; };
		D0EFD61E0C7DDBD3001E861E /* geometry.cpp */ = {isa = PBXFileReference; fileEncoding = 4; lastKnownFileType = sourcecode.cpp.cpp; name = geometry.cpp; path = Source/geometry.cpp; sourceTree = "<group>"; };
		D0F16B420C79D444004B4E19 /* md3struct.h */ = {isa = PBXFileReference; fileEncoding = 4; lastKnownFileType = sourcecode.c.h; name = md3struct.h; path = Include/md3struct.h; sourceTree = "<group>"; };
		D0F16B770C79D6AC004B4E19 /* md3struct.cpp */ = {isa = PBXFileReference; fileEncoding = 4; lastKnownFileType = sourcecode.cpp.cpp; name = md3struct.cpp; path = Source/md3struct.cpp; sourceTree = "<group>"; };
		D0F16B9F0C79D73B004B4E19 /* md3parser.cpp */ = {isa = PBXFileReference; fileEncoding = 4; lastKnownFileType = sourcecode.cpp.cpp; name = md3parser.cpp; path = Source/md3parser.cpp; sourceTree = "<group>"; };
		D0F16BA10C79D745004B4E19 /* md3parser.h */ = {isa = PBXFileReference; fileEncoding = 4; lastKnownFileType = sourcecode.c.h; name = md3parser.h; path = Include/md3parser.h; sourceTree = "<group>"; };
		D0F16C820C7A1CF8004B4E19 /* rocketl.md3 */ = {isa = PBXFileReference; lastKnownFileType = file; path = rocketl.md3; sourceTree = "<group>"; };
		D0F3713A0C6D02CE00C11F87 /* libtgen_renderer.a */ = {isa = PBXFileReference; explicitFileType = archive.ar; includeInIndex = 0; path = libtgen_renderer.a; sourceTree = BUILT_PRODUCTS_DIR; };
		D0F3713D0C6D02EB00C11F87 /* tgen_renderer.cpp */ = {isa = PBXFileReference; fileEncoding = 4; lastKnownFileType = sourcecode.cpp.cpp; name = tgen_renderer.cpp; path = Source/tgen_renderer.cpp; sourceTree = "<group>"; };
		D0F371420C6D02F800C11F87 /* tgen_renderer.h */ = {isa = PBXFileReference; fileEncoding = 4; lastKnownFileType = sourcecode.c.h; name = tgen_renderer.h; path = Include/tgen_renderer.h; sourceTree = "<group>"; };
		D0F371AB0C6D057000C11F87 /* TGen Math.xcodeproj */ = {isa = PBXFileReference; lastKnownFileType = "wrapper.pb-project"; name = "TGen Math.xcodeproj"; path = "../../../Math/Projects/Xcode/TGen Math.xcodeproj"; sourceTree = SOURCE_ROOT; };
		D0F371B40C6D057400C11F87 /* TGen Core.xcodeproj */ = {isa = PBXFileReference; lastKnownFileType = "wrapper.pb-project"; name = "TGen Core.xcodeproj"; path = "../../../Core/Projects/Xcode/TGen Core.xcodeproj"; sourceTree = SOURCE_ROOT; };
		D0F371BD0C6D057D00C11F87 /* TGen Graphics.xcodeproj */ = {isa = PBXFileReference; lastKnownFileType = "wrapper.pb-project"; name = "TGen Graphics.xcodeproj"; path = "../../../Graphics/Projects/Xcode/TGen Graphics.xcodeproj"; sourceTree = SOURCE_ROOT; };
		D0F50B3D0C6FB302005DB68D /* geometry.h */ = {isa = PBXFileReference; fileEncoding = 4; lastKnownFileType = sourcecode.c.h; name = geometry.h; path = Include/geometry.h; sourceTree = "<group>"; };
		D0F50CCB0C707E64005DB68D /* camera.h */ = {isa = PBXFileReference; fileEncoding = 4; lastKnownFileType = sourcecode.c.h; name = camera.h; path = Include/camera.h; sourceTree = "<group>"; };
		D0F50CCD0C707E6F005DB68D /* camera.cpp */ = {isa = PBXFileReference; fileEncoding = 4; lastKnownFileType = sourcecode.cpp.cpp; name = camera.cpp; path = Source/camera.cpp; sourceTree = "<group>"; };
		D0F50CD50C707ED2005DB68D /* scenenode.h */ = {isa = PBXFileReference; fileEncoding = 4; lastKnownFileType = sourcecode.c.h; name = scenenode.h; path = Include/scenenode.h; sourceTree = "<group>"; };
		D0F50CD70C707EDA005DB68D /* scenenode.cpp */ = {isa = PBXFileReference; fileEncoding = 4; lastKnownFileType = sourcecode.cpp.cpp; name = scenenode.cpp; path = Source/scenenode.cpp; sourceTree = "<group>"; };
		D0F50DD50C7097B7005DB68D /* face.h */ = {isa = PBXFileReference; fileEncoding = 4; lastKnownFileType = sourcecode.c.h; name = face.h; path = Include/face.h; sourceTree = "<group>"; };
		D0F50DD70C7097C1005DB68D /* face.cpp */ = {isa = PBXFileReference; fileEncoding = 4; lastKnownFileType = sourcecode.cpp.cpp; name = face.cpp; path = Source/face.cpp; sourceTree = "<group>"; };
		D0F50F950C70A925005DB68D /* fpscamera.cpp */ = {isa = PBXFileReference; fileEncoding = 4; lastKnownFileType = sourcecode.cpp.cpp; name = fpscamera.cpp; path = Source/fpscamera.cpp; sourceTree = "<group>"; };
		D0F50F970C70A92E005DB68D /* fpscamera.h */ = {isa = PBXFileReference; fileEncoding = 4; lastKnownFileType = sourcecode.c.h; name = fpscamera.h; path = Include/fpscamera.h; sourceTree = "<group>"; };
		D0F511200C70EE76005DB68D /* materialsource.h */ = {isa = PBXFileReference; fileEncoding = 4; lastKnownFileType = sourcecode.c.h; name = materialsource.h; path = Include/materialsource.h; sourceTree = "<group>"; };
		D0F511AF0C70F3FD005DB68D /* printscene.h */ = {isa = PBXFileReference; fileEncoding = 4; lastKnownFileType = sourcecode.c.h; name = printscene.h; path = Include/printscene.h; sourceTree = "<group>"; };
		D0F511B10C70F405005DB68D /* printscene.cpp */ = {isa = PBXFileReference; fileEncoding = 4; lastKnownFileType = sourcecode.cpp.cpp; name = printscene.cpp; path = Source/printscene.cpp; sourceTree = "<group>"; };
		D0F5146B0C7108B9005DB68D /* facelinker.h */ = {isa = PBXFileReference; fileEncoding = 4; lastKnownFileType = sourcecode.c.h; name = facelinker.h; path = Include/facelinker.h; sourceTree = "<group>"; };
		D0F5146D0C7108C1005DB68D /* facelinker.cpp */ = {isa = PBXFileReference; fileEncoding = 4; lastKnownFileType = sourcecode.cpp.cpp; name = facelinker.cpp; path = Source/facelinker.cpp; sourceTree = "<group>"; };
		D0F515220C71150B005DB68D /* renderlist.cpp */ = {isa = PBXFileReference; fileEncoding = 4; lastKnownFileType = sourcecode.cpp.cpp; name = renderlist.cpp; path = Source/renderlist.cpp; sourceTree = "<group>"; };
		D0F515240C711518005DB68D /* renderlist.h */ = {isa = PBXFileReference; fileEncoding = 4; lastKnownFileType = sourcecode.c.h; name = renderlist.h; path = Include/renderlist.h; sourceTree = "<group>"; };
		D0F516B30C711CB3005DB68D /* renderfill.cpp */ = {isa = PBXFileReference; fileEncoding = 4; lastKnownFileType = sourcecode.cpp.cpp; name = renderfill.cpp; path = Source/renderfill.cpp; sourceTree = "<group>"; };
		D0F516B50C711CBD005DB68D /* renderfill.h */ = {isa = PBXFileReference; fileEncoding = 4; lastKnownFileType = sourcecode.c.h; name = renderfill.h; path = Include/renderfill.h; sourceTree = "<group>"; };
		D0F518600C71B781005DB68D /* basicrenderlist.h */ = {isa = PBXFileReference; fileEncoding = 4; lastKnownFileType = sourcecode.c.h; name = basicrenderlist.h; path = Include/basicrenderlist.h; sourceTree = "<group>"; };
		D0F518620C71B789005DB68D /* basicrenderlist.cpp */ = {isa = PBXFileReference; fileEncoding = 4; lastKnownFileType = sourcecode.cpp.cpp; name = basicrenderlist.cpp; path = Source/basicrenderlist.cpp; sourceTree = "<group>"; };
		D0F51B7C0C71C77B005DB68D /* TGen OpenGL.xcodeproj */ = {isa = PBXFileReference; lastKnownFileType = "wrapper.pb-project"; name = "TGen OpenGL.xcodeproj"; path = "../../../OpenGL/Projects/Xcode/TGen OpenGL.xcodeproj"; sourceTree = SOURCE_ROOT; };
		D0F51B8D0C71C799005DB68D /* OpenGL.framework */ = {isa = PBXFileReference; lastKnownFileType = wrapper.framework; name = OpenGL.framework; path = /System/Library/Frameworks/OpenGL.framework; sourceTree = "<absolute>"; };
		D0F51BAA0C71C7C0005DB68D /* GLUT.framework */ = {isa = PBXFileReference; lastKnownFileType = wrapper.framework; name = GLUT.framework; path = /System/Library/Frameworks/GLUT.framework; sourceTree = "<absolute>"; };
		D0F9E9050C8DD8F10055D5CB /* rocketl.jpg */ = {isa = PBXFileReference; lastKnownFileType = image.jpeg; path = rocketl.jpg; sourceTree = "<group>"; };
		D0F9E9070C8DD8FC0055D5CB /* shotgun.md3 */ = {isa = PBXFileReference; lastKnownFileType = file; path = shotgun.md3; sourceTree = "<group>"; };
/* End PBXFileReference section */

/* Begin PBXFrameworksBuildPhase section */
		8DD76F660486A84900D96B5E /* Frameworks */ = {
			isa = PBXFrameworksBuildPhase;
			buildActionMask = 2147483647;
			files = (
				D0F371870C6D044400C11F87 /* libtgen_renderer.a in Frameworks */,
				D04C834A0CCA4A8A00794CEA /* libtgen_opengl.a in Frameworks */,
				D04C83470CCA4A6B00794CEA /* libtgen_graphics.a in Frameworks */,
				D04C83490CCA4A7F00794CEA /* libtgen_math.a in Frameworks */,
				D04C83480CCA4A7500794CEA /* libtgen_core.a in Frameworks */,
				D0F51B8E0C71C799005DB68D /* OpenGL.framework in Frameworks */,
				D0F51BAB0C71C7C0005DB68D /* GLUT.framework in Frameworks */,
				D009FEC10C75E17D00A5CBE7 /* SDL.framework in Frameworks */,
				D009FF3E0C75E22800A5CBE7 /* Cocoa.framework in Frameworks */,
			);
			runOnlyForDeploymentPostprocessing = 0;
		};
		D0F371380C6D02CE00C11F87 /* Frameworks */ = {
			isa = PBXFrameworksBuildPhase;
			buildActionMask = 2147483647;
			files = (
			);
			runOnlyForDeploymentPostprocessing = 0;
		};
/* End PBXFrameworksBuildPhase section */

/* Begin PBXGroup section */
		08FB7794FE84155DC02AAC07 /* TGen Renderer */ = {
			isa = PBXGroup;
			children = (
				D0F16C810C7A1CE7004B4E19 /* Resources */,
				D0F371550C6D034500C11F87 /* Dependencies */,
				08FB7795FE84155DC02AAC07 /* Renderer */,
				C6859E8C029090F304C91782 /* Documentation */,
				1AB674ADFE9D54B511CA2CBB /* Products */,
			);
			name = "TGen Renderer";
			sourceTree = "<group>";
		};
		08FB7795FE84155DC02AAC07 /* Renderer */ = {
			isa = PBXGroup;
			children = (
				D0F371220C6D024400C11F87 /* Test */,
				D0F3713D0C6D02EB00C11F87 /* tgen_renderer.cpp */,
				D0F371420C6D02F800C11F87 /* tgen_renderer.h */,
				D0EFD61E0C7DDBD3001E861E /* geometry.cpp */,
				D0F50B3D0C6FB302005DB68D /* geometry.h */,
				D009E5020C71D92D00A5CBE7 /* lodgeometry.cpp */,
				D009E5040C71D93900A5CBE7 /* lodgeometry.h */,
				D009E5900C71DBCF00A5CBE7 /* staticgeometry.cpp */,
				D009E58A0C71DBC300A5CBE7 /* staticgeometry.h */,
				D009E5BA0C71DC4C00A5CBE7 /* meshgeometry.cpp */,
				D009E5BC0C71DC5600A5CBE7 /* meshgeometry.h */,
				D0EFD1DF0C7DC56A001E861E /* mesh.cpp */,
				D0EFD1DB0C7DC55A001E861E /* mesh.h */,
				D0EFD3260C7DCBD6001E861E /* meshgeomlinklist.cpp */,
				D0EFD2FF0C7DCA6F001E861E /* meshgeomlinklist.h */,
				D009E6430C71E39200A5CBE7 /* animatingmeshgeometry.cpp */,
				D009E6410C71E38700A5CBE7 /* animatingmeshgeometry.h */,
				D0F50DD70C7097C1005DB68D /* face.cpp */,
				D0F50DD50C7097B7005DB68D /* face.h */,
				D0F511200C70EE76005DB68D /* materialsource.h */,
				D009E5E50C71DD7D00A5CBE7 /* meshsource.h */,
				D074B4BB0D5612B6000B91E1 /* modelinstantiator.h */,
				D0219FE70D5613E70039323A /* modelinstantiatepool.cpp */,
				D0219FE50D5613D40039323A /* modelinstantiatepool.h */,
				D098D4C20D9A80C8003B0486 /* vertextransformer.h */,
				D098D52B0D9A822E003B0486 /* vertextransformlist.cpp */,
				D098D5270D9A81A9003B0486 /* vertextransformlist.h */,
				D098D55B0D9A833A003B0486 /* vertexscaler.cpp */,
				D098D5550D9A82CB003B0486 /* vertexscaler.h */,
				D098D6610D9A8FD4003B0486 /* vertexswapper.cpp */,
				D098D65D0D9A8F4B003B0486 /* vertexswapper.h */,
				D07B896C0DD0E992001A38EC /* vertexoffsetter.cpp */,
				D07B896A0DD0E962001A38EC /* vertexoffsetter.h */,
				D09687480E06B21900231EC0 /* vertexmattransformer.cpp */,
				D09687460E06B20600231EC0 /* vertexmattransformer.h */,
				D0F5185F0C71B756005DB68D /* Render Lists */,
				D0F371A20C6D049500C11F87 /* bsp */,
				D0F371A30C6D049C00C11F87 /* md3 */,
				D073D4760D427E5000D3C858 /* md5 */,
				D0F371A40C6D04AF00C11F87 /* Scene Graph */,
				D074B2960D55FFBA000B91E1 /* model_new.cpp */,
				D074B2940D55FF39000B91E1 /* model_new.h */,
				D074B2B20D5600BF000B91E1 /* modelinstance_new.cpp */,
				D074B2B00D56007F000B91E1 /* modelinstance_new.h */,
				D074B2E80D5601AC000B91E1 /* mesh_new.cpp */,
				D074B2E60D56019C000B91E1 /* mesh_new.h */,
				D074B2EC0D56026E000B91E1 /* meshinstance_new.cpp */,
				D074B2EA0D560256000B91E1 /* meshinstance_new.h */,
				D074B3490D56041E000B91E1 /* face_new.cpp */,
				D074B3470D560411000B91E1 /* face_new.h */,
				D074B4890D561188000B91E1 /* modelinstanceproxy.cpp */,
				D074B4720D560F61000B91E1 /* modelinstanceproxy.h */,
				D09BF42E0E1FD78800AE0941 /* modelrenderproperties.h */,
				D087F4C80D56512A00442D40 /* modeljoint.h */,
				D076D1B20D67016600AF2F32 /* metawriter.h */,
			);
			name = Renderer;
			path = ../..;
			sourceTree = "<group>";
		};
		1AB674ADFE9D54B511CA2CBB /* Products */ = {
			isa = PBXGroup;
			children = (
				D0F3713A0C6D02CE00C11F87 /* libtgen_renderer.a */,
				8DD76F6C0486A84900D96B5E /* TGen Renderer */,
			);
			name = Products;
			sourceTree = "<group>";
		};
		C6859E8C029090F304C91782 /* Documentation */ = {
			isa = PBXGroup;
			children = (
				C6859E8B029090EE04C91782 /* TGen Renderer.1 */,
			);
			name = Documentation;
			sourceTree = "<group>";
		};
		D04C81590CCA468400794CEA /* Products */ = {
			isa = PBXGroup;
			children = (
				D04C815E0CCA468400794CEA /* TGen OpenGL */,
				D04C81600CCA468400794CEA /* libtgen_opengl.a */,
			);
			name = Products;
			sourceTree = "<group>";
		};
		D04C81670CCA468E00794CEA /* Products */ = {
			isa = PBXGroup;
			children = (
				D04C816C0CCA468E00794CEA /* TGen Math */,
				D04C816E0CCA468E00794CEA /* libtgen_math.a */,
			);
			name = Products;
			sourceTree = "<group>";
		};
		D04C81740CCA469B00794CEA /* Products */ = {
			isa = PBXGroup;
			children = (
				D04C817B0CCA469B00794CEA /* libtgen_core.a */,
				D0B6499E0CE6959700B93A85 /* TGen Core Test */,
			);
			name = Products;
			sourceTree = "<group>";
		};
		D04C81830CCA46A700794CEA /* Products */ = {
			isa = PBXGroup;
			children = (
				D04C81880CCA46A700794CEA /* TGen Graphics */,
				D04C818A0CCA46A700794CEA /* libtgen_graphics.a */,
			);
			name = Products;
			sourceTree = "<group>";
		};
		D073D4760D427E5000D3C858 /* md5 */ = {
			isa = PBXGroup;
			children = (
				D073D4790D427E9300D3C858 /* md5modelparser.cpp */,
				D073D4770D427E8400D3C858 /* md5modelparser.h */,
				D073D5890D42846F00D3C858 /* md5tokenizer.cpp */,
				D073D57F0D42846200D3C858 /* md5tokenizer.h */,
				D073D4C70D42806900D3C858 /* md5modelfile.cpp */,
				D073D4C50D42805C00D3C858 /* md5modelfile.h */,
				D09030B40D47D9A200074021 /* md5model.cpp */,
				D09030B20D47D98D00074021 /* md5model.h */,
				D0BF7FCD0D5F820E0094D533 /* md5modelinst.cpp */,
				D0BF7FCF0D5F82270094D533 /* md5modelinst.h */,
				D073D47D0D427EC200D3C858 /* md5mesh.cpp */,
				D073D47B0D427EB600D3C858 /* md5mesh.h */,
				D0BF800E0D5F850B0094D533 /* md5meshinst.cpp */,
				D0BF800C0D5F84FB0094D533 /* md5meshinst.h */,
			);
			name = md5;
			sourceTree = "<group>";
		};
		D0ED98400D5BC73D00CEF206 /* mesh */ = {
			isa = PBXGroup;
			children = (
				D0EF57ED0C81C0620085C17B /* md3staticmesh.cpp */,
				D0EF57EF0C81C06E0085C17B /* md3staticmesh.h */,
				D087F6DC0D56647A00442D40 /* md3animmesh.cpp */,
				D087F6DA0D56646900442D40 /* md3animmesh.h */,
				D0ED98740D5BCA9B00CEF206 /* md3animmeshinst.cpp */,
				D0ED98570D5BC78200CEF206 /* md3animmeshinst.h */,
				D01C40860D5674DB0028A06F /* md3animmeshsingle.cpp */,
				D01C40840D5674CA0028A06F /* md3animmeshsingle.h */,
				D0ED98010D5BC40600CEF206 /* md3animmeshdouble.cpp */,
				D0ED97FF0D5BC3F500CEF206 /* md3animmeshdouble.h */,
			);
			name = mesh;
			sourceTree = "<group>";
		};
		D0ED98410D5BC75300CEF206 /* model */ = {
			isa = PBXGroup;
			children = (
				D0EFD5620C7DD38B001E861E /* md3staticmodel.cpp */,
				D0EFD5600C7DD381001E861E /* md3staticmodel.h */,
				D087F6B90D56625C00442D40 /* md3animmodel.cpp */,
				D087F6B70D56624C00442D40 /* md3animmodel.h */,
				D01C40010D56709C0028A06F /* md3animmodelinst.cpp */,
				D01C3FFF0D5670890028A06F /* md3animmodelinst.h */,
			);
			name = model;
			sourceTree = "<group>";
		};
		D0F16C810C7A1CE7004B4E19 /* Resources */ = {
			isa = PBXGroup;
			children = (
				D073D4710D427E2000D3C858 /* zsecpistol.md5mesh */,
				D04C814F0CCA466000794CEA /* railgun.md3 */,
				D0F16C820C7A1CF8004B4E19 /* rocketl.md3 */,
				D0F9E9070C8DD8FC0055D5CB /* shotgun.md3 */,
				D09034450D4803F400074021 /* zfat.md5mesh */,
				D0F9E9050C8DD8F10055D5CB /* rocketl.jpg */,
				D087F46F0D564DBA00442D40 /* upper.md3 */,
				D036C1DE0D5681D400916AC6 /* doom.tga */,
			);
			name = Resources;
			path = ..;
			sourceTree = "<group>";
		};
		D0F371220C6D024400C11F87 /* Test */ = {
			isa = PBXGroup;
			children = (
				D009078E0C75FBED00A5CBE7 /* SDLMain.h */,
				D009078F0C75FBED00A5CBE7 /* SDLMain.m */,
				08FB7796FE84155DC02AAC07 /* main.cpp */,
				D009FE670C75E0AC00A5CBE7 /* ogltest.cpp */,
			);
			name = Test;
			path = Source/Test;
			sourceTree = "<group>";
		};
		D0F371550C6D034500C11F87 /* Dependencies */ = {
			isa = PBXGroup;
			children = (
				D009FF3D0C75E22800A5CBE7 /* Cocoa.framework */,
				D009FEC00C75E17D00A5CBE7 /* SDL.framework */,
				D0F51BAA0C71C7C0005DB68D /* GLUT.framework */,
				D0F51B8D0C71C799005DB68D /* OpenGL.framework */,
				D0F51B7C0C71C77B005DB68D /* TGen OpenGL.xcodeproj */,
				D0F371AB0C6D057000C11F87 /* TGen Math.xcodeproj */,
				D0F371B40C6D057400C11F87 /* TGen Core.xcodeproj */,
				D0F371BD0C6D057D00C11F87 /* TGen Graphics.xcodeproj */,
			);
			name = Dependencies;
			sourceTree = "<group>";
		};
		D0F371A20C6D049500C11F87 /* bsp */ = {
			isa = PBXGroup;
			children = (
			);
			name = bsp;
			sourceTree = "<group>";
		};
		D0F371A30C6D049C00C11F87 /* md3 */ = {
			isa = PBXGroup;
			children = (
				D0F16B770C79D6AC004B4E19 /* md3struct.cpp */,
				D0F16B420C79D444004B4E19 /* md3struct.h */,
				D0F16B9F0C79D73B004B4E19 /* md3parser.cpp */,
				D0F16BA10C79D745004B4E19 /* md3parser.h */,
				D0ED98410D5BC75300CEF206 /* model */,
				D0ED98400D5BC73D00CEF206 /* mesh */,
			);
			name = md3;
			sourceTree = "<group>";
		};
		D0F371A40C6D04AF00C11F87 /* Scene Graph */ = {
			isa = PBXGroup;
			children = (
				D0F50CD70C707EDA005DB68D /* scenenode.cpp */,
				D0F50CD50C707ED2005DB68D /* scenenode.h */,
				D050081A0DA66C540018EC08 /* scenenoderenderable.cpp */,
				D05008160DA66C1F0018EC08 /* scenenoderenderable.h */,
				D0F50CCD0C707E6F005DB68D /* camera.cpp */,
				D0F50CCB0C707E64005DB68D /* camera.h */,
				D0F50F950C70A925005DB68D /* fpscamera.cpp */,
				D0F50F970C70A92E005DB68D /* fpscamera.h */,
				D0F511A40C70F3B1005DB68D /* Walkers */,
			);
			name = "Scene Graph";
			sourceTree = "<group>";
		};
		D0F511A40C70F3B1005DB68D /* Walkers */ = {
			isa = PBXGroup;
			children = (
				D0F511B10C70F405005DB68D /* printscene.cpp */,
				D0F511AF0C70F3FD005DB68D /* printscene.h */,
				D0F5146D0C7108C1005DB68D /* facelinker.cpp */,
				D0F5146B0C7108B9005DB68D /* facelinker.h */,
				D0F516B30C711CB3005DB68D /* renderfill.cpp */,
				D0F516B50C711CBD005DB68D /* renderfill.h */,
			);
			name = Walkers;
			sourceTree = "<group>";
		};
		D0F5185F0C71B756005DB68D /* Render Lists */ = {
			isa = PBXGroup;
			children = (
				D0F515220C71150B005DB68D /* renderlist.cpp */,
				D0F515240C711518005DB68D /* renderlist.h */,
				D0F518620C71B789005DB68D /* basicrenderlist.cpp */,
				D0F518600C71B781005DB68D /* basicrenderlist.h */,
			);
			name = "Render Lists";
			sourceTree = "<group>";
		};
/* End PBXGroup section */

/* Begin PBXHeadersBuildPhase section */
		D0F371360C6D02CE00C11F87 /* Headers */ = {
			isa = PBXHeadersBuildPhase;
			buildActionMask = 2147483647;
			files = (
				D0F371430C6D02F800C11F87 /* tgen_renderer.h in Headers */,
				D0F50B3E0C6FB302005DB68D /* geometry.h in Headers */,
				D0F50CCC0C707E64005DB68D /* camera.h in Headers */,
				D0F50CD60C707ED2005DB68D /* scenenode.h in Headers */,
				D0F50DD60C7097B7005DB68D /* face.h in Headers */,
				D0F50F980C70A92E005DB68D /* fpscamera.h in Headers */,
				D0F511210C70EE76005DB68D /* materialsource.h in Headers */,
				D0F511B00C70F3FD005DB68D /* printscene.h in Headers */,
				D0F5146C0C7108B9005DB68D /* facelinker.h in Headers */,
				D0F515250C711518005DB68D /* renderlist.h in Headers */,
				D0F516B60C711CBD005DB68D /* renderfill.h in Headers */,
				D0F518610C71B781005DB68D /* basicrenderlist.h in Headers */,
				D009E5050C71D93900A5CBE7 /* lodgeometry.h in Headers */,
				D009E58B0C71DBC300A5CBE7 /* staticgeometry.h in Headers */,
				D009E5BD0C71DC5600A5CBE7 /* meshgeometry.h in Headers */,
				D009E5E60C71DD7D00A5CBE7 /* meshsource.h in Headers */,
				D009E6420C71E38700A5CBE7 /* animatingmeshgeometry.h in Headers */,
				D0F16B430C79D444004B4E19 /* md3struct.h in Headers */,
				D0F16BA20C79D745004B4E19 /* md3parser.h in Headers */,
				D0EFD1DC0C7DC55A001E861E /* mesh.h in Headers */,
				D0EFD3000C7DCA6F001E861E /* meshgeomlinklist.h in Headers */,
				D0EFD5610C7DD381001E861E /* md3staticmodel.h in Headers */,
				D0EF57F00C81C06E0085C17B /* md3staticmesh.h in Headers */,
				D073D4780D427E8400D3C858 /* md5modelparser.h in Headers */,
				D073D47C0D427EB600D3C858 /* md5mesh.h in Headers */,
				D073D4C60D42805C00D3C858 /* md5modelfile.h in Headers */,
				D073D5800D42846200D3C858 /* md5tokenizer.h in Headers */,
				D09030B30D47D98D00074021 /* md5model.h in Headers */,
				D074B2950D55FF39000B91E1 /* model_new.h in Headers */,
				D074B2B10D56007F000B91E1 /* modelinstance_new.h in Headers */,
				D074B2E70D56019C000B91E1 /* mesh_new.h in Headers */,
				D074B2EB0D560256000B91E1 /* meshinstance_new.h in Headers */,
				D074B3480D560411000B91E1 /* face_new.h in Headers */,
				D074B4730D560F61000B91E1 /* modelinstanceproxy.h in Headers */,
				D074B4BC0D5612B6000B91E1 /* modelinstantiator.h in Headers */,
				D0219FE60D5613D40039323A /* modelinstantiatepool.h in Headers */,
				D087F4C90D56512A00442D40 /* modeljoint.h in Headers */,
				D087F6B80D56624C00442D40 /* md3animmodel.h in Headers */,
				D087F6DB0D56646900442D40 /* md3animmesh.h in Headers */,
				D01C40000D5670890028A06F /* md3animmodelinst.h in Headers */,
				D01C40850D5674CA0028A06F /* md3animmeshsingle.h in Headers */,
				D0ED98000D5BC3F500CEF206 /* md3animmeshdouble.h in Headers */,
				D0ED98580D5BC78200CEF206 /* md3animmeshinst.h in Headers */,
				D0BF7FD00D5F82270094D533 /* md5modelinst.h in Headers */,
				D0BF800D0D5F84FB0094D533 /* md5meshinst.h in Headers */,
				D076D1B30D67016600AF2F32 /* metawriter.h in Headers */,
				D098D4C30D9A80C8003B0486 /* vertextransformer.h in Headers */,
				D098D5280D9A81A9003B0486 /* vertextransformlist.h in Headers */,
				D098D5560D9A82CB003B0486 /* vertexscaler.h in Headers */,
				D098D65E0D9A8F4B003B0486 /* vertexswapper.h in Headers */,
				D05008170DA66C1F0018EC08 /* scenenoderenderable.h in Headers */,
				D07B896B0DD0E962001A38EC /* vertexoffsetter.h in Headers */,
				D09687470E06B20600231EC0 /* vertexmattransformer.h in Headers */,
				D09BF42F0E1FD78800AE0941 /* modelrenderproperties.h in Headers */,
			);
			runOnlyForDeploymentPostprocessing = 0;
		};
/* End PBXHeadersBuildPhase section */

/* Begin PBXNativeTarget section */
		8DD76F620486A84900D96B5E /* TGen Renderer */ = {
			isa = PBXNativeTarget;
			buildConfigurationList = 1DEB923108733DC60010E9CD /* Build configuration list for PBXNativeTarget "TGen Renderer" */;
			buildPhases = (
				8DD76F640486A84900D96B5E /* Sources */,
				8DD76F660486A84900D96B5E /* Frameworks */,
				D0C0F3960C7A1DF6006ED8B4 /* CopyFiles */,
				8DD76F690486A84900D96B5E /* CopyFiles */,
			);
			buildRules = (
			);
			dependencies = (
				D0F371500C6D033200C11F87 /* PBXTargetDependency */,
				D0450BF70CCA4CB400832ABC /* PBXTargetDependency */,
			);
			name = "TGen Renderer";
			productInstallPath = "$(HOME)/bin";
			productName = "TGen Renderer";
			productReference = 8DD76F6C0486A84900D96B5E /* TGen Renderer */;
			productType = "com.apple.product-type.tool";
		};
		D0F371390C6D02CE00C11F87 /* tgen_renderer */ = {
			isa = PBXNativeTarget;
			buildConfigurationList = D0F3713F0C6D02EB00C11F87 /* Build configuration list for PBXNativeTarget "tgen_renderer" */;
			buildPhases = (
				D0F371360C6D02CE00C11F87 /* Headers */,
				D0F371370C6D02CE00C11F87 /* Sources */,
				D0F371380C6D02CE00C11F87 /* Frameworks */,
			);
			buildRules = (
			);
			dependencies = (
				D0450BFB0CCA4CBE00832ABC /* PBXTargetDependency */,
			);
			name = tgen_renderer;
			productName = tgen_renderer;
			productReference = D0F3713A0C6D02CE00C11F87 /* libtgen_renderer.a */;
			productType = "com.apple.product-type.library.static";
		};
/* End PBXNativeTarget section */

/* Begin PBXProject section */
		08FB7793FE84155DC02AAC07 /* Project object */ = {
			isa = PBXProject;
			attributes = {
				BuildIndependentTargetsInParallel = YES;
			};
			buildConfigurationList = 1DEB923508733DC60010E9CD /* Build configuration list for PBXProject "TGen Renderer" */;
			compatibilityVersion = "Xcode 3.0";
			hasScannedForEncodings = 1;
			mainGroup = 08FB7794FE84155DC02AAC07 /* TGen Renderer */;
			projectDirPath = "";
			projectReferences = (
				{
					ProductGroup = D04C81740CCA469B00794CEA /* Products */;
					ProjectRef = D0F371B40C6D057400C11F87 /* TGen Core.xcodeproj */;
				},
				{
					ProductGroup = D04C81830CCA46A700794CEA /* Products */;
					ProjectRef = D0F371BD0C6D057D00C11F87 /* TGen Graphics.xcodeproj */;
				},
				{
					ProductGroup = D04C81670CCA468E00794CEA /* Products */;
					ProjectRef = D0F371AB0C6D057000C11F87 /* TGen Math.xcodeproj */;
				},
				{
					ProductGroup = D04C81590CCA468400794CEA /* Products */;
					ProjectRef = D0F51B7C0C71C77B005DB68D /* TGen OpenGL.xcodeproj */;
				},
			);
			projectRoot = ../..;
			targets = (
				8DD76F620486A84900D96B5E /* TGen Renderer */,
				D0F371390C6D02CE00C11F87 /* tgen_renderer */,
			);
		};
/* End PBXProject section */

/* Begin PBXReferenceProxy section */
		D04C815E0CCA468400794CEA /* TGen OpenGL */ = {
			isa = PBXReferenceProxy;
			fileType = "compiled.mach-o.executable";
			path = "TGen OpenGL";
			remoteRef = D04C815D0CCA468400794CEA /* PBXContainerItemProxy */;
			sourceTree = BUILT_PRODUCTS_DIR;
		};
		D04C81600CCA468400794CEA /* libtgen_opengl.a */ = {
			isa = PBXReferenceProxy;
			fileType = archive.ar;
			path = libtgen_opengl.a;
			remoteRef = D04C815F0CCA468400794CEA /* PBXContainerItemProxy */;
			sourceTree = BUILT_PRODUCTS_DIR;
		};
		D04C816C0CCA468E00794CEA /* TGen Math */ = {
			isa = PBXReferenceProxy;
			fileType = "compiled.mach-o.executable";
			path = "TGen Math";
			remoteRef = D04C816B0CCA468E00794CEA /* PBXContainerItemProxy */;
			sourceTree = BUILT_PRODUCTS_DIR;
		};
		D04C816E0CCA468E00794CEA /* libtgen_math.a */ = {
			isa = PBXReferenceProxy;
			fileType = archive.ar;
			path = libtgen_math.a;
			remoteRef = D04C816D0CCA468E00794CEA /* PBXContainerItemProxy */;
			sourceTree = BUILT_PRODUCTS_DIR;
		};
		D04C817B0CCA469B00794CEA /* libtgen_core.a */ = {
			isa = PBXReferenceProxy;
			fileType = archive.ar;
			path = libtgen_core.a;
			remoteRef = D04C817A0CCA469B00794CEA /* PBXContainerItemProxy */;
			sourceTree = BUILT_PRODUCTS_DIR;
		};
		D04C81880CCA46A700794CEA /* TGen Graphics */ = {
			isa = PBXReferenceProxy;
			fileType = "compiled.mach-o.executable";
			path = "TGen Graphics";
			remoteRef = D04C81870CCA46A700794CEA /* PBXContainerItemProxy */;
			sourceTree = BUILT_PRODUCTS_DIR;
		};
		D04C818A0CCA46A700794CEA /* libtgen_graphics.a */ = {
			isa = PBXReferenceProxy;
			fileType = archive.ar;
			path = libtgen_graphics.a;
			remoteRef = D04C81890CCA46A700794CEA /* PBXContainerItemProxy */;
			sourceTree = BUILT_PRODUCTS_DIR;
		};
		D0B6499E0CE6959700B93A85 /* TGen Core Test */ = {
			isa = PBXReferenceProxy;
			fileType = "compiled.mach-o.executable";
			path = "TGen Core Test";
			remoteRef = D0B6499D0CE6959700B93A85 /* PBXContainerItemProxy */;
			sourceTree = BUILT_PRODUCTS_DIR;
		};
/* End PBXReferenceProxy section */

/* Begin PBXSourcesBuildPhase section */
		8DD76F640486A84900D96B5E /* Sources */ = {
			isa = PBXSourcesBuildPhase;
			buildActionMask = 2147483647;
			files = (
				D009FE680C75E0AC00A5CBE7 /* ogltest.cpp in Sources */,
				D00907910C75FBED00A5CBE7 /* SDLMain.m in Sources */,
			);
			runOnlyForDeploymentPostprocessing = 0;
		};
		D0F371370C6D02CE00C11F87 /* Sources */ = {
			isa = PBXSourcesBuildPhase;
			buildActionMask = 2147483647;
			files = (
				D0F3713E0C6D02EB00C11F87 /* tgen_renderer.cpp in Sources */,
				D0F50CCE0C707E6F005DB68D /* camera.cpp in Sources */,
				D0F50CD80C707EDA005DB68D /* scenenode.cpp in Sources */,
				D0F50DD80C7097C1005DB68D /* face.cpp in Sources */,
				D0F50F960C70A925005DB68D /* fpscamera.cpp in Sources */,
				D0F511B20C70F405005DB68D /* printscene.cpp in Sources */,
				D0F5146E0C7108C1005DB68D /* facelinker.cpp in Sources */,
				D0F515230C71150B005DB68D /* renderlist.cpp in Sources */,
				D0F516B40C711CB3005DB68D /* renderfill.cpp in Sources */,
				D0F518630C71B789005DB68D /* basicrenderlist.cpp in Sources */,
				D009E5030C71D92D00A5CBE7 /* lodgeometry.cpp in Sources */,
				D009E5910C71DBCF00A5CBE7 /* staticgeometry.cpp in Sources */,
				D009E5BB0C71DC4C00A5CBE7 /* meshgeometry.cpp in Sources */,
				D009E6440C71E39200A5CBE7 /* animatingmeshgeometry.cpp in Sources */,
				D0F16B780C79D6AC004B4E19 /* md3struct.cpp in Sources */,
				D0F16BA00C79D73B004B4E19 /* md3parser.cpp in Sources */,
				D0EFD1E00C7DC56A001E861E /* mesh.cpp in Sources */,
				D0EFD3270C7DCBD6001E861E /* meshgeomlinklist.cpp in Sources */,
				D0EFD5630C7DD38B001E861E /* md3staticmodel.cpp in Sources */,
				D0EFD61F0C7DDBD3001E861E /* geometry.cpp in Sources */,
				D0EF57EE0C81C0620085C17B /* md3staticmesh.cpp in Sources */,
				D073D47A0D427E9300D3C858 /* md5modelparser.cpp in Sources */,
				D073D47E0D427EC200D3C858 /* md5mesh.cpp in Sources */,
				D073D4C80D42806900D3C858 /* md5modelfile.cpp in Sources */,
				D073D58A0D42846F00D3C858 /* md5tokenizer.cpp in Sources */,
				D09030B50D47D9A200074021 /* md5model.cpp in Sources */,
				D074B2970D55FFBA000B91E1 /* model_new.cpp in Sources */,
				D074B2B30D5600BF000B91E1 /* modelinstance_new.cpp in Sources */,
				D074B2E90D5601AC000B91E1 /* mesh_new.cpp in Sources */,
				D074B2ED0D56026E000B91E1 /* meshinstance_new.cpp in Sources */,
				D074B34A0D56041E000B91E1 /* face_new.cpp in Sources */,
				D074B48A0D561188000B91E1 /* modelinstanceproxy.cpp in Sources */,
				D0219FE80D5613E70039323A /* modelinstantiatepool.cpp in Sources */,
				D087F6BA0D56625C00442D40 /* md3animmodel.cpp in Sources */,
				D087F6DD0D56647A00442D40 /* md3animmesh.cpp in Sources */,
				D01C40020D56709C0028A06F /* md3animmodelinst.cpp in Sources */,
				D01C40870D5674DB0028A06F /* md3animmeshsingle.cpp in Sources */,
				D0ED98020D5BC40600CEF206 /* md3animmeshdouble.cpp in Sources */,
				D0ED98750D5BCA9B00CEF206 /* md3animmeshinst.cpp in Sources */,
				D0BF7FCE0D5F820E0094D533 /* md5modelinst.cpp in Sources */,
				D0BF800F0D5F850B0094D533 /* md5meshinst.cpp in Sources */,
				D098D52C0D9A822E003B0486 /* vertextransformlist.cpp in Sources */,
				D098D55C0D9A833A003B0486 /* vertexscaler.cpp in Sources */,
				D098D6620D9A8FD4003B0486 /* vertexswapper.cpp in Sources */,
				D050081B0DA66C540018EC08 /* scenenoderenderable.cpp in Sources */,
				D07B896D0DD0E992001A38EC /* vertexoffsetter.cpp in Sources */,
				D09687490E06B21900231EC0 /* vertexmattransformer.cpp in Sources */,
			);
			runOnlyForDeploymentPostprocessing = 0;
		};
/* End PBXSourcesBuildPhase section */

/* Begin PBXTargetDependency section */
		D0450BF70CCA4CB400832ABC /* PBXTargetDependency */ = {
			isa = PBXTargetDependency;
			name = tgen_opengl;
			targetProxy = D0450BF60CCA4CB400832ABC /* PBXContainerItemProxy */;
		};
		D0450BFB0CCA4CBE00832ABC /* PBXTargetDependency */ = {
			isa = PBXTargetDependency;
			name = tgen_graphics;
			targetProxy = D0450BFA0CCA4CBE00832ABC /* PBXContainerItemProxy */;
		};
		D0F371500C6D033200C11F87 /* PBXTargetDependency */ = {
			isa = PBXTargetDependency;
			target = D0F371390C6D02CE00C11F87 /* tgen_renderer */;
			targetProxy = D0F3714F0C6D033200C11F87 /* PBXContainerItemProxy */;
		};
/* End PBXTargetDependency section */

/* Begin XCBuildConfiguration section */
		1DEB923208733DC60010E9CD /* Debug */ = {
			isa = XCBuildConfiguration;
			buildSettings = {
				COPY_PHASE_STRIP = NO;
				GCC_DYNAMIC_NO_PIC = NO;
				GCC_ENABLE_FIX_AND_CONTINUE = YES;
				GCC_MODEL_TUNING = G5;
				GCC_OPTIMIZATION_LEVEL = 0;
				HEADER_SEARCH_PATHS = (
					../../../OpenGL/Include/,
					../../../Core/Include/,
					../../../Math/Include/,
					../../../Graphics/Include/,
					/usr/local/include/,
				);
				INSTALL_PATH = "$(HOME)/bin";
				LIBRARY_SEARCH_PATHS = (
					"$(inherited)",
					"$(LIBRARY_SEARCH_PATHS_QUOTED_1)",
				);
				LIBRARY_SEARCH_PATHS_QUOTED_1 = "\"$(SRCROOT)/build/Debug\"";
				PRODUCT_NAME = "TGen Renderer";
				ZERO_LINK = YES;
			};
			name = Debug;
		};
		1DEB923308733DC60010E9CD /* Release */ = {
			isa = XCBuildConfiguration;
			buildSettings = {
				ARCHS = i386;
				GCC_GENERATE_DEBUGGING_SYMBOLS = NO;
				GCC_MODEL_TUNING = G5;
				HEADER_SEARCH_PATHS = (
					../../../OpenGL/Include/,
					../../../Core/Include/,
					../../../Math/Include/,
					../../../Graphics/Include/,
					/usr/local/include/,
				);
				INSTALL_PATH = "$(HOME)/bin";
				LIBRARY_SEARCH_PATHS = (
					"$(inherited)",
					"$(LIBRARY_SEARCH_PATHS_QUOTED_1)",
				);
				LIBRARY_SEARCH_PATHS_QUOTED_1 = "\"$(SRCROOT)/build/Debug\"";
				PRODUCT_NAME = "TGen Renderer";
			};
			name = Release;
		};
		1DEB923608733DC60010E9CD /* Debug */ = {
			isa = XCBuildConfiguration;
			buildSettings = {
				GCC_WARN_ABOUT_RETURN_TYPE = YES;
				GCC_WARN_UNUSED_VARIABLE = YES;
				PREBINDING = NO;
				SDKROOT = "$(DEVELOPER_SDK_DIR)/MacOSX10.5.sdk";
			};
			name = Debug;
		};
		1DEB923708733DC60010E9CD /* Release */ = {
			isa = XCBuildConfiguration;
			buildSettings = {
				GCC_WARN_ABOUT_RETURN_TYPE = YES;
				GCC_WARN_UNUSED_VARIABLE = YES;
				PREBINDING = NO;
				SDKROOT = "$(DEVELOPER_SDK_DIR)/MacOSX10.5.sdk";
			};
			name = Release;
		};
		D0F371400C6D02EB00C11F87 /* Debug */ = {
			isa = XCBuildConfiguration;
			buildSettings = {
				COPY_PHASE_STRIP = NO;
				GCC_DYNAMIC_NO_PIC = NO;
				GCC_ENABLE_FIX_AND_CONTINUE = YES;
				GCC_GENERATE_DEBUGGING_SYMBOLS = YES;
				GCC_MODEL_TUNING = G5;
				GCC_OPTIMIZATION_LEVEL = 0;
				HEADER_SEARCH_PATHS = (
					../../../OpenGL/Include/,
					../../../Core/Include/,
					../../../Math/Include/,
					../../../Graphics/Include/,
				);
				INSTALL_PATH = /usr/local/lib;
				OTHER_CFLAGS = "-D_DEBUG";
				PREBINDING = NO;
				PRODUCT_NAME = tgen_renderer;
				USER_HEADER_SEARCH_PATHS = "";
				ZERO_LINK = YES;
			};
			name = Debug;
		};
		D0F371410C6D02EB00C11F87 /* Release */ = {
			isa = XCBuildConfiguration;
			buildSettings = {
				COPY_PHASE_STRIP = YES;
				DEPLOYMENT_LOCATION = YES;
				DSTROOT = ../../../Combined/;
				GCC_ENABLE_FIX_AND_CONTINUE = NO;
				GCC_GENERATE_DEBUGGING_SYMBOLS = NO;
				GCC_MODEL_TUNING = G5;
				HEADER_SEARCH_PATHS = (
					../../../OpenGL/Include/,
					../../../Core/Include/,
					../../../Math/Include/,
					../../../Graphics/Include/,
				);
				INSTALL_PATH = /lib/;
				PREBINDING = NO;
				PRODUCT_NAME = tgen_renderer;
				PUBLIC_HEADERS_FOLDER_PATH = /include/;
				USER_HEADER_SEARCH_PATHS = "";
				ZERO_LINK = NO;
			};
			name = Release;
		};
/* End XCBuildConfiguration section */

/* Begin XCConfigurationList section */
		1DEB923108733DC60010E9CD /* Build configuration list for PBXNativeTarget "TGen Renderer" */ = {
			isa = XCConfigurationList;
			buildConfigurations = (
				1DEB923208733DC60010E9CD /* Debug */,
				1DEB923308733DC60010E9CD /* Release */,
			);
			defaultConfigurationIsVisible = 0;
			defaultConfigurationName = Release;
		};
		1DEB923508733DC60010E9CD /* Build configuration list for PBXProject "TGen Renderer" */ = {
			isa = XCConfigurationList;
			buildConfigurations = (
				1DEB923608733DC60010E9CD /* Debug */,
				1DEB923708733DC60010E9CD /* Release */,
			);
			defaultConfigurationIsVisible = 0;
			defaultConfigurationName = Release;
		};
		D0F3713F0C6D02EB00C11F87 /* Build configuration list for PBXNativeTarget "tgen_renderer" */ = {
			isa = XCConfigurationList;
			buildConfigurations = (
				D0F371400C6D02EB00C11F87 /* Debug */,
				D0F371410C6D02EB00C11F87 /* Release */,
			);
			defaultConfigurationIsVisible = 0;
			defaultConfigurationName = Release;
		};
/* End XCConfigurationList section */
	};
	rootObject = 08FB7793FE84155DC02AAC07 /* Project object */;
}
