// !$*UTF8*$!
{
	archiveVersion = 1;
	classes = {
	};
	objectVersion = 42;
	objects = {

/* Begin PBXBuildFile section */
		8D0C4E8D0486CD37000505A6 /* InfoPlist.strings in Resources */ = {isa = PBXBuildFile; fileRef = 0867D6AAFE840B52C02AAC07 /* InfoPlist.strings */; };
		8D0C4E920486CD37000505A6 /* Carbon.framework in Frameworks */ = {isa = PBXBuildFile; fileRef = 20286C33FDCF999611CA2CEA /* Carbon.framework */; };
		D00343A70CEE14C10066E8A8 /* world.cpp in Sources */ = {isa = PBXBuildFile; fileRef = D00343A60CEE14C10066E8A8 /* world.cpp */; };
		D00347130CEE25680066E8A8 /* devilimage.cpp in Sources */ = {isa = PBXBuildFile; fileRef = D00347120CEE25680066E8A8 /* devilimage.cpp */; };
		D00347590CEE26740066E8A8 /* libIL.a in Frameworks */ = {isa = PBXBuildFile; fileRef = D00347560CEE26740066E8A8 /* libIL.a */; };
		D003475A0CEE26740066E8A8 /* libjpeg.a in Frameworks */ = {isa = PBXBuildFile; fileRef = D00347570CEE26740066E8A8 /* libjpeg.a */; };
		D003475B0CEE26740066E8A8 /* libpng12.a in Frameworks */ = {isa = PBXBuildFile; fileRef = D00347580CEE26740066E8A8 /* libpng12.a */; };
		D003482E0CEE29510066E8A8 /* imageloader.cpp in Sources */ = {isa = PBXBuildFile; fileRef = D003482D0CEE29510066E8A8 /* imageloader.cpp */; };
		D03988B90CE740A90070438B /* meshgenerator.cpp in Sources */ = {isa = PBXBuildFile; fileRef = D03988B80CE740A90070438B /* meshgenerator.cpp */; };
		D048B9510CE7441200607EBA /* fillquad.cpp in Sources */ = {isa = PBXBuildFile; fileRef = D048B9500CE7441200607EBA /* fillquad.cpp */; };
		D04C83AC0CCA4AE900794CEA /* libtgen_core.a in Frameworks */ = {isa = PBXBuildFile; fileRef = D04C81E70CCA46EC00794CEA /* libtgen_core.a */; };
		D04C83AF0CCA4AEE00794CEA /* libtgen_math.a in Frameworks */ = {isa = PBXBuildFile; fileRef = D04C81DA0CCA46E400794CEA /* libtgen_math.a */; };
		D04C83B00CCA4AF400794CEA /* libtgen_graphics.a in Frameworks */ = {isa = PBXBuildFile; fileRef = D04C81F60CCA46F500794CEA /* libtgen_graphics.a */; };
		D04C83B30CCA4B0900794CEA /* libtgen_opengl.a in Frameworks */ = {isa = PBXBuildFile; fileRef = D04C81CC0CCA46DA00794CEA /* libtgen_opengl.a */; };
		D04C83B40CCA4B0E00794CEA /* libtgen_renderer.a in Frameworks */ = {isa = PBXBuildFile; fileRef = D04C82070CCA470100794CEA /* libtgen_renderer.a */; };
		D07407FF0D32C86A00735304 /* inputdevice.cpp in Sources */ = {isa = PBXBuildFile; fileRef = D07407FE0D32C86A00735304 /* inputdevice.cpp */; };
		D07408020D32CA1F00735304 /* sdlkeyboard.cpp in Sources */ = {isa = PBXBuildFile; fileRef = D07408010D32CA1F00735304 /* sdlkeyboard.cpp */; };
		D07408510D32CD7300735304 /* devicecollection.cpp in Sources */ = {isa = PBXBuildFile; fileRef = D07408500D32CD7300735304 /* devicecollection.cpp */; };
		D07408DA0D32D1BD00735304 /* sdlmouse.cpp in Sources */ = {isa = PBXBuildFile; fileRef = D07408D90D32D1BD00735304 /* sdlmouse.cpp */; };
		D07409020D32D37B00735304 /* sdlgamepad.cpp in Sources */ = {isa = PBXBuildFile; fileRef = D07409010D32D37B00735304 /* sdlgamepad.cpp */; };
		D0765B910D19C62B006F7073 /* platform_cocoa.cpp in Sources */ = {isa = PBXBuildFile; fileRef = D0765B900D19C62B006F7073 /* platform_cocoa.cpp */; };
		D077FA670D26DC6C00217E07 /* map.cpp in Sources */ = {isa = PBXBuildFile; fileRef = D077FA660D26DC6C00217E07 /* map.cpp */; };
		D077FAB20D26DF0F00217E07 /* maploader.cpp in Sources */ = {isa = PBXBuildFile; fileRef = D077FAB10D26DF0F00217E07 /* maploader.cpp */; };
		D077FB620D26E58C00217E07 /* maptokenizer.cpp in Sources */ = {isa = PBXBuildFile; fileRef = D077FB610D26E58C00217E07 /* maptokenizer.cpp */; };
		D07981110D21725C00B16739 /* vertexcache.cpp in Sources */ = {isa = PBXBuildFile; fileRef = D07981100D21725C00B16739 /* vertexcache.cpp */; };
		D07AFB600CFA331300DBCD9D /* light.cpp in Sources */ = {isa = PBXBuildFile; fileRef = D07AFB5F0CFA331300DBCD9D /* light.cpp */; };
		D08006070CEF75E300AAED52 /* adrift in Resources */ = {isa = PBXBuildFile; fileRef = D08005EE0CEF75E100AAED52 /* adrift */; };
		D080DA400D27E8BC00EEFDFC /* mapmodel.cpp in Sources */ = {isa = PBXBuildFile; fileRef = D080DA3F0D27E8BC00EEFDFC /* mapmodel.cpp */; };
		D080DA860D27EC9D00EEFDFC /* mapsurface.cpp in Sources */ = {isa = PBXBuildFile; fileRef = D080DA850D27EC9D00EEFDFC /* mapsurface.cpp */; };
		D08212E00CF33144000EFA7E /* deferredrenderervars.cpp in Sources */ = {isa = PBXBuildFile; fileRef = D08212DF0CF33144000EFA7E /* deferredrenderervars.cpp */; };
		D083958E0CD927EA00C94467 /* deferredscenerenderer.cpp in Sources */ = {isa = PBXBuildFile; fileRef = D083958D0CD927EA00C94467 /* deferredscenerenderer.cpp */; };
		D0843B6F0D0759D200C31FE3 /* memmanager.cpp in Sources */ = {isa = PBXBuildFile; fileRef = D0843B6E0D0759D200C31FE3 /* memmanager.cpp */; };
		D0843BCA0D0759D200C31FE3 /* entity.cpp in Sources */ = {isa = PBXBuildFile; fileRef = D0843BC90D0759D200C31FE3 /* entity.cpp */; };
		D0843BD50D0759D200C31FE3 /* scenenodecomponent.cpp in Sources */ = {isa = PBXBuildFile; fileRef = D0843BD40D0759D200C31FE3 /* scenenodecomponent.cpp */; };
		D0843BD80D0759D200C31FE3 /* entityfactory.cpp in Sources */ = {isa = PBXBuildFile; fileRef = D0843BD70D0759D200C31FE3 /* entityfactory.cpp */; };
		D0843C120D075B3200C31FE3 /* scenesubsystem.cpp in Sources */ = {isa = PBXBuildFile; fileRef = D0843C110D075B3200C31FE3 /* scenesubsystem.cpp */; };
		D08C7BF40D10919B008622BC /* imagegenerator.cpp in Sources */ = {isa = PBXBuildFile; fileRef = D08C7BF30D10919B008622BC /* imagegenerator.cpp */; };
		D08C7C250D1095CA008622BC /* generateline.cpp in Sources */ = {isa = PBXBuildFile; fileRef = D08C7C240D1095CA008622BC /* generateline.cpp */; };
		D098901A0D244181006A290D /* vertexcache2.cpp in Sources */ = {isa = PBXBuildFile; fileRef = D09890190D244181006A290D /* vertexcache2.cpp */; };
		D09890A50D2449C0006A290D /* vertexcacheentry.cpp in Sources */ = {isa = PBXBuildFile; fileRef = D09890A40D2449C0006A290D /* vertexcacheentry.cpp */; };
		D09890CF0D244BB4006A290D /* poolcollection2.cpp in Sources */ = {isa = PBXBuildFile; fileRef = D09890CE0D244BB4006A290D /* poolcollection2.cpp */; };
		D09891150D245215006A290D /* basicpoolcollection.cpp in Sources */ = {isa = PBXBuildFile; fileRef = D09891140D245215006A290D /* basicpoolcollection.cpp */; };
		D0ACA8CF0CFDCD69008E008F /* vbrenderable.cpp in Sources */ = {isa = PBXBuildFile; fileRef = D0ACA8CE0CFDCD69008E008F /* vbrenderable.cpp */; };
		D0B649A10CE696F500B93A85 /* resourcemanager.cpp in Sources */ = {isa = PBXBuildFile; fileRef = D0B649A00CE696F500B93A85 /* resourcemanager.cpp */; };
		D0BDFD0C0CF0BF7600A3A3C7 /* lightlist.cpp in Sources */ = {isa = PBXBuildFile; fileRef = D0BDFD0B0CF0BF7600A3A3C7 /* lightlist.cpp */; };
		D0CC7A5D0CF9D1E6003EE092 /* preprocessor.cpp in Sources */ = {isa = PBXBuildFile; fileRef = D0CC7A5C0CF9D1E6003EE092 /* preprocessor.cpp */; };
		D0E9D5990CE355F30050B530 /* SDL.framework in Copy Frameworks */ = {isa = PBXBuildFile; fileRef = D0EF60FC0C8222810085C17B /* SDL.framework */; };
		D0E9D5A60CE356DE0050B530 /* libphysfs.a in Frameworks */ = {isa = PBXBuildFile; fileRef = D0E9D5A50CE356DE0050B530 /* libphysfs.a */; };
		D0EF60E40C8222350085C17B /* main.cpp in Sources */ = {isa = PBXBuildFile; fileRef = D0EF60E30C8222350085C17B /* main.cpp */; };
		D0EF60F90C8222670085C17B /* SDLMain.m in Sources */ = {isa = PBXBuildFile; fileRef = D0EF60F80C8222670085C17B /* SDLMain.m */; };
		D0EF60FD0C8222810085C17B /* SDL.framework in Frameworks */ = {isa = PBXBuildFile; fileRef = D0EF60FC0C8222810085C17B /* SDL.framework */; };
		D0EF61340C8222A40085C17B /* Cocoa.framework in Frameworks */ = {isa = PBXBuildFile; fileRef = D0EF61330C8222A40085C17B /* Cocoa.framework */; };
		D0EF61510C82D8E20085C17B /* app.cpp in Sources */ = {isa = PBXBuildFile; fileRef = D0EF61500C82D8E20085C17B /* app.cpp */; };
		D0EF62220C82DCC40085C17B /* tgen_engine.cpp in Sources */ = {isa = PBXBuildFile; fileRef = D0EF62210C82DCC40085C17B /* tgen_engine.cpp */; };
		D0EF62BB0C82DFFE0085C17B /* variable.cpp in Sources */ = {isa = PBXBuildFile; fileRef = D0EF62B90C82DFFE0085C17B /* variable.cpp */; };
		D0EF62E00C82E08F0085C17B /* variablesregistry.cpp in Sources */ = {isa = PBXBuildFile; fileRef = D0EF62DF0C82E08F0085C17B /* variablesregistry.cpp */; };
		D0EF63EB0C82EA460085C17B /* sdl.cpp in Sources */ = {isa = PBXBuildFile; fileRef = D0EF63EA0C82EA460085C17B /* sdl.cpp */; };
		D0EF65220C82F5120085C17B /* filesystem.cpp in Sources */ = {isa = PBXBuildFile; fileRef = D0EF65210C82F5120085C17B /* filesystem.cpp */; };
		D0EF65270C82F5530085C17B /* file.cpp in Sources */ = {isa = PBXBuildFile; fileRef = D0EF65260C82F5530085C17B /* file.cpp */; };
		D0EF656C0C82F6A40085C17B /* IOKit.framework in Frameworks */ = {isa = PBXBuildFile; fileRef = D0EF656B0C82F6A40085C17B /* IOKit.framework */; };
		D0F491DA0CBE55DD0080CB46 /* command.cpp in Sources */ = {isa = PBXBuildFile; fileRef = D0F491D90CBE55DD0080CB46 /* command.cpp */; };
		D0F4924E0CBE59530080CB46 /* commandregistry.cpp in Sources */ = {isa = PBXBuildFile; fileRef = D0F4924D0CBE59530080CB46 /* commandregistry.cpp */; };
		D0F4930D0CBE89760080CB46 /* cmdset.cpp in Sources */ = {isa = PBXBuildFile; fileRef = D0F4930C0CBE89760080CB46 /* cmdset.cpp */; };
		D0F4961D0CBF8C8D0080CB46 /* cmddumpvars.cpp in Sources */ = {isa = PBXBuildFile; fileRef = D0F4961C0CBF8C8D0080CB46 /* cmddumpvars.cpp */; };
		D0F835850CBA5B6100FF4467 /* procmap.cpp in Sources */ = {isa = PBXBuildFile; fileRef = D0F835840CBA5B6100FF4467 /* procmap.cpp */; };
		D0F835D20CBA5C5100FF4467 /* game.cpp in Sources */ = {isa = PBXBuildFile; fileRef = D0F835D10CBA5C5100FF4467 /* game.cpp */; };
		D0F836870CBA5E5900FF4467 /* state.cpp in Sources */ = {isa = PBXBuildFile; fileRef = D0F836860CBA5E5900FF4467 /* state.cpp */; };
		D0F8393D0CBA67A100FF4467 /* view.cpp in Sources */ = {isa = PBXBuildFile; fileRef = D0F8393C0CBA67A100FF4467 /* view.cpp */; };
		D0F83A680CBA6DC200FF4467 /* OpenGL.framework in Frameworks */ = {isa = PBXBuildFile; fileRef = D0F83A670CBA6DC200FF4467 /* OpenGL.framework */; };
		D0F83B4B0CBA747200FF4467 /* gamestatevars.cpp in Sources */ = {isa = PBXBuildFile; fileRef = D0F83B4A0CBA747200FF4467 /* gamestatevars.cpp */; };
		D0F83E060CBAD6B300FF4467 /* log.cpp in Sources */ = {isa = PBXBuildFile; fileRef = D0F83E050CBAD6B300FF4467 /* log.cpp */; };
		D0F83F0B0CBADBAE00FF4467 /* logtarget.cpp in Sources */ = {isa = PBXBuildFile; fileRef = D0F83F0A0CBADBAE00FF4467 /* logtarget.cpp */; };
/* End PBXBuildFile section */

/* Begin PBXContainerItemProxy section */
		D0450C430CCA4CDD00832ABC /* PBXContainerItemProxy */ = {
			isa = PBXContainerItemProxy;
			containerPortal = D0EF619F0C82DA090085C17B /* TGen Renderer.xcodeproj */;
			proxyType = 1;
			remoteGlobalIDString = D0F371390C6D02CE00C11F87;
			remoteInfo = tgen_renderer;
		};
		D0450C4E0CCA4CFC00832ABC /* PBXContainerItemProxy */ = {
			isa = PBXContainerItemProxy;
			containerPortal = D0EF616E0C82D9F20085C17B /* TGen OpenGL.xcodeproj */;
			proxyType = 1;
			remoteGlobalIDString = D00FF8E50C3940E900668773;
			remoteInfo = tgen_opengl;
		};
		D04C81C90CCA46DA00794CEA /* PBXContainerItemProxy */ = {
			isa = PBXContainerItemProxy;
			containerPortal = D0EF616E0C82D9F20085C17B /* TGen OpenGL.xcodeproj */;
			proxyType = 2;
			remoteGlobalIDString = 8DD76F6C0486A84900D96B5E;
			remoteInfo = "TGen OpenGL";
		};
		D04C81CB0CCA46DA00794CEA /* PBXContainerItemProxy */ = {
			isa = PBXContainerItemProxy;
			containerPortal = D0EF616E0C82D9F20085C17B /* TGen OpenGL.xcodeproj */;
			proxyType = 2;
			remoteGlobalIDString = D00FF8E60C3940E900668773;
			remoteInfo = tgen_opengl;
		};
		D04C81D70CCA46E400794CEA /* PBXContainerItemProxy */ = {
			isa = PBXContainerItemProxy;
			containerPortal = D0EF61710C82D9F20085C17B /* TGen Math.xcodeproj */;
			proxyType = 2;
			remoteGlobalIDString = 8DD76F6C0486A84900D96B5E;
			remoteInfo = "TGen Math";
		};
		D04C81D90CCA46E400794CEA /* PBXContainerItemProxy */ = {
			isa = PBXContainerItemProxy;
			containerPortal = D0EF61710C82D9F20085C17B /* TGen Math.xcodeproj */;
			proxyType = 2;
			remoteGlobalIDString = D0EE96EF0C35E4FC00CB2978;
			remoteInfo = tgen_math;
		};
		D04C81E60CCA46EC00794CEA /* PBXContainerItemProxy */ = {
			isa = PBXContainerItemProxy;
			containerPortal = D0EF61740C82D9F20085C17B /* TGen Core.xcodeproj */;
			proxyType = 2;
			remoteGlobalIDString = D0EE95AA0C35DFFC00CB2978;
			remoteInfo = tgen_core;
		};
		D04C81F30CCA46F500794CEA /* PBXContainerItemProxy */ = {
			isa = PBXContainerItemProxy;
			containerPortal = D0EF61770C82D9F20085C17B /* TGen Graphics.xcodeproj */;
			proxyType = 2;
			remoteGlobalIDString = 8DD76F6C0486A84900D96B5E;
			remoteInfo = "TGen Graphics";
		};
		D04C81F50CCA46F500794CEA /* PBXContainerItemProxy */ = {
			isa = PBXContainerItemProxy;
			containerPortal = D0EF61770C82D9F20085C17B /* TGen Graphics.xcodeproj */;
			proxyType = 2;
			remoteGlobalIDString = D00FF6CC0C39391D00668773;
			remoteInfo = tgen_graphics;
		};
		D04C82040CCA470100794CEA /* PBXContainerItemProxy */ = {
			isa = PBXContainerItemProxy;
			containerPortal = D0EF619F0C82DA090085C17B /* TGen Renderer.xcodeproj */;
			proxyType = 2;
			remoteGlobalIDString = 8DD76F6C0486A84900D96B5E;
			remoteInfo = "TGen Renderer";
		};
		D04C82060CCA470100794CEA /* PBXContainerItemProxy */ = {
			isa = PBXContainerItemProxy;
			containerPortal = D0EF619F0C82DA090085C17B /* TGen Renderer.xcodeproj */;
			proxyType = 2;
			remoteGlobalIDString = D0F3713A0C6D02CE00C11F87;
			remoteInfo = tgen_renderer;
		};
		D0E9D58B0CE355D90050B530 /* PBXContainerItemProxy */ = {
			isa = PBXContainerItemProxy;
			containerPortal = D0EF61740C82D9F20085C17B /* TGen Core.xcodeproj */;
			proxyType = 2;
			remoteGlobalIDString = D0E8B7BA0CE26BBA009EC7F4;
			remoteInfo = "TGen Core Test";
		};
/* End PBXContainerItemProxy section */

/* Begin PBXCopyFilesBuildPhase section */
		D0E9D5A40CE3560B0050B530 /* Copy Frameworks */ = {
			isa = PBXCopyFilesBuildPhase;
			buildActionMask = 2147483647;
			dstPath = "";
			dstSubfolderSpec = 10;
			files = (
				D0E9D5990CE355F30050B530 /* SDL.framework in Copy Frameworks */,
			);
			name = "Copy Frameworks";
			runOnlyForDeploymentPostprocessing = 0;
		};
		D0EF67CA0C82FDDF0085C17B /* CopyFiles */ = {
			isa = PBXCopyFilesBuildPhase;
			buildActionMask = 2147483647;
			dstPath = "";
			dstSubfolderSpec = 16;
			files = (
			);
			runOnlyForDeploymentPostprocessing = 0;
		};
/* End PBXCopyFilesBuildPhase section */

/* Begin PBXFileReference section */
		0867D6ABFE840B52C02AAC07 /* English */ = {isa = PBXFileReference; fileEncoding = 10; lastKnownFileType = text.plist.strings; name = English; path = English.lproj/InfoPlist.strings; sourceTree = "<group>"; };
		20286C33FDCF999611CA2CEA /* Carbon.framework */ = {isa = PBXFileReference; lastKnownFileType = wrapper.framework; name = Carbon.framework; path = /System/Library/Frameworks/Carbon.framework; sourceTree = "<absolute>"; };
		4A9504C8FFE6A3BC11CA0CBA /* ApplicationServices.framework */ = {isa = PBXFileReference; lastKnownFileType = wrapper.framework; name = ApplicationServices.framework; path = /System/Library/Frameworks/ApplicationServices.framework; sourceTree = "<absolute>"; };
		4A9504CAFFE6A41611CA0CBA /* CoreServices.framework */ = {isa = PBXFileReference; lastKnownFileType = wrapper.framework; name = CoreServices.framework; path = /System/Library/Frameworks/CoreServices.framework; sourceTree = "<absolute>"; };
		5048396D09E3307300765E4B /* TGen EngineProj.xcconfig */ = {isa = PBXFileReference; fileEncoding = 30; lastKnownFileType = text.xcconfig; path = "TGen EngineProj.xcconfig"; sourceTree = "<group>"; };
		5048396E09E3307300765E4B /* TGen EngineTarget.xcconfig */ = {isa = PBXFileReference; fileEncoding = 30; lastKnownFileType = text.xcconfig; path = "TGen EngineTarget.xcconfig"; sourceTree = "<group>"; };
		508344B209E5C41E0093A071 /* TGen Engine Debug.app */ = {isa = PBXFileReference; explicitFileType = wrapper.application; includeInIndex = 0; path = "TGen Engine Debug.app"; sourceTree = BUILT_PRODUCTS_DIR; };
		8D0C4E960486CD37000505A6 /* Info.plist */ = {isa = PBXFileReference; fileEncoding = 4; lastKnownFileType = text.xml; path = Info.plist; sourceTree = "<group>"; };
		D00343A60CEE14C10066E8A8 /* world.cpp */ = {isa = PBXFileReference; fileEncoding = 4; lastKnownFileType = sourcecode.cpp.cpp; path = world.cpp; sourceTree = "<group>"; };
		D00343B50CEE14FE0066E8A8 /* world.h */ = {isa = PBXFileReference; fileEncoding = 4; lastKnownFileType = sourcecode.c.h; name = world.h; path = ../../Include/world.h; sourceTree = SOURCE_ROOT; };
		D00347120CEE25680066E8A8 /* devilimage.cpp */ = {isa = PBXFileReference; fileEncoding = 4; lastKnownFileType = sourcecode.cpp.cpp; path = devilimage.cpp; sourceTree = "<group>"; };
		D00347140CEE25780066E8A8 /* devilimage.h */ = {isa = PBXFileReference; fileEncoding = 4; lastKnownFileType = sourcecode.c.h; name = devilimage.h; path = ../../Include/devilimage.h; sourceTree = SOURCE_ROOT; };
		D00347560CEE26740066E8A8 /* libIL.a */ = {isa = PBXFileReference; lastKnownFileType = archive.ar; path = libIL.a; sourceTree = "<group>"; };
		D00347570CEE26740066E8A8 /* libjpeg.a */ = {isa = PBXFileReference; lastKnownFileType = archive.ar; path = libjpeg.a; sourceTree = "<group>"; };
		D00347580CEE26740066E8A8 /* libpng12.a */ = {isa = PBXFileReference; lastKnownFileType = archive.ar; path = libpng12.a; sourceTree = "<group>"; };
		D003482D0CEE29510066E8A8 /* imageloader.cpp */ = {isa = PBXFileReference; fileEncoding = 4; lastKnownFileType = sourcecode.cpp.cpp; path = imageloader.cpp; sourceTree = "<group>"; };
		D003482F0CEE29610066E8A8 /* imageloader.h */ = {isa = PBXFileReference; fileEncoding = 4; lastKnownFileType = sourcecode.c.h; name = imageloader.h; path = ../../Include/imageloader.h; sourceTree = SOURCE_ROOT; };
		D03988B80CE740A90070438B /* meshgenerator.cpp */ = {isa = PBXFileReference; fileEncoding = 4; lastKnownFileType = sourcecode.cpp.cpp; path = meshgenerator.cpp; sourceTree = "<group>"; };
		D03988BA0CE740B90070438B /* meshgenerator.h */ = {isa = PBXFileReference; fileEncoding = 4; lastKnownFileType = sourcecode.c.h; name = meshgenerator.h; path = ../../Include/meshgenerator.h; sourceTree = SOURCE_ROOT; };
		D048B9500CE7441200607EBA /* fillquad.cpp */ = {isa = PBXFileReference; fileEncoding = 4; lastKnownFileType = sourcecode.cpp.cpp; path = fillquad.cpp; sourceTree = "<group>"; };
		D048B9520CE7441F00607EBA /* fillquad.h */ = {isa = PBXFileReference; fileEncoding = 4; lastKnownFileType = sourcecode.c.h; name = fillquad.h; path = ../../Include/fillquad.h; sourceTree = SOURCE_ROOT; };
		D07407FD0D32C7E100735304 /* inputdevice.h */ = {isa = PBXFileReference; fileEncoding = 4; lastKnownFileType = sourcecode.c.h; name = inputdevice.h; path = ../../Include/inputdevice.h; sourceTree = SOURCE_ROOT; };
		D07407FE0D32C86A00735304 /* inputdevice.cpp */ = {isa = PBXFileReference; fileEncoding = 4; lastKnownFileType = sourcecode.cpp.cpp; path = inputdevice.cpp; sourceTree = "<group>"; };
		D07408000D32CA1300735304 /* sdlkeyboard.h */ = {isa = PBXFileReference; fileEncoding = 4; lastKnownFileType = sourcecode.c.h; name = sdlkeyboard.h; path = ../../Include/sdlkeyboard.h; sourceTree = SOURCE_ROOT; };
		D07408010D32CA1F00735304 /* sdlkeyboard.cpp */ = {isa = PBXFileReference; fileEncoding = 4; lastKnownFileType = sourcecode.cpp.cpp; path = sdlkeyboard.cpp; sourceTree = "<group>"; };
		D074083F0D32CB6E00735304 /* inputeventresponder.h */ = {isa = PBXFileReference; fileEncoding = 4; lastKnownFileType = sourcecode.c.h; name = inputeventresponder.h; path = ../../Include/inputeventresponder.h; sourceTree = SOURCE_ROOT; };
		D074084F0D32CD1600735304 /* devicecollection.h */ = {isa = PBXFileReference; fileEncoding = 4; lastKnownFileType = sourcecode.c.h; name = devicecollection.h; path = ../../Include/devicecollection.h; sourceTree = SOURCE_ROOT; };
		D07408500D32CD7300735304 /* devicecollection.cpp */ = {isa = PBXFileReference; fileEncoding = 4; lastKnownFileType = sourcecode.cpp.cpp; path = devicecollection.cpp; sourceTree = "<group>"; };
		D07408D80D32D1B300735304 /* sdlmouse.h */ = {isa = PBXFileReference; fileEncoding = 4; lastKnownFileType = sourcecode.c.h; name = sdlmouse.h; path = ../../Include/sdlmouse.h; sourceTree = SOURCE_ROOT; };
		D07408D90D32D1BD00735304 /* sdlmouse.cpp */ = {isa = PBXFileReference; fileEncoding = 4; lastKnownFileType = sourcecode.cpp.cpp; path = sdlmouse.cpp; sourceTree = "<group>"; };
		D07409000D32D37100735304 /* sdlgamepad.h */ = {isa = PBXFileReference; fileEncoding = 4; lastKnownFileType = sourcecode.c.h; name = sdlgamepad.h; path = ../../Include/sdlgamepad.h; sourceTree = SOURCE_ROOT; };
		D07409010D32D37B00735304 /* sdlgamepad.cpp */ = {isa = PBXFileReference; fileEncoding = 4; lastKnownFileType = sourcecode.cpp.cpp; path = sdlgamepad.cpp; sourceTree = "<group>"; };
		D0765B900D19C62B006F7073 /* platform_cocoa.cpp */ = {isa = PBXFileReference; fileEncoding = 4; lastKnownFileType = sourcecode.cpp.cpp; path = platform_cocoa.cpp; sourceTree = "<group>"; };
		D0765B920D19C63F006F7073 /* platform_cocoa.h */ = {isa = PBXFileReference; fileEncoding = 4; lastKnownFileType = sourcecode.c.h; name = platform_cocoa.h; path = ../../Include/platform_cocoa.h; sourceTree = SOURCE_ROOT; };
		D077FA650D26DB7600217E07 /* map.h */ = {isa = PBXFileReference; fileEncoding = 4; lastKnownFileType = sourcecode.c.h; name = map.h; path = ../../Include/map.h; sourceTree = SOURCE_ROOT; };
		D077FA660D26DC6C00217E07 /* map.cpp */ = {isa = PBXFileReference; fileEncoding = 4; lastKnownFileType = sourcecode.cpp.cpp; path = map.cpp; sourceTree = "<group>"; };
		D077FAB00D26DEA600217E07 /* maploader.h */ = {isa = PBXFileReference; fileEncoding = 4; lastKnownFileType = sourcecode.c.h; name = maploader.h; path = ../../Include/maploader.h; sourceTree = SOURCE_ROOT; };
		D077FAB10D26DF0F00217E07 /* maploader.cpp */ = {isa = PBXFileReference; fileEncoding = 4; lastKnownFileType = sourcecode.cpp.cpp; path = maploader.cpp; sourceTree = "<group>"; };
		D077FB4D0D26E4FB00217E07 /* maptokenizer.h */ = {isa = PBXFileReference; fileEncoding = 4; lastKnownFileType = sourcecode.c.h; name = maptokenizer.h; path = ../../Include/maptokenizer.h; sourceTree = SOURCE_ROOT; };
		D077FB610D26E58C00217E07 /* maptokenizer.cpp */ = {isa = PBXFileReference; fileEncoding = 4; lastKnownFileType = sourcecode.cpp.cpp; path = maptokenizer.cpp; sourceTree = "<group>"; };
		D079810F0D21724E00B16739 /* vertexcache.h */ = {isa = PBXFileReference; fileEncoding = 4; lastKnownFileType = sourcecode.c.h; name = vertexcache.h; path = ../../Include/vertexcache.h; sourceTree = SOURCE_ROOT; };
		D07981100D21725C00B16739 /* vertexcache.cpp */ = {isa = PBXFileReference; fileEncoding = 4; lastKnownFileType = sourcecode.cpp.cpp; path = vertexcache.cpp; sourceTree = "<group>"; };
		D07AFB5E0CFA330A00DBCD9D /* light.h */ = {isa = PBXFileReference; fileEncoding = 4; lastKnownFileType = sourcecode.c.h; name = light.h; path = ../../Include/light.h; sourceTree = SOURCE_ROOT; };
		D07AFB5F0CFA331300DBCD9D /* light.cpp */ = {isa = PBXFileReference; fileEncoding = 4; lastKnownFileType = sourcecode.cpp.cpp; path = light.cpp; sourceTree = "<group>"; };
		D08005EE0CEF75E100AAED52 /* adrift */ = {isa = PBXFileReference; lastKnownFileType = folder; name = adrift; path = ../../Resources/adrift; sourceTree = SOURCE_ROOT; };
		D080DA3E0D27E8AE00EEFDFC /* mapmodel.h */ = {isa = PBXFileReference; fileEncoding = 4; lastKnownFileType = sourcecode.c.h; name = mapmodel.h; path = ../../Include/mapmodel.h; sourceTree = SOURCE_ROOT; };
		D080DA3F0D27E8BC00EEFDFC /* mapmodel.cpp */ = {isa = PBXFileReference; fileEncoding = 4; lastKnownFileType = sourcecode.cpp.cpp; path = mapmodel.cpp; sourceTree = "<group>"; };
		D080DA840D27EC9300EEFDFC /* mapsurface.h */ = {isa = PBXFileReference; fileEncoding = 4; lastKnownFileType = sourcecode.c.h; name = mapsurface.h; path = ../../Include/mapsurface.h; sourceTree = SOURCE_ROOT; };
		D080DA850D27EC9D00EEFDFC /* mapsurface.cpp */ = {isa = PBXFileReference; fileEncoding = 4; lastKnownFileType = sourcecode.cpp.cpp; path = mapsurface.cpp; sourceTree = "<group>"; };
		D08212DF0CF33144000EFA7E /* deferredrenderervars.cpp */ = {isa = PBXFileReference; fileEncoding = 4; lastKnownFileType = sourcecode.cpp.cpp; path = deferredrenderervars.cpp; sourceTree = "<group>"; };
		D08212E10CF33155000EFA7E /* deferredrenderervars.h */ = {isa = PBXFileReference; fileEncoding = 4; lastKnownFileType = sourcecode.c.h; name = deferredrenderervars.h; path = ../../Include/deferredrenderervars.h; sourceTree = SOURCE_ROOT; };
		D083958B0CD927E100C94467 /* deferredscenerenderer.h */ = {isa = PBXFileReference; fileEncoding = 4; lastKnownFileType = sourcecode.c.h; name = deferredscenerenderer.h; path = ../../Include/deferredscenerenderer.h; sourceTree = SOURCE_ROOT; };
		D083958D0CD927EA00C94467 /* deferredscenerenderer.cpp */ = {isa = PBXFileReference; fileEncoding = 4; lastKnownFileType = sourcecode.cpp.cpp; path = deferredscenerenderer.cpp; sourceTree = "<group>"; };
		D0843B6B0D0759D200C31FE3 /* mempool.h */ = {isa = PBXFileReference; fileEncoding = 4; lastKnownFileType = sourcecode.c.h; name = mempool.h; path = ../../Include/mempool.h; sourceTree = SOURCE_ROOT; };
		D0843B6D0D0759D200C31FE3 /* memmanager.h */ = {isa = PBXFileReference; fileEncoding = 4; lastKnownFileType = sourcecode.c.h; name = memmanager.h; path = ../../Include/memmanager.h; sourceTree = SOURCE_ROOT; };
		D0843B6E0D0759D200C31FE3 /* memmanager.cpp */ = {isa = PBXFileReference; fileEncoding = 4; lastKnownFileType = sourcecode.cpp.cpp; path = memmanager.cpp; sourceTree = "<group>"; };
		D0843BC80D0759D200C31FE3 /* entity.h */ = {isa = PBXFileReference; fileEncoding = 4; lastKnownFileType = sourcecode.c.h; name = entity.h; path = ../../Include/entity.h; sourceTree = SOURCE_ROOT; };
		D0843BC90D0759D200C31FE3 /* entity.cpp */ = {isa = PBXFileReference; fileEncoding = 4; lastKnownFileType = sourcecode.cpp.cpp; path = entity.cpp; sourceTree = "<group>"; };
		D0843BD30D0759D200C31FE3 /* scenenodecomponent.h */ = {isa = PBXFileReference; fileEncoding = 4; lastKnownFileType = sourcecode.c.h; name = scenenodecomponent.h; path = ../../Include/scenenodecomponent.h; sourceTree = SOURCE_ROOT; };
		D0843BD40D0759D200C31FE3 /* scenenodecomponent.cpp */ = {isa = PBXFileReference; fileEncoding = 4; lastKnownFileType = sourcecode.cpp.cpp; path = scenenodecomponent.cpp; sourceTree = "<group>"; };
		D0843BD60D0759D200C31FE3 /* entityfactory.h */ = {isa = PBXFileReference; fileEncoding = 4; lastKnownFileType = sourcecode.c.h; name = entityfactory.h; path = ../../Include/entityfactory.h; sourceTree = SOURCE_ROOT; };
		D0843BD70D0759D200C31FE3 /* entityfactory.cpp */ = {isa = PBXFileReference; fileEncoding = 4; lastKnownFileType = sourcecode.cpp.cpp; path = entityfactory.cpp; sourceTree = "<group>"; };
		D0843C100D075B0100C31FE3 /* scenesubsystem.h */ = {isa = PBXFileReference; fileEncoding = 4; lastKnownFileType = sourcecode.c.h; name = scenesubsystem.h; path = ../../Include/scenesubsystem.h; sourceTree = SOURCE_ROOT; };
		D0843C110D075B3200C31FE3 /* scenesubsystem.cpp */ = {isa = PBXFileReference; fileEncoding = 4; lastKnownFileType = sourcecode.cpp.cpp; path = scenesubsystem.cpp; sourceTree = "<group>"; };
		D0843C210D075BFB00C31FE3 /* subsystem.h */ = {isa = PBXFileReference; fileEncoding = 4; lastKnownFileType = sourcecode.c.h; name = subsystem.h; path = ../../Include/subsystem.h; sourceTree = SOURCE_ROOT; };
		D0843C430D075C9C00C31FE3 /* component.h */ = {isa = PBXFileReference; fileEncoding = 4; lastKnownFileType = sourcecode.c.h; name = component.h; path = ../../Include/component.h; sourceTree = SOURCE_ROOT; };
		D08C7BF20D109190008622BC /* imagegenerator.h */ = {isa = PBXFileReference; fileEncoding = 4; lastKnownFileType = sourcecode.c.h; name = imagegenerator.h; path = ../../Include/imagegenerator.h; sourceTree = SOURCE_ROOT; };
		D08C7BF30D10919B008622BC /* imagegenerator.cpp */ = {isa = PBXFileReference; fileEncoding = 4; lastKnownFileType = sourcecode.cpp.cpp; path = imagegenerator.cpp; sourceTree = "<group>"; };
		D08C7C230D109514008622BC /* generateline.h */ = {isa = PBXFileReference; fileEncoding = 4; lastKnownFileType = sourcecode.c.h; name = generateline.h; path = ../../Include/generateline.h; sourceTree = SOURCE_ROOT; };
		D08C7C240D1095CA008622BC /* generateline.cpp */ = {isa = PBXFileReference; fileEncoding = 4; lastKnownFileType = sourcecode.cpp.cpp; path = generateline.cpp; sourceTree = "<group>"; };
		D09890180D24414D006A290D /* vertexcache2.h */ = {isa = PBXFileReference; fileEncoding = 4; lastKnownFileType = sourcecode.c.h; name = vertexcache2.h; path = ../../Include/vertexcache2.h; sourceTree = SOURCE_ROOT; };
		D09890190D244181006A290D /* vertexcache2.cpp */ = {isa = PBXFileReference; fileEncoding = 4; lastKnownFileType = sourcecode.cpp.cpp; path = vertexcache2.cpp; sourceTree = "<group>"; };
		D09890440D24435E006A290D /* poolcollection2.h */ = {isa = PBXFileReference; fileEncoding = 4; lastKnownFileType = sourcecode.c.h; name = poolcollection2.h; path = ../../Include/poolcollection2.h; sourceTree = SOURCE_ROOT; };
		D09890A30D2448E9006A290D /* vertexcacheentry.h */ = {isa = PBXFileReference; fileEncoding = 4; lastKnownFileType = sourcecode.c.h; name = vertexcacheentry.h; path = ../../Include/vertexcacheentry.h; sourceTree = SOURCE_ROOT; };
		D09890A40D2449C0006A290D /* vertexcacheentry.cpp */ = {isa = PBXFileReference; fileEncoding = 4; lastKnownFileType = sourcecode.cpp.cpp; path = vertexcacheentry.cpp; sourceTree = "<group>"; };
		D09890CE0D244BB4006A290D /* poolcollection2.cpp */ = {isa = PBXFileReference; fileEncoding = 4; lastKnownFileType = sourcecode.cpp.cpp; path = poolcollection2.cpp; sourceTree = "<group>"; };
		D09891130D245208006A290D /* basicpoolcollection.h */ = {isa = PBXFileReference; fileEncoding = 4; lastKnownFileType = sourcecode.c.h; name = basicpoolcollection.h; path = ../../Include/basicpoolcollection.h; sourceTree = SOURCE_ROOT; };
		D09891140D245215006A290D /* basicpoolcollection.cpp */ = {isa = PBXFileReference; fileEncoding = 4; lastKnownFileType = sourcecode.cpp.cpp; path = basicpoolcollection.cpp; sourceTree = "<group>"; };
		D0ACA8CD0CFDCCE9008E008F /* vbrenderable.h */ = {isa = PBXFileReference; fileEncoding = 4; lastKnownFileType = sourcecode.c.h; name = vbrenderable.h; path = ../../Include/vbrenderable.h; sourceTree = SOURCE_ROOT; };
		D0ACA8CE0CFDCD69008E008F /* vbrenderable.cpp */ = {isa = PBXFileReference; fileEncoding = 4; lastKnownFileType = sourcecode.cpp.cpp; path = vbrenderable.cpp; sourceTree = "<group>"; };
		D0B649A00CE696F500B93A85 /* resourcemanager.cpp */ = {isa = PBXFileReference; fileEncoding = 4; lastKnownFileType = sourcecode.cpp.cpp; path = resourcemanager.cpp; sourceTree = "<group>"; };
		D0B649A20CE6970300B93A85 /* resourcemanager.h */ = {isa = PBXFileReference; fileEncoding = 4; lastKnownFileType = sourcecode.c.h; name = resourcemanager.h; path = ../../Include/resourcemanager.h; sourceTree = SOURCE_ROOT; };
		D0BDFD0A0CF0BF0A00A3A3C7 /* lightlist.h */ = {isa = PBXFileReference; fileEncoding = 4; lastKnownFileType = sourcecode.c.h; name = lightlist.h; path = ../Include/lightlist.h; sourceTree = "<group>"; };
		D0BDFD0B0CF0BF7600A3A3C7 /* lightlist.cpp */ = {isa = PBXFileReference; fileEncoding = 4; lastKnownFileType = sourcecode.cpp.cpp; path = lightlist.cpp; sourceTree = "<group>"; };
		D0CC7A5B0CF9D1DD003EE092 /* preprocessor.h */ = {isa = PBXFileReference; fileEncoding = 4; lastKnownFileType = sourcecode.c.h; name = preprocessor.h; path = ../../Include/preprocessor.h; sourceTree = SOURCE_ROOT; };
		D0CC7A5C0CF9D1E6003EE092 /* preprocessor.cpp */ = {isa = PBXFileReference; fileEncoding = 4; lastKnownFileType = sourcecode.cpp.cpp; path = preprocessor.cpp; sourceTree = "<group>"; };
		D0E9D5A50CE356DE0050B530 /* libphysfs.a */ = {isa = PBXFileReference; lastKnownFileType = archive.ar; path = libphysfs.a; sourceTree = "<group>"; };
		D0EF60E30C8222350085C17B /* main.cpp */ = {isa = PBXFileReference; fileEncoding = 4; lastKnownFileType = sourcecode.cpp.cpp; path = main.cpp; sourceTree = "<group>"; };
		D0EF60F70C8222670085C17B /* SDLMain.h */ = {isa = PBXFileReference; fileEncoding = 5; lastKnownFileType = sourcecode.c.h; name = SDLMain.h; path = ../Projects/Xcode/SDLMain.h; sourceTree = "<group>"; };
		D0EF60F80C8222670085C17B /* SDLMain.m */ = {isa = PBXFileReference; fileEncoding = 5; lastKnownFileType = sourcecode.c.objc; name = SDLMain.m; path = ../Projects/Xcode/SDLMain.m; sourceTree = "<group>"; };
		D0EF60FC0C8222810085C17B /* SDL.framework */ = {isa = PBXFileReference; lastKnownFileType = wrapper.framework; name = SDL.framework; path = /Library/Frameworks/SDL.framework; sourceTree = "<absolute>"; };
		D0EF61330C8222A40085C17B /* Cocoa.framework */ = {isa = PBXFileReference; lastKnownFileType = wrapper.framework; name = Cocoa.framework; path = /System/Library/Frameworks/Cocoa.framework; sourceTree = "<absolute>"; };
		D0EF614D0C82D0C20085C17B /* physfs.h */ = {isa = PBXFileReference; fileEncoding = 5; lastKnownFileType = sourcecode.c.h; path = physfs.h; sourceTree = "<group>"; };
		D0EF614F0C82D8E20085C17B /* app.h */ = {isa = PBXFileReference; fileEncoding = 4; lastKnownFileType = sourcecode.c.h; name = app.h; path = ../Include/app.h; sourceTree = "<group>"; };
		D0EF61500C82D8E20085C17B /* app.cpp */ = {isa = PBXFileReference; fileEncoding = 4; lastKnownFileType = sourcecode.cpp.cpp; path = app.cpp; sourceTree = "<group>"; };
		D0EF616E0C82D9F20085C17B /* TGen OpenGL.xcodeproj */ = {isa = PBXFileReference; lastKnownFileType = "wrapper.pb-project"; name = "TGen OpenGL.xcodeproj"; path = "../../../OpenGL/Projects/Xcode/TGen OpenGL.xcodeproj"; sourceTree = SOURCE_ROOT; };
		D0EF61710C82D9F20085C17B /* TGen Math.xcodeproj */ = {isa = PBXFileReference; lastKnownFileType = "wrapper.pb-project"; name = "TGen Math.xcodeproj"; path = "../../../Math/Projects/Xcode/TGen Math.xcodeproj"; sourceTree = SOURCE_ROOT; };
		D0EF61740C82D9F20085C17B /* TGen Core.xcodeproj */ = {isa = PBXFileReference; lastKnownFileType = "wrapper.pb-project"; name = "TGen Core.xcodeproj"; path = "../../../Core/Projects/Xcode/TGen Core.xcodeproj"; sourceTree = SOURCE_ROOT; };
		D0EF61770C82D9F20085C17B /* TGen Graphics.xcodeproj */ = {isa = PBXFileReference; lastKnownFileType = "wrapper.pb-project"; name = "TGen Graphics.xcodeproj"; path = "../../../Graphics/Projects/Xcode/TGen Graphics.xcodeproj"; sourceTree = SOURCE_ROOT; };
		D0EF619F0C82DA090085C17B /* TGen Renderer.xcodeproj */ = {isa = PBXFileReference; lastKnownFileType = "wrapper.pb-project"; name = "TGen Renderer.xcodeproj"; path = "../../../Renderer/Projects/Xcode/TGen Renderer.xcodeproj"; sourceTree = SOURCE_ROOT; };
		D0EF620F0C82DC3F0085C17B /* tgen_engine.h */ = {isa = PBXFileReference; fileEncoding = 4; lastKnownFileType = sourcecode.c.h; name = tgen_engine.h; path = ../Include/tgen_engine.h; sourceTree = "<group>"; };
		D0EF62210C82DCC40085C17B /* tgen_engine.cpp */ = {isa = PBXFileReference; fileEncoding = 4; lastKnownFileType = sourcecode.cpp.cpp; path = tgen_engine.cpp; sourceTree = "<group>"; };
		D0EF62B90C82DFFE0085C17B /* variable.cpp */ = {isa = PBXFileReference; fileEncoding = 5; lastKnownFileType = sourcecode.cpp.cpp; path = variable.cpp; sourceTree = "<group>"; };
		D0EF62BA0C82DFFE0085C17B /* variable.h */ = {isa = PBXFileReference; fileEncoding = 5; lastKnownFileType = sourcecode.c.h; name = variable.h; path = ../Include/variable.h; sourceTree = "<group>"; };
		D0EF62DE0C82E08F0085C17B /* variablesregistry.h */ = {isa = PBXFileReference; fileEncoding = 4; lastKnownFileType = sourcecode.c.h; name = variablesregistry.h; path = ../Include/variablesregistry.h; sourceTree = "<group>"; };
		D0EF62DF0C82E08F0085C17B /* variablesregistry.cpp */ = {isa = PBXFileReference; fileEncoding = 4; lastKnownFileType = sourcecode.cpp.cpp; path = variablesregistry.cpp; sourceTree = "<group>"; };
		D0EF63E90C82EA460085C17B /* sdl.h */ = {isa = PBXFileReference; fileEncoding = 4; lastKnownFileType = sourcecode.c.h; name = sdl.h; path = ../Include/sdl.h; sourceTree = "<group>"; };
		D0EF63EA0C82EA460085C17B /* sdl.cpp */ = {isa = PBXFileReference; fileEncoding = 4; lastKnownFileType = sourcecode.cpp.cpp; path = sdl.cpp; sourceTree = "<group>"; };
		D0EF65200C82F5120085C17B /* filesystem.h */ = {isa = PBXFileReference; fileEncoding = 4; lastKnownFileType = sourcecode.c.h; name = filesystem.h; path = ../Include/filesystem.h; sourceTree = "<group>"; };
		D0EF65210C82F5120085C17B /* filesystem.cpp */ = {isa = PBXFileReference; fileEncoding = 4; lastKnownFileType = sourcecode.cpp.cpp; path = filesystem.cpp; sourceTree = "<group>"; };
		D0EF65250C82F5530085C17B /* file.h */ = {isa = PBXFileReference; fileEncoding = 4; lastKnownFileType = sourcecode.c.h; name = file.h; path = ../Include/file.h; sourceTree = "<group>"; };
		D0EF65260C82F5530085C17B /* file.cpp */ = {isa = PBXFileReference; fileEncoding = 4; lastKnownFileType = sourcecode.cpp.cpp; path = file.cpp; sourceTree = "<group>"; };
		D0EF656B0C82F6A40085C17B /* IOKit.framework */ = {isa = PBXFileReference; lastKnownFileType = wrapper.framework; name = IOKit.framework; path = /System/Library/Frameworks/IOKit.framework; sourceTree = "<absolute>"; };
		D0F491D70CBE55D40080CB46 /* command.h */ = {isa = PBXFileReference; fileEncoding = 4; lastKnownFileType = sourcecode.c.h; name = command.h; path = ../../Include/command.h; sourceTree = SOURCE_ROOT; };
		D0F491D90CBE55DD0080CB46 /* command.cpp */ = {isa = PBXFileReference; fileEncoding = 4; lastKnownFileType = sourcecode.cpp.cpp; path = command.cpp; sourceTree = "<group>"; };
		D0F491E50CBE57050080CB46 /* textoutput.h */ = {isa = PBXFileReference; fileEncoding = 4; lastKnownFileType = sourcecode.c.h; name = textoutput.h; path = ../../Include/textoutput.h; sourceTree = SOURCE_ROOT; };
		D0F4924B0CBE59470080CB46 /* commandregistry.h */ = {isa = PBXFileReference; fileEncoding = 4; lastKnownFileType = sourcecode.c.h; name = commandregistry.h; path = ../../Include/commandregistry.h; sourceTree = SOURCE_ROOT; };
		D0F4924D0CBE59530080CB46 /* commandregistry.cpp */ = {isa = PBXFileReference; fileEncoding = 4; lastKnownFileType = sourcecode.cpp.cpp; path = commandregistry.cpp; sourceTree = "<group>"; };
		D0F493080CBE89660080CB46 /* cmdset.h */ = {isa = PBXFileReference; fileEncoding = 4; lastKnownFileType = sourcecode.c.h; name = cmdset.h; path = ../../Include/cmdset.h; sourceTree = SOURCE_ROOT; };
		D0F4930C0CBE89760080CB46 /* cmdset.cpp */ = {isa = PBXFileReference; fileEncoding = 4; lastKnownFileType = sourcecode.cpp.cpp; path = cmdset.cpp; sourceTree = "<group>"; };
		D0F4961C0CBF8C8D0080CB46 /* cmddumpvars.cpp */ = {isa = PBXFileReference; fileEncoding = 4; lastKnownFileType = sourcecode.cpp.cpp; path = cmddumpvars.cpp; sourceTree = "<group>"; };
		D0F4961E0CBF8C990080CB46 /* cmddumpvars.h */ = {isa = PBXFileReference; fileEncoding = 4; lastKnownFileType = sourcecode.c.h; name = cmddumpvars.h; path = ../../Include/cmddumpvars.h; sourceTree = SOURCE_ROOT; };
		D0F835840CBA5B6100FF4467 /* procmap.cpp */ = {isa = PBXFileReference; fileEncoding = 4; lastKnownFileType = sourcecode.cpp.cpp; path = procmap.cpp; sourceTree = "<group>"; };
		D0F835860CBA5B6B00FF4467 /* procmap.h */ = {isa = PBXFileReference; fileEncoding = 4; lastKnownFileType = sourcecode.c.h; name = procmap.h; path = ../../Include/procmap.h; sourceTree = SOURCE_ROOT; };
		D0F835D10CBA5C5100FF4467 /* game.cpp */ = {isa = PBXFileReference; fileEncoding = 4; lastKnownFileType = sourcecode.cpp.cpp; path = game.cpp; sourceTree = "<group>"; };
		D0F835D30CBA5C5B00FF4467 /* game.h */ = {isa = PBXFileReference; fileEncoding = 4; lastKnownFileType = sourcecode.c.h; name = game.h; path = ../../Include/game.h; sourceTree = SOURCE_ROOT; };
		D0F835DA0CBA5CB900FF4467 /* state.h */ = {isa = PBXFileReference; fileEncoding = 4; lastKnownFileType = sourcecode.c.h; name = state.h; path = ../../Include/state.h; sourceTree = SOURCE_ROOT; };
		D0F836860CBA5E5900FF4467 /* state.cpp */ = {isa = PBXFileReference; fileEncoding = 4; lastKnownFileType = sourcecode.cpp.cpp; path = state.cpp; sourceTree = "<group>"; };
		D0F8393C0CBA67A100FF4467 /* view.cpp */ = {isa = PBXFileReference; fileEncoding = 4; lastKnownFileType = sourcecode.cpp.cpp; path = view.cpp; sourceTree = "<group>"; };
		D0F8393E0CBA67AD00FF4467 /* view.h */ = {isa = PBXFileReference; fileEncoding = 4; lastKnownFileType = sourcecode.c.h; name = view.h; path = ../../Include/view.h; sourceTree = SOURCE_ROOT; };
		D0F83A670CBA6DC200FF4467 /* OpenGL.framework */ = {isa = PBXFileReference; lastKnownFileType = wrapper.framework; name = OpenGL.framework; path = /System/Library/Frameworks/OpenGL.framework; sourceTree = "<absolute>"; };
		D0F83ACB0CBA729D00FF4467 /* environment.h */ = {isa = PBXFileReference; fileEncoding = 4; lastKnownFileType = sourcecode.c.h; name = environment.h; path = ../../Include/environment.h; sourceTree = SOURCE_ROOT; };
		D0F83B4A0CBA747200FF4467 /* gamestatevars.cpp */ = {isa = PBXFileReference; fileEncoding = 4; lastKnownFileType = sourcecode.cpp.cpp; path = gamestatevars.cpp; sourceTree = "<group>"; };
		D0F83B4C0CBA747E00FF4467 /* gamestatevars.h */ = {isa = PBXFileReference; fileEncoding = 4; lastKnownFileType = sourcecode.c.h; name = gamestatevars.h; path = ../../Include/gamestatevars.h; sourceTree = SOURCE_ROOT; };
		D0F83DFE0CBAD62900FF4467 /* log.h */ = {isa = PBXFileReference; fileEncoding = 4; lastKnownFileType = sourcecode.c.h; name = log.h; path = ../../Include/log.h; sourceTree = SOURCE_ROOT; };
		D0F83E050CBAD6B300FF4467 /* log.cpp */ = {isa = PBXFileReference; fileEncoding = 4; lastKnownFileType = sourcecode.cpp.cpp; path = log.cpp; sourceTree = "<group>"; };
		D0F83E690CBAD7FC00FF4467 /* logtarget.h */ = {isa = PBXFileReference; fileEncoding = 4; lastKnownFileType = sourcecode.c.h; name = logtarget.h; path = ../../Include/logtarget.h; sourceTree = SOURCE_ROOT; };
		D0F83F0A0CBADBAE00FF4467 /* logtarget.cpp */ = {isa = PBXFileReference; fileEncoding = 4; lastKnownFileType = sourcecode.cpp.cpp; path = logtarget.cpp; sourceTree = "<group>"; };
/* End PBXFileReference section */

/* Begin PBXFrameworksBuildPhase section */
		8D0C4E910486CD37000505A6 /* Frameworks */ = {
			isa = PBXFrameworksBuildPhase;
			buildActionMask = 2147483647;
			files = (
				D04C83B40CCA4B0E00794CEA /* libtgen_renderer.a in Frameworks */,
				D04C83B30CCA4B0900794CEA /* libtgen_opengl.a in Frameworks */,
				D04C83B00CCA4AF400794CEA /* libtgen_graphics.a in Frameworks */,
				D04C83AF0CCA4AEE00794CEA /* libtgen_math.a in Frameworks */,
				D04C83AC0CCA4AE900794CEA /* libtgen_core.a in Frameworks */,
				8D0C4E920486CD37000505A6 /* Carbon.framework in Frameworks */,
				D0EF60FD0C8222810085C17B /* SDL.framework in Frameworks */,
				D0EF61340C8222A40085C17B /* Cocoa.framework in Frameworks */,
				D0EF656C0C82F6A40085C17B /* IOKit.framework in Frameworks */,
				D0F83A680CBA6DC200FF4467 /* OpenGL.framework in Frameworks */,
				D0E9D5A60CE356DE0050B530 /* libphysfs.a in Frameworks */,
				D00347590CEE26740066E8A8 /* libIL.a in Frameworks */,
				D003475A0CEE26740066E8A8 /* libjpeg.a in Frameworks */,
				D003475B0CEE26740066E8A8 /* libpng12.a in Frameworks */,
			);
			runOnlyForDeploymentPostprocessing = 0;
		};
/* End PBXFrameworksBuildPhase section */

/* Begin PBXGroup section */
		195DF8CFFE9D517E11CA2CBB /* Products */ = {
			isa = PBXGroup;
			children = (
				508344B209E5C41E0093A071 /* TGen Engine Debug.app */,
			);
			name = Products;
			sourceTree = "<group>";
		};
		20286C29FDCF999611CA2CEA /* TGen Engine */ = {
			isa = PBXGroup;
			children = (
				5048396909E3304600765E4B /* Configuration Files */,
				20286C2AFDCF999611CA2CEA /* Source */,
				20286C2CFDCF999611CA2CEA /* Resources */,
				20286C32FDCF999611CA2CEA /* External Frameworks and Libraries */,
				195DF8CFFE9D517E11CA2CBB /* Products */,
			);
			name = "TGen Engine";
			sourceTree = "<group>";
		};
		20286C2AFDCF999611CA2CEA /* Source */ = {
			isa = PBXGroup;
			children = (
				D0843B6A0D0759D200C31FE3 /* memory */,
				D0F83E020CBAD68600FF4467 /* log */,
				D0064FBF0C86E88800A42B3A /* init */,
				D0F835D70CBA5C8B00FF4467 /* platform */,
				D07407FB0D32C77E00735304 /* input */,
				D0F835810CBA5B4300FF4467 /* map */,
				D01B6CF60C8A14C700D8943C /* data */,
				D0F493070CBE89500080CB46 /* commands */,
				D01B6CED0C8A149200D8943C /* fs */,
				D0F8393B0CBA679200FF4467 /* game */,
				D08395710CD9266900C94467 /* renderer */,
				D0EF61500C82D8E20085C17B /* app.cpp */,
				D0EF614F0C82D8E20085C17B /* app.h */,
				D0F836860CBA5E5900FF4467 /* state.cpp */,
				D0F835DA0CBA5CB900FF4467 /* state.h */,
				D0EF62210C82DCC40085C17B /* tgen_engine.cpp */,
				D0EF620F0C82DC3F0085C17B /* tgen_engine.h */,
			);
			name = Source;
			path = ../../Source;
			sourceTree = "<group>";
		};
		20286C2CFDCF999611CA2CEA /* Resources */ = {
			isa = PBXGroup;
			children = (
				D08005EE0CEF75E100AAED52 /* adrift */,
				8D0C4E960486CD37000505A6 /* Info.plist */,
				0867D6AAFE840B52C02AAC07 /* InfoPlist.strings */,
			);
			name = Resources;
			sourceTree = "<group>";
		};
		20286C32FDCF999611CA2CEA /* External Frameworks and Libraries */ = {
			isa = PBXGroup;
			children = (
				D0F83A670CBA6DC200FF4467 /* OpenGL.framework */,
				D0EF614C0C82D0C20085C17B /* physfs */,
				D0EF616E0C82D9F20085C17B /* TGen OpenGL.xcodeproj */,
				D0EF61710C82D9F20085C17B /* TGen Math.xcodeproj */,
				D0EF61740C82D9F20085C17B /* TGen Core.xcodeproj */,
				D0EF61770C82D9F20085C17B /* TGen Graphics.xcodeproj */,
				D0EF619F0C82DA090085C17B /* TGen Renderer.xcodeproj */,
				D00347560CEE26740066E8A8 /* libIL.a */,
				D00347570CEE26740066E8A8 /* libjpeg.a */,
				D00347580CEE26740066E8A8 /* libpng12.a */,
				D0EF656B0C82F6A40085C17B /* IOKit.framework */,
				D0E9D5A50CE356DE0050B530 /* libphysfs.a */,
				D0EF61330C8222A40085C17B /* Cocoa.framework */,
				D0EF60FC0C8222810085C17B /* SDL.framework */,
				20286C33FDCF999611CA2CEA /* Carbon.framework */,
				4A9504CAFFE6A41611CA0CBA /* CoreServices.framework */,
				4A9504C8FFE6A3BC11CA0CBA /* ApplicationServices.framework */,
			);
			name = "External Frameworks and Libraries";
			sourceTree = "<group>";
		};
		5048396909E3304600765E4B /* Configuration Files */ = {
			isa = PBXGroup;
			children = (
				5048396D09E3307300765E4B /* TGen EngineProj.xcconfig */,
				5048396E09E3307300765E4B /* TGen EngineTarget.xcconfig */,
			);
			name = "Configuration Files";
			sourceTree = "<group>";
		};
		D0064FBF0C86E88800A42B3A /* init */ = {
			isa = PBXGroup;
			children = (
				D0EF60E30C8222350085C17B /* main.cpp */,
			);
			name = init;
			sourceTree = "<group>";
		};
		D01B6CED0C8A149200D8943C /* fs */ = {
			isa = PBXGroup;
			children = (
				D0EF65210C82F5120085C17B /* filesystem.cpp */,
				D0EF65200C82F5120085C17B /* filesystem.h */,
				D0EF65260C82F5530085C17B /* file.cpp */,
				D0EF65250C82F5530085C17B /* file.h */,
			);
			name = fs;
			sourceTree = "<group>";
		};
		D01B6CF60C8A14C700D8943C /* data */ = {
			isa = PBXGroup;
			children = (
				D048B94C0CE743F700607EBA /* meshes */,
				D0EF62B90C82DFFE0085C17B /* variable.cpp */,
				D0EF62BA0C82DFFE0085C17B /* variable.h */,
				D0EF62DF0C82E08F0085C17B /* variablesregistry.cpp */,
				D0EF62DE0C82E08F0085C17B /* variablesregistry.h */,
				D0F491D90CBE55DD0080CB46 /* command.cpp */,
				D0F491D70CBE55D40080CB46 /* command.h */,
				D0F4924D0CBE59530080CB46 /* commandregistry.cpp */,
				D0F4924B0CBE59470080CB46 /* commandregistry.h */,
				D0B649A00CE696F500B93A85 /* resourcemanager.cpp */,
				D0B649A20CE6970300B93A85 /* resourcemanager.h */,
				D00347120CEE25680066E8A8 /* devilimage.cpp */,
				D00347140CEE25780066E8A8 /* devilimage.h */,
				D003482D0CEE29510066E8A8 /* imageloader.cpp */,
				D003482F0CEE29610066E8A8 /* imageloader.h */,
				D0CC7A5C0CF9D1E6003EE092 /* preprocessor.cpp */,
				D0CC7A5B0CF9D1DD003EE092 /* preprocessor.h */,
				D08C7BF30D10919B008622BC /* imagegenerator.cpp */,
				D08C7BF20D109190008622BC /* imagegenerator.h */,
				D08C7C240D1095CA008622BC /* generateline.cpp */,
				D08C7C230D109514008622BC /* generateline.h */,
				D07981100D21725C00B16739 /* vertexcache.cpp */,
				D079810F0D21724E00B16739 /* vertexcache.h */,
			);
			name = data;
			sourceTree = "<group>";
		};
		D048B94C0CE743F700607EBA /* meshes */ = {
			isa = PBXGroup;
			children = (
				D03988B80CE740A90070438B /* meshgenerator.cpp */,
				D03988BA0CE740B90070438B /* meshgenerator.h */,
				D048B9500CE7441200607EBA /* fillquad.cpp */,
				D048B9520CE7441F00607EBA /* fillquad.h */,
				D0ACA8CD0CFDCCE9008E008F /* vbrenderable.h */,
				D0ACA8CE0CFDCD69008E008F /* vbrenderable.cpp */,
			);
			name = meshes;
			sourceTree = "<group>";
		};
		D04C81C50CCA46DA00794CEA /* Products */ = {
			isa = PBXGroup;
			children = (
				D04C81CA0CCA46DA00794CEA /* TGen OpenGL */,
				D04C81CC0CCA46DA00794CEA /* libtgen_opengl.a */,
			);
			name = Products;
			sourceTree = "<group>";
		};
		D04C81D30CCA46E400794CEA /* Products */ = {
			isa = PBXGroup;
			children = (
				D04C81D80CCA46E400794CEA /* TGen Math */,
				D04C81DA0CCA46E400794CEA /* libtgen_math.a */,
			);
			name = Products;
			sourceTree = "<group>";
		};
		D04C81E00CCA46EC00794CEA /* Products */ = {
			isa = PBXGroup;
			children = (
				D04C81E70CCA46EC00794CEA /* libtgen_core.a */,
				D0E9D58C0CE355D90050B530 /* TGen Core Test */,
			);
			name = Products;
			sourceTree = "<group>";
		};
		D04C81EF0CCA46F500794CEA /* Products */ = {
			isa = PBXGroup;
			children = (
				D04C81F40CCA46F500794CEA /* TGen Graphics */,
				D04C81F60CCA46F500794CEA /* libtgen_graphics.a */,
			);
			name = Products;
			sourceTree = "<group>";
		};
		D04C82000CCA470100794CEA /* Products */ = {
			isa = PBXGroup;
			children = (
				D04C82050CCA470100794CEA /* TGen Renderer */,
				D04C82070CCA470100794CEA /* libtgen_renderer.a */,
			);
			name = Products;
			sourceTree = "<group>";
		};
		D07407FB0D32C77E00735304 /* input */ = {
			isa = PBXGroup;
			children = (
				D07407FE0D32C86A00735304 /* inputdevice.cpp */,
				D07407FD0D32C7E100735304 /* inputdevice.h */,
				D074083F0D32CB6E00735304 /* inputeventresponder.h */,
				D07408500D32CD7300735304 /* devicecollection.cpp */,
				D074084F0D32CD1600735304 /* devicecollection.h */,
			);
			name = input;
			sourceTree = "<group>";
		};
		D077FA470D26DA4B00217E07 /* map */ = {
			isa = PBXGroup;
			children = (
				D077FA660D26DC6C00217E07 /* map.cpp */,
				D077FA650D26DB7600217E07 /* map.h */,
				D077FAB10D26DF0F00217E07 /* maploader.cpp */,
				D077FAB00D26DEA600217E07 /* maploader.h */,
				D077FB610D26E58C00217E07 /* maptokenizer.cpp */,
				D077FB4D0D26E4FB00217E07 /* maptokenizer.h */,
				D080DA3F0D27E8BC00EEFDFC /* mapmodel.cpp */,
				D080DA3E0D27E8AE00EEFDFC /* mapmodel.h */,
				D080DA850D27EC9D00EEFDFC /* mapsurface.cpp */,
				D080DA840D27EC9300EEFDFC /* mapsurface.h */,
			);
			name = map;
			sourceTree = "<group>";
		};
		D08395710CD9266900C94467 /* renderer */ = {
			isa = PBXGroup;
			children = (
				D083958D0CD927EA00C94467 /* deferredscenerenderer.cpp */,
				D083958B0CD927E100C94467 /* deferredscenerenderer.h */,
				D08212DF0CF33144000EFA7E /* deferredrenderervars.cpp */,
				D08212E10CF33155000EFA7E /* deferredrenderervars.h */,
				D0BDFD0B0CF0BF7600A3A3C7 /* lightlist.cpp */,
				D0BDFD0A0CF0BF0A00A3A3C7 /* lightlist.h */,
				D07AFB5F0CFA331300DBCD9D /* light.cpp */,
				D07AFB5E0CFA330A00DBCD9D /* light.h */,
			);
			name = renderer;
			sourceTree = "<group>";
		};
		D0843B6A0D0759D200C31FE3 /* memory */ = {
			isa = PBXGroup;
			children = (
				D0843B6B0D0759D200C31FE3 /* mempool.h */,
				D0843B6E0D0759D200C31FE3 /* memmanager.cpp */,
				D0843B6D0D0759D200C31FE3 /* memmanager.h */,
				D09890190D244181006A290D /* vertexcache2.cpp */,
				D09890180D24414D006A290D /* vertexcache2.h */,
				D09890CE0D244BB4006A290D /* poolcollection2.cpp */,
				D09890440D24435E006A290D /* poolcollection2.h */,
				D09890A40D2449C0006A290D /* vertexcacheentry.cpp */,
				D09890A30D2448E9006A290D /* vertexcacheentry.h */,
				D09891140D245215006A290D /* basicpoolcollection.cpp */,
				D09891130D245208006A290D /* basicpoolcollection.h */,
			);
			name = memory;
			sourceTree = "<group>";
		};
		D0843BD20D0759D200C31FE3 /* entity */ = {
			isa = PBXGroup;
			children = (
				D0843BC90D0759D200C31FE3 /* entity.cpp */,
				D0843BC80D0759D200C31FE3 /* entity.h */,
				D0843BD40D0759D200C31FE3 /* scenenodecomponent.cpp */,
				D0843BD30D0759D200C31FE3 /* scenenodecomponent.h */,
				D0843BD70D0759D200C31FE3 /* entityfactory.cpp */,
				D0843BD60D0759D200C31FE3 /* entityfactory.h */,
			);
			name = entity;
			sourceTree = "<group>";
		};
		D0EF614C0C82D0C20085C17B /* physfs */ = {
			isa = PBXGroup;
			children = (
				D0EF614D0C82D0C20085C17B /* physfs.h */,
			);
			path = physfs;
			sourceTree = "<group>";
		};
		D0F493070CBE89500080CB46 /* commands */ = {
			isa = PBXGroup;
			children = (
				D0F4930C0CBE89760080CB46 /* cmdset.cpp */,
				D0F493080CBE89660080CB46 /* cmdset.h */,
				D0F4961C0CBF8C8D0080CB46 /* cmddumpvars.cpp */,
				D0F4961E0CBF8C990080CB46 /* cmddumpvars.h */,
			);
			name = commands;
			sourceTree = "<group>";
		};
		D0F835810CBA5B4300FF4467 /* map */ = {
			isa = PBXGroup;
			children = (
				D0F835840CBA5B6100FF4467 /* procmap.cpp */,
				D0F835860CBA5B6B00FF4467 /* procmap.h */,
			);
			name = map;
			sourceTree = "<group>";
		};
		D0F835D70CBA5C8B00FF4467 /* platform */ = {
			isa = PBXGroup;
			children = (
				D0F83ACB0CBA729D00FF4467 /* environment.h */,
				D0EF60F80C8222670085C17B /* SDLMain.m */,
				D0EF60F70C8222670085C17B /* SDLMain.h */,
				D0765B900D19C62B006F7073 /* platform_cocoa.cpp */,
				D0765B920D19C63F006F7073 /* platform_cocoa.h */,
				D0EF63EA0C82EA460085C17B /* sdl.cpp */,
				D0EF63E90C82EA460085C17B /* sdl.h */,
				D07408010D32CA1F00735304 /* sdlkeyboard.cpp */,
				D07408000D32CA1300735304 /* sdlkeyboard.h */,
				D07408D90D32D1BD00735304 /* sdlmouse.cpp */,
				D07408D80D32D1B300735304 /* sdlmouse.h */,
				D07409010D32D37B00735304 /* sdlgamepad.cpp */,
				D07409000D32D37100735304 /* sdlgamepad.h */,
			);
			name = platform;
			sourceTree = "<group>";
		};
		D0F8393B0CBA679200FF4467 /* game */ = {
			isa = PBXGroup;
			children = (
				D077FA470D26DA4B00217E07 /* map */,
				D00343A60CEE14C10066E8A8 /* world.cpp */,
				D00343B50CEE14FE0066E8A8 /* world.h */,
				D0F835D10CBA5C5100FF4467 /* game.cpp */,
				D0F835D30CBA5C5B00FF4467 /* game.h */,
				D0F83B4A0CBA747200FF4467 /* gamestatevars.cpp */,
				D0F83B4C0CBA747E00FF4467 /* gamestatevars.h */,
				D0F8393C0CBA67A100FF4467 /* view.cpp */,
				D0F8393E0CBA67AD00FF4467 /* view.h */,
				D0843C110D075B3200C31FE3 /* scenesubsystem.cpp */,
				D0843C100D075B0100C31FE3 /* scenesubsystem.h */,
				D0843C210D075BFB00C31FE3 /* subsystem.h */,
				D0843C430D075C9C00C31FE3 /* component.h */,
				D0843BD20D0759D200C31FE3 /* entity */,
			);
			name = game;
			sourceTree = "<group>";
		};
		D0F83E020CBAD68600FF4467 /* log */ = {
			isa = PBXGroup;
			children = (
				D0F83E050CBAD6B300FF4467 /* log.cpp */,
				D0F83DFE0CBAD62900FF4467 /* log.h */,
				D0F83F0A0CBADBAE00FF4467 /* logtarget.cpp */,
				D0F83E690CBAD7FC00FF4467 /* logtarget.h */,
				D0F491E50CBE57050080CB46 /* textoutput.h */,
			);
			name = log;
			sourceTree = "<group>";
		};
/* End PBXGroup section */

/* Begin PBXNativeTarget section */
		8D0C4E890486CD37000505A6 /* TGen Engine */ = {
			isa = PBXNativeTarget;
			buildConfigurationList = C0E91AC508A95435008D54AB /* Build configuration list for PBXNativeTarget "TGen Engine" */;
			buildPhases = (
				8D0C4E8C0486CD37000505A6 /* Resources */,
				8D0C4E8F0486CD37000505A6 /* Sources */,
				8D0C4E910486CD37000505A6 /* Frameworks */,
				D0EF67CA0C82FDDF0085C17B /* CopyFiles */,
				D0E9D5A40CE3560B0050B530 /* Copy Frameworks */,
			);
			buildRules = (
			);
			dependencies = (
				D0450C440CCA4CDD00832ABC /* PBXTargetDependency */,
				D0450C4F0CCA4CFC00832ABC /* PBXTargetDependency */,
			);
			name = "TGen Engine";
			productInstallPath = "$(HOME)/Applications";
			productName = "TGen Engine";
			productReference = 508344B209E5C41E0093A071 /* TGen Engine Debug.app */;
			productType = "com.apple.product-type.application";
		};
/* End PBXNativeTarget section */

/* Begin PBXProject section */
		20286C28FDCF999611CA2CEA /* Project object */ = {
			isa = PBXProject;
			buildConfigurationList = C0E91AC908A95435008D54AB /* Build configuration list for PBXProject "TGen Engine" */;
			compatibilityVersion = "Xcode 2.4";
			hasScannedForEncodings = 1;
			mainGroup = 20286C29FDCF999611CA2CEA /* TGen Engine */;
			projectDirPath = "";
			projectReferences = (
				{
					ProductGroup = D04C81E00CCA46EC00794CEA /* Products */;
					ProjectRef = D0EF61740C82D9F20085C17B /* TGen Core.xcodeproj */;
				},
				{
					ProductGroup = D04C81EF0CCA46F500794CEA /* Products */;
					ProjectRef = D0EF61770C82D9F20085C17B /* TGen Graphics.xcodeproj */;
				},
				{
					ProductGroup = D04C81D30CCA46E400794CEA /* Products */;
					ProjectRef = D0EF61710C82D9F20085C17B /* TGen Math.xcodeproj */;
				},
				{
					ProductGroup = D04C81C50CCA46DA00794CEA /* Products */;
					ProjectRef = D0EF616E0C82D9F20085C17B /* TGen OpenGL.xcodeproj */;
				},
				{
					ProductGroup = D04C82000CCA470100794CEA /* Products */;
					ProjectRef = D0EF619F0C82DA090085C17B /* TGen Renderer.xcodeproj */;
				},
			);
			projectRoot = ../..;
			targets = (
				8D0C4E890486CD37000505A6 /* TGen Engine */,
			);
		};
/* End PBXProject section */

/* Begin PBXReferenceProxy section */
		D04C81CA0CCA46DA00794CEA /* TGen OpenGL */ = {
			isa = PBXReferenceProxy;
			fileType = "compiled.mach-o.executable";
			path = "TGen OpenGL";
			remoteRef = D04C81C90CCA46DA00794CEA /* PBXContainerItemProxy */;
			sourceTree = BUILT_PRODUCTS_DIR;
		};
		D04C81CC0CCA46DA00794CEA /* libtgen_opengl.a */ = {
			isa = PBXReferenceProxy;
			fileType = archive.ar;
			path = libtgen_opengl.a;
			remoteRef = D04C81CB0CCA46DA00794CEA /* PBXContainerItemProxy */;
			sourceTree = BUILT_PRODUCTS_DIR;
		};
		D04C81D80CCA46E400794CEA /* TGen Math */ = {
			isa = PBXReferenceProxy;
			fileType = "compiled.mach-o.executable";
			path = "TGen Math";
			remoteRef = D04C81D70CCA46E400794CEA /* PBXContainerItemProxy */;
			sourceTree = BUILT_PRODUCTS_DIR;
		};
		D04C81DA0CCA46E400794CEA /* libtgen_math.a */ = {
			isa = PBXReferenceProxy;
			fileType = archive.ar;
			path = libtgen_math.a;
			remoteRef = D04C81D90CCA46E400794CEA /* PBXContainerItemProxy */;
			sourceTree = BUILT_PRODUCTS_DIR;
		};
		D04C81E70CCA46EC00794CEA /* libtgen_core.a */ = {
			isa = PBXReferenceProxy;
			fileType = archive.ar;
			path = libtgen_core.a;
			remoteRef = D04C81E60CCA46EC00794CEA /* PBXContainerItemProxy */;
			sourceTree = BUILT_PRODUCTS_DIR;
		};
		D04C81F40CCA46F500794CEA /* TGen Graphics */ = {
			isa = PBXReferenceProxy;
			fileType = "compiled.mach-o.executable";
			path = "TGen Graphics";
			remoteRef = D04C81F30CCA46F500794CEA /* PBXContainerItemProxy */;
			sourceTree = BUILT_PRODUCTS_DIR;
		};
		D04C81F60CCA46F500794CEA /* libtgen_graphics.a */ = {
			isa = PBXReferenceProxy;
			fileType = archive.ar;
			path = libtgen_graphics.a;
			remoteRef = D04C81F50CCA46F500794CEA /* PBXContainerItemProxy */;
			sourceTree = BUILT_PRODUCTS_DIR;
		};
		D04C82050CCA470100794CEA /* TGen Renderer */ = {
			isa = PBXReferenceProxy;
			fileType = "compiled.mach-o.executable";
			path = "TGen Renderer";
			remoteRef = D04C82040CCA470100794CEA /* PBXContainerItemProxy */;
			sourceTree = BUILT_PRODUCTS_DIR;
		};
		D04C82070CCA470100794CEA /* libtgen_renderer.a */ = {
			isa = PBXReferenceProxy;
			fileType = archive.ar;
			path = libtgen_renderer.a;
			remoteRef = D04C82060CCA470100794CEA /* PBXContainerItemProxy */;
			sourceTree = BUILT_PRODUCTS_DIR;
		};
		D0E9D58C0CE355D90050B530 /* TGen Core Test */ = {
			isa = PBXReferenceProxy;
			fileType = "compiled.mach-o.executable";
			path = "TGen Core Test";
			remoteRef = D0E9D58B0CE355D90050B530 /* PBXContainerItemProxy */;
			sourceTree = BUILT_PRODUCTS_DIR;
		};
/* End PBXReferenceProxy section */

/* Begin PBXResourcesBuildPhase section */
		8D0C4E8C0486CD37000505A6 /* Resources */ = {
			isa = PBXResourcesBuildPhase;
			buildActionMask = 2147483647;
			files = (
				D08006070CEF75E300AAED52 /* adrift in Resources */,
				8D0C4E8D0486CD37000505A6 /* InfoPlist.strings in Resources */,
			);
			runOnlyForDeploymentPostprocessing = 0;
		};
/* End PBXResourcesBuildPhase section */

/* Begin PBXSourcesBuildPhase section */
		8D0C4E8F0486CD37000505A6 /* Sources */ = {
			isa = PBXSourcesBuildPhase;
			buildActionMask = 2147483647;
			files = (
				D0EF60F90C8222670085C17B /* SDLMain.m in Sources */,
				D0EF60E40C8222350085C17B /* main.cpp in Sources */,
				D0EF61510C82D8E20085C17B /* app.cpp in Sources */,
				D0EF62220C82DCC40085C17B /* tgen_engine.cpp in Sources */,
				D0EF62BB0C82DFFE0085C17B /* variable.cpp in Sources */,
				D0EF62E00C82E08F0085C17B /* variablesregistry.cpp in Sources */,
				D0EF63EB0C82EA460085C17B /* sdl.cpp in Sources */,
				D0EF65220C82F5120085C17B /* filesystem.cpp in Sources */,
				D0EF65270C82F5530085C17B /* file.cpp in Sources */,
				D0F835850CBA5B6100FF4467 /* procmap.cpp in Sources */,
				D0F835D20CBA5C5100FF4467 /* game.cpp in Sources */,
				D0F836870CBA5E5900FF4467 /* state.cpp in Sources */,
				D0F8393D0CBA67A100FF4467 /* view.cpp in Sources */,
				D0F83B4B0CBA747200FF4467 /* gamestatevars.cpp in Sources */,
				D0F83E060CBAD6B300FF4467 /* log.cpp in Sources */,
				D0F83F0B0CBADBAE00FF4467 /* logtarget.cpp in Sources */,
				D0F491DA0CBE55DD0080CB46 /* command.cpp in Sources */,
				D0F4924E0CBE59530080CB46 /* commandregistry.cpp in Sources */,
				D0F4930D0CBE89760080CB46 /* cmdset.cpp in Sources */,
				D0F4961D0CBF8C8D0080CB46 /* cmddumpvars.cpp in Sources */,
				D083958E0CD927EA00C94467 /* deferredscenerenderer.cpp in Sources */,
				D0B649A10CE696F500B93A85 /* resourcemanager.cpp in Sources */,
				D03988B90CE740A90070438B /* meshgenerator.cpp in Sources */,
				D048B9510CE7441200607EBA /* fillquad.cpp in Sources */,
				D00343A70CEE14C10066E8A8 /* world.cpp in Sources */,
				D00347130CEE25680066E8A8 /* devilimage.cpp in Sources */,
				D003482E0CEE29510066E8A8 /* imageloader.cpp in Sources */,
				D0BDFD0C0CF0BF7600A3A3C7 /* lightlist.cpp in Sources */,
				D08212E00CF33144000EFA7E /* deferredrenderervars.cpp in Sources */,
				D0CC7A5D0CF9D1E6003EE092 /* preprocessor.cpp in Sources */,
				D07AFB600CFA331300DBCD9D /* light.cpp in Sources */,
				D0ACA8CF0CFDCD69008E008F /* vbrenderable.cpp in Sources */,
				D0843B6F0D0759D200C31FE3 /* memmanager.cpp in Sources */,
				D0843BCA0D0759D200C31FE3 /* entity.cpp in Sources */,
				D0843BD50D0759D200C31FE3 /* scenenodecomponent.cpp in Sources */,
				D0843BD80D0759D200C31FE3 /* entityfactory.cpp in Sources */,
				D0843C120D075B3200C31FE3 /* scenesubsystem.cpp in Sources */,
				D08C7BF40D10919B008622BC /* imagegenerator.cpp in Sources */,
				D08C7C250D1095CA008622BC /* generateline.cpp in Sources */,
				D0765B910D19C62B006F7073 /* platform_cocoa.cpp in Sources */,
				D07981110D21725C00B16739 /* vertexcache.cpp in Sources */,
				D098901A0D244181006A290D /* vertexcache2.cpp in Sources */,
				D09890A50D2449C0006A290D /* vertexcacheentry.cpp in Sources */,
				D09890CF0D244BB4006A290D /* poolcollection2.cpp in Sources */,
				D09891150D245215006A290D /* basicpoolcollection.cpp in Sources */,
				D077FA670D26DC6C00217E07 /* map.cpp in Sources */,
				D077FAB20D26DF0F00217E07 /* maploader.cpp in Sources */,
				D077FB620D26E58C00217E07 /* maptokenizer.cpp in Sources */,
				D080DA400D27E8BC00EEFDFC /* mapmodel.cpp in Sources */,
				D080DA860D27EC9D00EEFDFC /* mapsurface.cpp in Sources */,
				D07407FF0D32C86A00735304 /* inputdevice.cpp in Sources */,
				D07408020D32CA1F00735304 /* sdlkeyboard.cpp in Sources */,
				D07408510D32CD7300735304 /* devicecollection.cpp in Sources */,
				D07408DA0D32D1BD00735304 /* sdlmouse.cpp in Sources */,
				D07409020D32D37B00735304 /* sdlgamepad.cpp in Sources */,
			);
			runOnlyForDeploymentPostprocessing = 0;
		};
/* End PBXSourcesBuildPhase section */

/* Begin PBXTargetDependency section */
		D0450C440CCA4CDD00832ABC /* PBXTargetDependency */ = {
			isa = PBXTargetDependency;
			name = tgen_renderer;
			targetProxy = D0450C430CCA4CDD00832ABC /* PBXContainerItemProxy */;
		};
		D0450C4F0CCA4CFC00832ABC /* PBXTargetDependency */ = {
			isa = PBXTargetDependency;
			name = tgen_opengl;
			targetProxy = D0450C4E0CCA4CFC00832ABC /* PBXContainerItemProxy */;
		};
/* End PBXTargetDependency section */

/* Begin PBXVariantGroup section */
		0867D6AAFE840B52C02AAC07 /* InfoPlist.strings */ = {
			isa = PBXVariantGroup;
			children = (
				0867D6ABFE840B52C02AAC07 /* English */,
			);
			name = InfoPlist.strings;
			sourceTree = "<group>";
		};
/* End PBXVariantGroup section */

/* Begin XCBuildConfiguration section */
		C0E91AC608A95435008D54AB /* Debug */ = {
			isa = XCBuildConfiguration;
			baseConfigurationReference = 5048396E09E3307300765E4B /* TGen EngineTarget.xcconfig */;
			buildSettings = {
				ARCHS = i386;
				COPY_PHASE_STRIP = NO;
				GCC_PREFIX_HEADER = "";
				GCC_WARN_HIDDEN_VIRTUAL_FUNCTIONS = NO;
				GCC_WARN_INITIALIZER_NOT_FULLY_BRACKETED = YES;
				GCC_WARN_MISSING_PARENTHESES = YES;
				GCC_WARN_NON_VIRTUAL_DESTRUCTOR = YES;
				GCC_WARN_PEDANTIC = NO;
				GCC_WARN_UNUSED_FUNCTION = NO;
				GCC_WARN_UNUSED_PARAMETER = NO;
				GCC_WARN_UNUSED_VALUE = YES;
				LIBRARY_SEARCH_PATHS = (
					"$(inherited)",
					"$(LIBRARY_SEARCH_PATHS_QUOTED_1)",
					"$(LIBRARY_SEARCH_PATHS_QUOTED_2)",
					"$(LIBRARY_SEARCH_PATHS_QUOTED_FOR_TARGET_1)",
				);
				LIBRARY_SEARCH_PATHS_QUOTED_1 = "\"$(SRCROOT)\"";
				LIBRARY_SEARCH_PATHS_QUOTED_2 = "\"$(SRCROOT)\"";
				LIBRARY_SEARCH_PATHS_QUOTED_FOR_TARGET_1 = "\"$(SRCROOT)\"";
				OTHER_CFLAGS = "-D_DEBUG";
				OTHER_LDFLAGS = "-lz";
				USER_HEADER_SEARCH_PATHS = "../../Include/ ../../../OpenGL/Include/ ../../../Core/Include/ ../../../Math/Include/ ../../../Graphics/Include/ ../../../Renderer/Include/ /usr/local/include/";
			};
			name = Debug;
		};
		C0E91AC708A95435008D54AB /* Release */ = {
			isa = XCBuildConfiguration;
			baseConfigurationReference = 5048396E09E3307300765E4B /* TGen EngineTarget.xcconfig */;
			buildSettings = {
				ARCHS = i386;
				CURRENT_PROJECT_VERSION = 0.1;
				DEAD_CODE_STRIPPING = YES;
				GCC_GENERATE_DEBUGGING_SYMBOLS = NO;
				GCC_PREFIX_HEADER = "";
				GCC_UNROLL_LOOPS = YES;
				INSTALL_PATH = "$(HOME)/Applications";
				LIBRARY_SEARCH_PATHS = (
					"$(inherited)",
					"$(LIBRARY_SEARCH_PATHS_QUOTED_1)",
					"$(LIBRARY_SEARCH_PATHS_QUOTED_FOR_TARGET_1)",
					"$(LIBRARY_SEARCH_PATHS_QUOTED_FOR_TARGET_2)",
				);
				LIBRARY_SEARCH_PATHS_QUOTED_1 = "\"$(SRCROOT)\"";
				LIBRARY_SEARCH_PATHS_QUOTED_FOR_TARGET_1 = "\"$(SRCROOT)\"";
				LIBRARY_SEARCH_PATHS_QUOTED_FOR_TARGET_2 = "\"$(SRCROOT)\"";
				OTHER_LDFLAGS = "-lz";
				PRESERVE_DEAD_CODE_INITS_AND_TERMS = YES;
				USER_HEADER_SEARCH_PATHS = "../../Include/ ../../../OpenGL/Include/ ../../../Core/Include/ ../../../Math/Include/ ../../../Graphics/Include/ ../../../Renderer/Include/ /usr/local/include/";
			};
			name = Release;
		};
		C0E91ACA08A95435008D54AB /* Debug */ = {
			isa = XCBuildConfiguration;
			baseConfigurationReference = 5048396D09E3307300765E4B /* TGen EngineProj.xcconfig */;
			buildSettings = {
				DEBUG_INFORMATION_FORMAT = dwarf;
				GCC_ENABLE_FIX_AND_CONTINUE = YES;
				GCC_OPTIMIZATION_LEVEL = 0;
				SDKROOT = /Developer/SDKs/MacOSX10.5.sdk;
				ZERO_LINK = YES;
			};
			name = Debug;
		};
		C0E91ACB08A95435008D54AB /* Release */ = {
			isa = XCBuildConfiguration;
			baseConfigurationReference = 5048396D09E3307300765E4B /* TGen EngineProj.xcconfig */;
			buildSettings = {
				ARCHS = (
					ppc,
					i386,
				);
				DEBUG_INFORMATION_FORMAT = "dwarf-with-dsym";
				SDKROOT = /Developer/SDKs/MacOSX10.5.sdk;
				SEPARATE_STRIP = YES;
			};
			name = Release;
		};
/* End XCBuildConfiguration section */

/* Begin XCConfigurationList section */
		C0E91AC508A95435008D54AB /* Build configuration list for PBXNativeTarget "TGen Engine" */ = {
			isa = XCConfigurationList;
			buildConfigurations = (
				C0E91AC608A95435008D54AB /* Debug */,
				C0E91AC708A95435008D54AB /* Release */,
			);
			defaultConfigurationIsVisible = 0;
			defaultConfigurationName = Release;
		};
		C0E91AC908A95435008D54AB /* Build configuration list for PBXProject "TGen Engine" */ = {
			isa = XCConfigurationList;
			buildConfigurations = (
				C0E91ACA08A95435008D54AB /* Debug */,
				C0E91ACB08A95435008D54AB /* Release */,
			);
			defaultConfigurationIsVisible = 0;
			defaultConfigurationName = Release;
		};
/* End XCConfigurationList section */
	};
	rootObject = 20286C28FDCF999611CA2CEA /* Project object */;
}
