// !$*UTF8*$!
{
	archiveVersion = 1;
	classes = {
	};
	objectVersion = 42;
	objects = {

/* Begin PBXBuildFile section */
		8D0C4E900486CD37000505A6 /* main.cpp in Sources */ = {isa = PBXBuildFile; fileRef = 20286C2BFDCF999611CA2CEA /* main.cpp */; settings = {ATTRIBUTES = (); }; };
		8D0C4E920486CD37000505A6 /* Carbon.framework in Frameworks */ = {isa = PBXBuildFile; fileRef = 20286C33FDCF999611CA2CEA /* Carbon.framework */; };
		D07368FD0C2033C6005C3908 /* GLUT.framework in Frameworks */ = {isa = PBXBuildFile; fileRef = D07368FC0C2033C6005C3908 /* GLUT.framework */; };
		D0E4468A0C280FC2008246ED /* indexbuffer.cpp in Sources */ = {isa = PBXBuildFile; fileRef = D0E446890C280FC2008246ED /* indexbuffer.cpp */; };
		D0E446BF0C281087008246ED /* indexbuffer_ogl.cpp in Sources */ = {isa = PBXBuildFile; fileRef = D0E446BE0C281087008246ED /* indexbuffer_ogl.cpp */; };
		D0E447F70C28175E008246ED /* renderer_types.cpp in Sources */ = {isa = PBXBuildFile; fileRef = D0E447F60C28175E008246ED /* renderer_types.cpp */; };
		D0E4482F0C281880008246ED /* types_converter_ogl.cpp in Sources */ = {isa = PBXBuildFile; fileRef = D0E4482E0C281880008246ED /* types_converter_ogl.cpp */; };
		D0E448570C281924008246ED /* types.cpp in Sources */ = {isa = PBXBuildFile; fileRef = D0E448560C281924008246ED /* types.cpp */; };
		D0E44A750C28238E008246ED /* renderer_caps.cpp in Sources */ = {isa = PBXBuildFile; fileRef = D0E44A740C28238E008246ED /* renderer_caps.cpp */; };
		D0F0282F0C1747980020EE3F /* AGL.framework in Frameworks */ = {isa = PBXBuildFile; fileRef = D0F0282D0C1747980020EE3F /* AGL.framework */; };
		D0F028300C1747980020EE3F /* OpenGL.framework in Frameworks */ = {isa = PBXBuildFile; fileRef = D0F0282E0C1747980020EE3F /* OpenGL.framework */; };
		D0F029760C174F870020EE3F /* rectangle.cpp in Sources */ = {isa = PBXBuildFile; fileRef = D0F029750C174F870020EE3F /* rectangle.cpp */; };
		D0F0297F0C1750E40020EE3F /* vector2.cpp in Sources */ = {isa = PBXBuildFile; fileRef = D0F0297E0C1750E40020EE3F /* vector2.cpp */; };
		D0F02B040C1758940020EE3F /* vector3.cpp in Sources */ = {isa = PBXBuildFile; fileRef = D0F02B030C1758940020EE3F /* vector3.cpp */; };
		D0F02B090C1758AB0020EE3F /* matrix3x3.cpp in Sources */ = {isa = PBXBuildFile; fileRef = D0F02B080C1758AB0020EE3F /* matrix3x3.cpp */; };
		D0F02B870C175ABC0020EE3F /* matrix4x4.cpp in Sources */ = {isa = PBXBuildFile; fileRef = D0F02B860C175ABC0020EE3F /* matrix4x4.cpp */; };
		D0F02B940C175B2B0020EE3F /* error.cpp in Sources */ = {isa = PBXBuildFile; fileRef = D0F02B930C175B2B0020EE3F /* error.cpp */; };
		D0F0BBB80C1F2B0D0086CF0F /* color.cpp in Sources */ = {isa = PBXBuildFile; fileRef = D0F0BBB70C1F2B0D0086CF0F /* color.cpp */; };
		D0F0BC510C1F30B10086CF0F /* renderer.cpp in Sources */ = {isa = PBXBuildFile; fileRef = D0F0BC500C1F30B10086CF0F /* renderer.cpp */; };
		D0F0BC550C1F30D80086CF0F /* renderer_ogl.cpp in Sources */ = {isa = PBXBuildFile; fileRef = D0F0BC540C1F30D80086CF0F /* renderer_ogl.cpp */; };
		D0F0C0690C2026710086CF0F /* vertexbuffer.cpp in Sources */ = {isa = PBXBuildFile; fileRef = D0F0C0680C2026710086CF0F /* vertexbuffer.cpp */; };
		D0F0C0B20C2027DA0086CF0F /* vertexstructure.cpp in Sources */ = {isa = PBXBuildFile; fileRef = D0F0C0B10C2027DA0086CF0F /* vertexstructure.cpp */; };
		D0F0C0BB0C2028530086CF0F /* vertexbuffer_ogl.cpp in Sources */ = {isa = PBXBuildFile; fileRef = D0F0C0BA0C2028530086CF0F /* vertexbuffer_ogl.cpp */; };
		D0F5D2F00C295764000D4F0B /* image.cpp in Sources */ = {isa = PBXBuildFile; fileRef = D0F5D2EF0C295764000D4F0B /* image.cpp */; };
		D0F5D2F30C29576E000D4F0B /* canvas.cpp in Sources */ = {isa = PBXBuildFile; fileRef = D0F5D2F20C29576E000D4F0B /* canvas.cpp */; };
		D0F5D7B10C299482000D4F0B /* texture.cpp in Sources */ = {isa = PBXBuildFile; fileRef = D0F5D7B00C299482000D4F0B /* texture.cpp */; };
		D0F5D7E00C29957A000D4F0B /* texture_ogl.cpp in Sources */ = {isa = PBXBuildFile; fileRef = D0F5D7DF0C29957A000D4F0B /* texture_ogl.cpp */; };
/* End PBXBuildFile section */

/* Begin PBXFileReference section */
		20286C2BFDCF999611CA2CEA /* main.cpp */ = {isa = PBXFileReference; fileEncoding = 5; lastKnownFileType = sourcecode.cpp.cpp; name = main.cpp; path = Test/main.cpp; sourceTree = "<group>"; };
		20286C33FDCF999611CA2CEA /* Carbon.framework */ = {isa = PBXFileReference; lastKnownFileType = wrapper.framework; name = Carbon.framework; path = /System/Library/Frameworks/Carbon.framework; sourceTree = "<absolute>"; };
		4A9504C8FFE6A3BC11CA0CBA /* ApplicationServices.framework */ = {isa = PBXFileReference; lastKnownFileType = wrapper.framework; name = ApplicationServices.framework; path = /System/Library/Frameworks/ApplicationServices.framework; sourceTree = "<absolute>"; };
		4A9504CAFFE6A41611CA0CBA /* CoreServices.framework */ = {isa = PBXFileReference; lastKnownFileType = wrapper.framework; name = CoreServices.framework; path = /System/Library/Frameworks/CoreServices.framework; sourceTree = "<absolute>"; };
		5048396D09E3307300765E4B /* tgenProj.xcconfig */ = {isa = PBXFileReference; fileEncoding = 30; lastKnownFileType = text.xcconfig; path = tgenProj.xcconfig; sourceTree = "<group>"; };
		5048396E09E3307300765E4B /* tgenTarget.xcconfig */ = {isa = PBXFileReference; fileEncoding = 30; lastKnownFileType = text.xcconfig; path = tgenTarget.xcconfig; sourceTree = "<group>"; };
		508344B209E5C41E0093A071 /* tgen Debug.app */ = {isa = PBXFileReference; explicitFileType = wrapper.application; includeInIndex = 0; path = "tgen Debug.app"; sourceTree = BUILT_PRODUCTS_DIR; };
		D07368FC0C2033C6005C3908 /* GLUT.framework */ = {isa = PBXFileReference; lastKnownFileType = wrapper.framework; name = GLUT.framework; path = /System/Library/Frameworks/GLUT.framework; sourceTree = "<absolute>"; };
		D0E446880C280FC2008246ED /* indexbuffer.h */ = {isa = PBXFileReference; fileEncoding = 4; lastKnownFileType = sourcecode.c.h; path = indexbuffer.h; sourceTree = "<group>"; };
		D0E446890C280FC2008246ED /* indexbuffer.cpp */ = {isa = PBXFileReference; fileEncoding = 4; lastKnownFileType = sourcecode.cpp.cpp; path = indexbuffer.cpp; sourceTree = "<group>"; };
		D0E446BD0C281087008246ED /* indexbuffer_ogl.h */ = {isa = PBXFileReference; fileEncoding = 4; lastKnownFileType = sourcecode.c.h; path = indexbuffer_ogl.h; sourceTree = "<group>"; };
		D0E446BE0C281087008246ED /* indexbuffer_ogl.cpp */ = {isa = PBXFileReference; fileEncoding = 4; lastKnownFileType = sourcecode.cpp.cpp; path = indexbuffer_ogl.cpp; sourceTree = "<group>"; };
		D0E447BE0C281607008246ED /* renderer_types.h */ = {isa = PBXFileReference; fileEncoding = 4; lastKnownFileType = sourcecode.c.h; path = renderer_types.h; sourceTree = "<group>"; };
		D0E447F60C28175E008246ED /* renderer_types.cpp */ = {isa = PBXFileReference; fileEncoding = 4; lastKnownFileType = sourcecode.cpp.cpp; path = renderer_types.cpp; sourceTree = "<group>"; };
		D0E4482D0C281880008246ED /* types_converter_ogl.h */ = {isa = PBXFileReference; fileEncoding = 4; lastKnownFileType = sourcecode.c.h; path = types_converter_ogl.h; sourceTree = "<group>"; };
		D0E4482E0C281880008246ED /* types_converter_ogl.cpp */ = {isa = PBXFileReference; fileEncoding = 4; lastKnownFileType = sourcecode.cpp.cpp; path = types_converter_ogl.cpp; sourceTree = "<group>"; };
		D0E448560C281924008246ED /* types.cpp */ = {isa = PBXFileReference; fileEncoding = 4; lastKnownFileType = sourcecode.cpp.cpp; path = types.cpp; sourceTree = "<group>"; };
		D0E4486E0C281965008246ED /* prefix_ogl.h */ = {isa = PBXFileReference; fileEncoding = 4; lastKnownFileType = sourcecode.c.h; path = prefix_ogl.h; sourceTree = "<group>"; };
		D0E44A730C28238E008246ED /* renderer_caps.h */ = {isa = PBXFileReference; fileEncoding = 4; lastKnownFileType = sourcecode.c.h; path = renderer_caps.h; sourceTree = "<group>"; };
		D0E44A740C28238E008246ED /* renderer_caps.cpp */ = {isa = PBXFileReference; fileEncoding = 4; lastKnownFileType = sourcecode.cpp.cpp; path = renderer_caps.cpp; sourceTree = "<group>"; };
		D0F0282D0C1747980020EE3F /* AGL.framework */ = {isa = PBXFileReference; lastKnownFileType = wrapper.framework; name = AGL.framework; path = /System/Library/Frameworks/AGL.framework; sourceTree = "<absolute>"; };
		D0F0282E0C1747980020EE3F /* OpenGL.framework */ = {isa = PBXFileReference; lastKnownFileType = wrapper.framework; name = OpenGL.framework; path = /System/Library/Frameworks/OpenGL.framework; sourceTree = "<absolute>"; };
		D0F029740C174F870020EE3F /* rectangle.h */ = {isa = PBXFileReference; fileEncoding = 4; lastKnownFileType = sourcecode.c.h; path = rectangle.h; sourceTree = "<group>"; };
		D0F029750C174F870020EE3F /* rectangle.cpp */ = {isa = PBXFileReference; fileEncoding = 4; lastKnownFileType = sourcecode.cpp.cpp; path = rectangle.cpp; sourceTree = "<group>"; };
		D0F0297D0C1750E40020EE3F /* vector2.h */ = {isa = PBXFileReference; fileEncoding = 4; lastKnownFileType = sourcecode.c.h; path = vector2.h; sourceTree = "<group>"; };
		D0F0297E0C1750E40020EE3F /* vector2.cpp */ = {isa = PBXFileReference; fileEncoding = 4; lastKnownFileType = sourcecode.cpp.cpp; path = vector2.cpp; sourceTree = "<group>"; };
		D0F029960C1752030020EE3F /* tgen.h */ = {isa = PBXFileReference; fileEncoding = 4; lastKnownFileType = sourcecode.c.h; path = tgen.h; sourceTree = "<group>"; };
		D0F02A8F0C1756280020EE3F /* platform.h */ = {isa = PBXFileReference; fileEncoding = 4; lastKnownFileType = sourcecode.c.h; path = platform.h; sourceTree = "<group>"; };
		D0F02A900C17562E0020EE3F /* types.h */ = {isa = PBXFileReference; fileEncoding = 4; lastKnownFileType = sourcecode.c.h; path = types.h; sourceTree = "<group>"; };
		D0F02B020C1758940020EE3F /* vector3.h */ = {isa = PBXFileReference; fileEncoding = 4; lastKnownFileType = sourcecode.c.h; path = vector3.h; sourceTree = "<group>"; };
		D0F02B030C1758940020EE3F /* vector3.cpp */ = {isa = PBXFileReference; fileEncoding = 4; lastKnownFileType = sourcecode.cpp.cpp; path = vector3.cpp; sourceTree = "<group>"; };
		D0F02B070C1758AB0020EE3F /* matrix3x3.h */ = {isa = PBXFileReference; fileEncoding = 4; lastKnownFileType = sourcecode.c.h; path = matrix3x3.h; sourceTree = "<group>"; };
		D0F02B080C1758AB0020EE3F /* matrix3x3.cpp */ = {isa = PBXFileReference; fileEncoding = 4; lastKnownFileType = sourcecode.cpp.cpp; path = matrix3x3.cpp; sourceTree = "<group>"; };
		D0F02B850C175ABC0020EE3F /* matrix4x4.h */ = {isa = PBXFileReference; fileEncoding = 4; lastKnownFileType = sourcecode.c.h; path = matrix4x4.h; sourceTree = "<group>"; };
		D0F02B860C175ABC0020EE3F /* matrix4x4.cpp */ = {isa = PBXFileReference; fileEncoding = 4; lastKnownFileType = sourcecode.cpp.cpp; path = matrix4x4.cpp; sourceTree = "<group>"; };
		D0F02B920C175B2B0020EE3F /* error.h */ = {isa = PBXFileReference; fileEncoding = 4; lastKnownFileType = sourcecode.c.h; path = error.h; sourceTree = "<group>"; };
		D0F02B930C175B2B0020EE3F /* error.cpp */ = {isa = PBXFileReference; fileEncoding = 4; lastKnownFileType = sourcecode.cpp.cpp; path = error.cpp; sourceTree = "<group>"; };
		D0F0BBB60C1F2B0D0086CF0F /* color.h */ = {isa = PBXFileReference; fileEncoding = 4; lastKnownFileType = sourcecode.c.h; path = color.h; sourceTree = "<group>"; };
		D0F0BBB70C1F2B0D0086CF0F /* color.cpp */ = {isa = PBXFileReference; fileEncoding = 4; lastKnownFileType = sourcecode.cpp.cpp; path = color.cpp; sourceTree = "<group>"; };
		D0F0BC4F0C1F30B10086CF0F /* renderer.h */ = {isa = PBXFileReference; fileEncoding = 4; lastKnownFileType = sourcecode.c.h; path = renderer.h; sourceTree = "<group>"; };
		D0F0BC500C1F30B10086CF0F /* renderer.cpp */ = {isa = PBXFileReference; fileEncoding = 4; lastKnownFileType = sourcecode.cpp.cpp; path = renderer.cpp; sourceTree = "<group>"; };
		D0F0BC530C1F30D80086CF0F /* renderer_ogl.h */ = {isa = PBXFileReference; fileEncoding = 4; lastKnownFileType = sourcecode.c.h; path = renderer_ogl.h; sourceTree = "<group>"; };
		D0F0BC540C1F30D80086CF0F /* renderer_ogl.cpp */ = {isa = PBXFileReference; fileEncoding = 4; lastKnownFileType = sourcecode.cpp.cpp; path = renderer_ogl.cpp; sourceTree = "<group>"; };
		D0F0BC580C1F30FC0086CF0F /* opengl.h */ = {isa = PBXFileReference; fileEncoding = 4; lastKnownFileType = sourcecode.c.h; path = opengl.h; sourceTree = "<group>"; };
		D0F0C0670C2026710086CF0F /* vertexbuffer.h */ = {isa = PBXFileReference; fileEncoding = 4; lastKnownFileType = sourcecode.c.h; path = vertexbuffer.h; sourceTree = "<group>"; };
		D0F0C0680C2026710086CF0F /* vertexbuffer.cpp */ = {isa = PBXFileReference; fileEncoding = 4; lastKnownFileType = sourcecode.cpp.cpp; path = vertexbuffer.cpp; sourceTree = "<group>"; };
		D0F0C0B00C2027DA0086CF0F /* vertexstructure.h */ = {isa = PBXFileReference; fileEncoding = 4; lastKnownFileType = sourcecode.c.h; path = vertexstructure.h; sourceTree = "<group>"; };
		D0F0C0B10C2027DA0086CF0F /* vertexstructure.cpp */ = {isa = PBXFileReference; fileEncoding = 4; lastKnownFileType = sourcecode.cpp.cpp; path = vertexstructure.cpp; sourceTree = "<group>"; };
		D0F0C0B90C2028530086CF0F /* vertexbuffer_ogl.h */ = {isa = PBXFileReference; fileEncoding = 4; lastKnownFileType = sourcecode.c.h; path = vertexbuffer_ogl.h; sourceTree = "<group>"; };
		D0F0C0BA0C2028530086CF0F /* vertexbuffer_ogl.cpp */ = {isa = PBXFileReference; fileEncoding = 4; lastKnownFileType = sourcecode.cpp.cpp; path = vertexbuffer_ogl.cpp; sourceTree = "<group>"; };
		D0F5D2EE0C295764000D4F0B /* image.h */ = {isa = PBXFileReference; fileEncoding = 4; lastKnownFileType = sourcecode.c.h; path = image.h; sourceTree = "<group>"; };
		D0F5D2EF0C295764000D4F0B /* image.cpp */ = {isa = PBXFileReference; fileEncoding = 4; lastKnownFileType = sourcecode.cpp.cpp; path = image.cpp; sourceTree = "<group>"; };
		D0F5D2F10C29576E000D4F0B /* canvas.h */ = {isa = PBXFileReference; fileEncoding = 4; lastKnownFileType = sourcecode.c.h; path = canvas.h; sourceTree = "<group>"; };
		D0F5D2F20C29576E000D4F0B /* canvas.cpp */ = {isa = PBXFileReference; fileEncoding = 4; lastKnownFileType = sourcecode.cpp.cpp; path = canvas.cpp; sourceTree = "<group>"; };
		D0F5D7AF0C299482000D4F0B /* texture.h */ = {isa = PBXFileReference; fileEncoding = 4; lastKnownFileType = sourcecode.c.h; path = texture.h; sourceTree = "<group>"; };
		D0F5D7B00C299482000D4F0B /* texture.cpp */ = {isa = PBXFileReference; fileEncoding = 4; lastKnownFileType = sourcecode.cpp.cpp; path = texture.cpp; sourceTree = "<group>"; };
		D0F5D7DE0C29957A000D4F0B /* texture_ogl.h */ = {isa = PBXFileReference; fileEncoding = 4; lastKnownFileType = sourcecode.c.h; path = texture_ogl.h; sourceTree = "<group>"; };
		D0F5D7DF0C29957A000D4F0B /* texture_ogl.cpp */ = {isa = PBXFileReference; fileEncoding = 4; lastKnownFileType = sourcecode.cpp.cpp; path = texture_ogl.cpp; sourceTree = "<group>"; };
/* End PBXFileReference section */

/* Begin PBXFrameworksBuildPhase section */
		8D0C4E910486CD37000505A6 /* Frameworks */ = {
			isa = PBXFrameworksBuildPhase;
			buildActionMask = 2147483647;
			files = (
				8D0C4E920486CD37000505A6 /* Carbon.framework in Frameworks */,
				D0F0282F0C1747980020EE3F /* AGL.framework in Frameworks */,
				D0F028300C1747980020EE3F /* OpenGL.framework in Frameworks */,
				D07368FD0C2033C6005C3908 /* GLUT.framework in Frameworks */,
			);
			runOnlyForDeploymentPostprocessing = 0;
		};
/* End PBXFrameworksBuildPhase section */

/* Begin PBXGroup section */
		195DF8CFFE9D517E11CA2CBB /* Products */ = {
			isa = PBXGroup;
			children = (
				508344B209E5C41E0093A071 /* tgen Debug.app */,
			);
			name = Products;
			sourceTree = "<group>";
		};
		20286C29FDCF999611CA2CEA /* tgen */ = {
			isa = PBXGroup;
			children = (
				5048396909E3304600765E4B /* Configuration Files */,
				20286C2AFDCF999611CA2CEA /* Source */,
				20286C2CFDCF999611CA2CEA /* Resources */,
				20286C32FDCF999611CA2CEA /* External Frameworks and Libraries */,
				195DF8CFFE9D517E11CA2CBB /* Products */,
			);
			name = tgen;
			sourceTree = "<group>";
		};
		20286C2AFDCF999611CA2CEA /* Source */ = {
			isa = PBXGroup;
			children = (
				D0F02A950C1756510020EE3F /* Test */,
				D0F02AFA0C17583B0020EE3F /* Math */,
				D0F0299B0C17523E0020EE3F /* Geometry */,
				D0F0BBB50C1F2B030086CF0F /* Graphics */,
				D0F0BC4E0C1F309F0086CF0F /* Renderer */,
				D0F029960C1752030020EE3F /* tgen.h */,
				D0F02A8F0C1756280020EE3F /* platform.h */,
				D0E448560C281924008246ED /* types.cpp */,
				D0F02A900C17562E0020EE3F /* types.h */,
				D0F02B930C175B2B0020EE3F /* error.cpp */,
				D0F02B920C175B2B0020EE3F /* error.h */,
			);
			name = Source;
			path = ../../Source;
			sourceTree = "<group>";
		};
		20286C2CFDCF999611CA2CEA /* Resources */ = {
			isa = PBXGroup;
			children = (
			);
			name = Resources;
			sourceTree = "<group>";
		};
		20286C32FDCF999611CA2CEA /* External Frameworks and Libraries */ = {
			isa = PBXGroup;
			children = (
				D07368FC0C2033C6005C3908 /* GLUT.framework */,
				D0F0282D0C1747980020EE3F /* AGL.framework */,
				D0F0282E0C1747980020EE3F /* OpenGL.framework */,
				20286C33FDCF999611CA2CEA /* Carbon.framework */,
				4A9504CAFFE6A41611CA0CBA /* CoreServices.framework */,
				4A9504C8FFE6A3BC11CA0CBA /* ApplicationServices.framework */,
			);
			name = "External Frameworks and Libraries";
			sourceTree = "<group>";
		};
		5048396909E3304600765E4B /* Configuration Files */ = {
			isa = PBXGroup;
			children = (
				5048396D09E3307300765E4B /* tgenProj.xcconfig */,
				5048396E09E3307300765E4B /* tgenTarget.xcconfig */,
			);
			name = "Configuration Files";
			sourceTree = "<group>";
		};
		D0F0299B0C17523E0020EE3F /* Geometry */ = {
			isa = PBXGroup;
			children = (
				D0F029750C174F870020EE3F /* rectangle.cpp */,
				D0F029740C174F870020EE3F /* rectangle.h */,
			);
			name = Geometry;
			sourceTree = "<group>";
		};
		D0F02A950C1756510020EE3F /* Test */ = {
			isa = PBXGroup;
			children = (
				20286C2BFDCF999611CA2CEA /* main.cpp */,
			);
			name = Test;
			sourceTree = "<group>";
		};
		D0F02AFA0C17583B0020EE3F /* Math */ = {
			isa = PBXGroup;
			children = (
				D0F0297E0C1750E40020EE3F /* vector2.cpp */,
				D0F0297D0C1750E40020EE3F /* vector2.h */,
				D0F02B030C1758940020EE3F /* vector3.cpp */,
				D0F02B020C1758940020EE3F /* vector3.h */,
				D0F02B080C1758AB0020EE3F /* matrix3x3.cpp */,
				D0F02B070C1758AB0020EE3F /* matrix3x3.h */,
				D0F02B860C175ABC0020EE3F /* matrix4x4.cpp */,
				D0F02B850C175ABC0020EE3F /* matrix4x4.h */,
			);
			name = Math;
			sourceTree = "<group>";
		};
		D0F0BBB50C1F2B030086CF0F /* Graphics */ = {
			isa = PBXGroup;
			children = (
				D0F0BBB70C1F2B0D0086CF0F /* color.cpp */,
				D0F0BBB60C1F2B0D0086CF0F /* color.h */,
				D0F5D2EF0C295764000D4F0B /* image.cpp */,
				D0F5D2EE0C295764000D4F0B /* image.h */,
				D0F5D2F20C29576E000D4F0B /* canvas.cpp */,
				D0F5D2F10C29576E000D4F0B /* canvas.h */,
			);
			name = Graphics;
			sourceTree = "<group>";
		};
		D0F0BC4E0C1F309F0086CF0F /* Renderer */ = {
			isa = PBXGroup;
			children = (
				D0F0BC520C1F30C90086CF0F /* OpenGL */,
				D0F0BC500C1F30B10086CF0F /* renderer.cpp */,
				D0F0BC4F0C1F30B10086CF0F /* renderer.h */,
				D0E447F60C28175E008246ED /* renderer_types.cpp */,
				D0E447BE0C281607008246ED /* renderer_types.h */,
				D0E44A740C28238E008246ED /* renderer_caps.cpp */,
				D0E44A730C28238E008246ED /* renderer_caps.h */,
				D0F0C0680C2026710086CF0F /* vertexbuffer.cpp */,
				D0F0C0670C2026710086CF0F /* vertexbuffer.h */,
				D0E446890C280FC2008246ED /* indexbuffer.cpp */,
				D0E446880C280FC2008246ED /* indexbuffer.h */,
				D0F5D7B00C299482000D4F0B /* texture.cpp */,
				D0F5D7AF0C299482000D4F0B /* texture.h */,
				D0F0C0B10C2027DA0086CF0F /* vertexstructure.cpp */,
				D0F0C0B00C2027DA0086CF0F /* vertexstructure.h */,
			);
			name = Renderer;
			sourceTree = "<group>";
		};
		D0F0BC520C1F30C90086CF0F /* OpenGL */ = {
			isa = PBXGroup;
			children = (
				D0F0BC580C1F30FC0086CF0F /* opengl.h */,
				D0E4486E0C281965008246ED /* prefix_ogl.h */,
				D0F0BC540C1F30D80086CF0F /* renderer_ogl.cpp */,
				D0F0BC530C1F30D80086CF0F /* renderer_ogl.h */,
				D0E4482E0C281880008246ED /* types_converter_ogl.cpp */,
				D0E4482D0C281880008246ED /* types_converter_ogl.h */,
				D0F0C0BA0C2028530086CF0F /* vertexbuffer_ogl.cpp */,
				D0F0C0B90C2028530086CF0F /* vertexbuffer_ogl.h */,
				D0E446BE0C281087008246ED /* indexbuffer_ogl.cpp */,
				D0E446BD0C281087008246ED /* indexbuffer_ogl.h */,
				D0F5D7DF0C29957A000D4F0B /* texture_ogl.cpp */,
				D0F5D7DE0C29957A000D4F0B /* texture_ogl.h */,
			);
			name = OpenGL;
			sourceTree = "<group>";
		};
/* End PBXGroup section */

/* Begin PBXNativeTarget section */
		8D0C4E890486CD37000505A6 /* tgen */ = {
			isa = PBXNativeTarget;
			buildConfigurationList = C0E91AC508A95435008D54AB /* Build configuration list for PBXNativeTarget "tgen" */;
			buildPhases = (
				8D0C4E8C0486CD37000505A6 /* Resources */,
				8D0C4E8F0486CD37000505A6 /* Sources */,
				8D0C4E910486CD37000505A6 /* Frameworks */,
			);
			buildRules = (
			);
			dependencies = (
			);
			name = tgen;
			productInstallPath = "$(HOME)/Applications";
			productName = tgen;
			productReference = 508344B209E5C41E0093A071 /* tgen Debug.app */;
			productType = "com.apple.product-type.application";
		};
/* End PBXNativeTarget section */

/* Begin PBXProject section */
		20286C28FDCF999611CA2CEA /* Project object */ = {
			isa = PBXProject;
			buildConfigurationList = C0E91AC908A95435008D54AB /* Build configuration list for PBXProject "tgen" */;
			hasScannedForEncodings = 1;
			mainGroup = 20286C29FDCF999611CA2CEA /* tgen */;
			projectDirPath = "";
			targets = (
				8D0C4E890486CD37000505A6 /* tgen */,
			);
		};
/* End PBXProject section */

/* Begin PBXResourcesBuildPhase section */
		8D0C4E8C0486CD37000505A6 /* Resources */ = {
			isa = PBXResourcesBuildPhase;
			buildActionMask = 2147483647;
			files = (
			);
			runOnlyForDeploymentPostprocessing = 0;
		};
/* End PBXResourcesBuildPhase section */

/* Begin PBXSourcesBuildPhase section */
		8D0C4E8F0486CD37000505A6 /* Sources */ = {
			isa = PBXSourcesBuildPhase;
			buildActionMask = 2147483647;
			files = (
				8D0C4E900486CD37000505A6 /* main.cpp in Sources */,
				D0F029760C174F870020EE3F /* rectangle.cpp in Sources */,
				D0F0297F0C1750E40020EE3F /* vector2.cpp in Sources */,
				D0F02B040C1758940020EE3F /* vector3.cpp in Sources */,
				D0F02B090C1758AB0020EE3F /* matrix3x3.cpp in Sources */,
				D0F02B870C175ABC0020EE3F /* matrix4x4.cpp in Sources */,
				D0F02B940C175B2B0020EE3F /* error.cpp in Sources */,
				D0F0BBB80C1F2B0D0086CF0F /* color.cpp in Sources */,
				D0F0BC510C1F30B10086CF0F /* renderer.cpp in Sources */,
				D0F0BC550C1F30D80086CF0F /* renderer_ogl.cpp in Sources */,
				D0F0C0690C2026710086CF0F /* vertexbuffer.cpp in Sources */,
				D0F0C0B20C2027DA0086CF0F /* vertexstructure.cpp in Sources */,
				D0F0C0BB0C2028530086CF0F /* vertexbuffer_ogl.cpp in Sources */,
				D0E4468A0C280FC2008246ED /* indexbuffer.cpp in Sources */,
				D0E446BF0C281087008246ED /* indexbuffer_ogl.cpp in Sources */,
				D0E447F70C28175E008246ED /* renderer_types.cpp in Sources */,
				D0E4482F0C281880008246ED /* types_converter_ogl.cpp in Sources */,
				D0E448570C281924008246ED /* types.cpp in Sources */,
				D0E44A750C28238E008246ED /* renderer_caps.cpp in Sources */,
				D0F5D2F00C295764000D4F0B /* image.cpp in Sources */,
				D0F5D2F30C29576E000D4F0B /* canvas.cpp in Sources */,
				D0F5D7B10C299482000D4F0B /* texture.cpp in Sources */,
				D0F5D7E00C29957A000D4F0B /* texture_ogl.cpp in Sources */,
			);
			runOnlyForDeploymentPostprocessing = 0;
		};
/* End PBXSourcesBuildPhase section */

/* Begin XCBuildConfiguration section */
		C0E91AC608A95435008D54AB /* Debug */ = {
			isa = XCBuildConfiguration;
			baseConfigurationReference = 5048396E09E3307300765E4B /* tgenTarget.xcconfig */;
			buildSettings = {
				COPY_PHASE_STRIP = NO;
				GCC_PREFIX_HEADER = "";
				INFOPLIST_FILE = "";
				LIBRARY_SEARCH_PATHS = (
					"$(inherited)",
					"$(LIBRARY_SEARCH_PATHS_QUOTED_1)",
				);
				LIBRARY_SEARCH_PATHS_QUOTED_1 = "\"$(SRCROOT)\"";
				USER_HEADER_SEARCH_PATHS = /usr/local/include/;
			};
			name = Debug;
		};
		C0E91AC708A95435008D54AB /* Release */ = {
			isa = XCBuildConfiguration;
			baseConfigurationReference = 5048396E09E3307300765E4B /* tgenTarget.xcconfig */;
			buildSettings = {
				DEAD_CODE_STRIPPING = YES;
				GCC_PREFIX_HEADER = "";
				INFOPLIST_FILE = "";
				INSTALL_PATH = "$(HOME)/Applications";
				LIBRARY_SEARCH_PATHS = (
					"$(inherited)",
					"$(LIBRARY_SEARCH_PATHS_QUOTED_1)",
				);
				LIBRARY_SEARCH_PATHS_QUOTED_1 = "\"$(SRCROOT)\"";
				PRESERVE_DEAD_CODE_INITS_AND_TERMS = YES;
				USER_HEADER_SEARCH_PATHS = /usr/local/include/;
			};
			name = Release;
		};
		C0E91ACA08A95435008D54AB /* Debug */ = {
			isa = XCBuildConfiguration;
			baseConfigurationReference = 5048396D09E3307300765E4B /* tgenProj.xcconfig */;
			buildSettings = {
				DEBUG_INFORMATION_FORMAT = dwarf;
				GCC_ENABLE_FIX_AND_CONTINUE = YES;
				GCC_OPTIMIZATION_LEVEL = 0;
				ZERO_LINK = YES;
			};
			name = Debug;
		};
		C0E91ACB08A95435008D54AB /* Release */ = {
			isa = XCBuildConfiguration;
			baseConfigurationReference = 5048396D09E3307300765E4B /* tgenProj.xcconfig */;
			buildSettings = {
				ARCHS = (
					ppc,
					i386,
				);
				DEBUG_INFORMATION_FORMAT = "dwarf-with-dsym";
				SEPARATE_STRIP = YES;
			};
			name = Release;
		};
/* End XCBuildConfiguration section */

/* Begin XCConfigurationList section */
		C0E91AC508A95435008D54AB /* Build configuration list for PBXNativeTarget "tgen" */ = {
			isa = XCConfigurationList;
			buildConfigurations = (
				C0E91AC608A95435008D54AB /* Debug */,
				C0E91AC708A95435008D54AB /* Release */,
			);
			defaultConfigurationIsVisible = 0;
			defaultConfigurationName = Release;
		};
		C0E91AC908A95435008D54AB /* Build configuration list for PBXProject "tgen" */ = {
			isa = XCConfigurationList;
			buildConfigurations = (
				C0E91ACA08A95435008D54AB /* Debug */,
				C0E91ACB08A95435008D54AB /* Release */,
			);
			defaultConfigurationIsVisible = 0;
			defaultConfigurationName = Release;
		};
/* End XCConfigurationList section */
	};
	rootObject = 20286C28FDCF999611CA2CEA /* Project object */;
}
